PODS:
  - InflectorKit (0.0.1)
  - Meteor (0.1.0):
    - InflectorKit
    - PocketSocket
    - SimpleKeychain
  - OCMock (3.1.2)
  - PocketSocket (0.6.4)
  - SimpleKeychain (0.2.2)

DEPENDENCIES:
  - Meteor (from `.`)
  - OCMock

EXTERNAL SOURCES:
  Meteor:
    :path: .

SPEC CHECKSUMS:
  InflectorKit: bb1f5c9feb01d17450b8bcdeb7ab1ef1832b2247
  Meteor: 97e2c2e8d6cb714539e1be0316c29a776c53c9e9
  OCMock: ecdd510b73ef397f2f97274785c1e87fd147c49f
  PocketSocket: 8c18f973e57fd3042d032626654658df0fa2f126
  SimpleKeychain: 05c1ff0ef0c553833d13851fbcf701a55f0f12a3

COCOAPODS: 0.36.0.beta.1
