// !$*UTF8*$!
{
	archiveVersion = 1;
	classes = {
	};
	objectVersion = 46;
	objects = {

/* Begin PBXBuildFile section */
		9F3738BF1BA45D9F00E1FE15 /* CoreData.framework in Frameworks */ = {isa = PBXBuildFile; fileRef = 9F3738BE1BA45D9F00E1FE15 /* CoreData.framework */; };
		9F3738C01BA45DA900E1FE15 /* CoreData.framework in Frameworks */ = {isa = PBXBuildFile; fileRef = 9F3738BE1BA45D9F00E1FE15 /* CoreData.framework */; settings = {ASSET_TAGS = (); }; };
		9F3738E51BA4711100E1FE15 /* A0SimpleKeychain+KeyPair.m in Sources */ = {isa = PBXBuildFile; fileRef = 9F3738DF1BA4711100E1FE15 /* A0SimpleKeychain+KeyPair.m */; settings = {ASSET_TAGS = (); }; };
		9F3738E71BA4711100E1FE15 /* A0SimpleKeychain.m in Sources */ = {isa = PBXBuildFile; fileRef = 9F3738E11BA4711100E1FE15 /* A0SimpleKeychain.m */; settings = {ASSET_TAGS = (); }; };
		9F3738F01BA4712E00E1FE15 /* NSString+InflectorKit.m in Sources */ = {isa = PBXBuildFile; fileRef = 9F3738EC1BA4712E00E1FE15 /* NSString+InflectorKit.m */; settings = {ASSET_TAGS = (); }; };
		9F3738F21BA4712E00E1FE15 /* TTTStringInflector.m in Sources */ = {isa = PBXBuildFile; fileRef = 9F3738EE1BA4712E00E1FE15 /* TTTStringInflector.m */; settings = {ASSET_TAGS = (); }; };
		9F3738F31BA4724800E1FE15 /* libPocketSocket.a in Frameworks */ = {isa = PBXBuildFile; fileRef = 9F3738C81BA470CD00E1FE15 /* libPocketSocket.a */; };
		9F3738F51BA4726600E1FE15 /* libz.tbd in Frameworks */ = {isa = PBXBuildFile; fileRef = 9F3738F41BA4726600E1FE15 /* libz.tbd */; };
		9F37390F1BA473E600E1FE15 /* OCMock.framework in Frameworks */ = {isa = PBXBuildFile; fileRef = 9F37390E1BA473E600E1FE15 /* OCMock.framework */; };
		9F3739131BA4775000E1FE15 /* Model.xcdatamodeld in Sources */ = {isa = PBXBuildFile; fileRef = 9F3739111BA4775000E1FE15 /* Model.xcdatamodeld */; settings = {ASSET_TAGS = (); }; };
		9F3739361BA47AC300E1FE15 /* Meteor.framework in Frameworks */ = {isa = PBXBuildFile; fileRef = 9F896A2C1BA428D400C9BBA0 /* Meteor.framework */; settings = {ASSET_TAGS = (); }; };
		9F37394C1BA47B2D00E1FE15 /* METAccountsTests.m in Sources */ = {isa = PBXBuildFile; fileRef = 9F3739451BA47B2D00E1FE15 /* METAccountsTests.m */; settings = {ASSET_TAGS = (); }; };
		9F37394D1BA47B2D00E1FE15 /* METCallingMutationMethodsTests.m in Sources */ = {isa = PBXBuildFile; fileRef = 9F3739461BA47B2D00E1FE15 /* METCallingMutationMethodsTests.m */; settings = {ASSET_TAGS = (); }; };
		9F37394E1BA47B2D00E1FE15 /* METDocumentIDGenerationTests.m in Sources */ = {isa = PBXBuildFile; fileRef = 9F3739471BA47B2D00E1FE15 /* METDocumentIDGenerationTests.m */; settings = {ASSET_TAGS = (); }; };
		9F37394F1BA47B2D00E1FE15 /* METServerIntegrationTestCase.m in Sources */ = {isa = PBXBuildFile; fileRef = 9F3739491BA47B2D00E1FE15 /* METServerIntegrationTestCase.m */; settings = {ASSET_TAGS = (); }; };
		9F3739501BA47B2D00E1FE15 /* METSubscriptionsTests.m in Sources */ = {isa = PBXBuildFile; fileRef = 9F37394A1BA47B2D00E1FE15 /* METSubscriptionsTests.m */; settings = {ASSET_TAGS = (); }; };
		9F896A301BA428D400C9BBA0 /* Meteor.h in Headers */ = {isa = PBXBuildFile; fileRef = 9F896A2F1BA428D400C9BBA0 /* Meteor.h */; settings = {ATTRIBUTES = (Public, ); }; };
		9F896A371BA428D400C9BBA0 /* Meteor.framework in Frameworks */ = {isa = PBXBuildFile; fileRef = 9F896A2C1BA428D400C9BBA0 /* Meteor.framework */; settings = {ASSET_TAGS = (); }; };
		9F896A921BA42A1400C9BBA0 /* METAccount.h in Headers */ = {isa = PBXBuildFile; fileRef = 9F896A461BA42A1400C9BBA0 /* METAccount.h */; settings = {ATTRIBUTES = (Public, ); }; };
		9F896A931BA42A1400C9BBA0 /* METAccount.m in Sources */ = {isa = PBXBuildFile; fileRef = 9F896A471BA42A1400C9BBA0 /* METAccount.m */; settings = {ASSET_TAGS = (); }; };
		9F896A941BA42A1400C9BBA0 /* METAleaRandomValueGenerator.h in Headers */ = {isa = PBXBuildFile; fileRef = 9F896A481BA42A1400C9BBA0 /* METAleaRandomValueGenerator.h */; settings = {ASSET_TAGS = (); }; };
		9F896A951BA42A1400C9BBA0 /* METAleaRandomValueGenerator.m in Sources */ = {isa = PBXBuildFile; fileRef = 9F896A491BA42A1400C9BBA0 /* METAleaRandomValueGenerator.m */; settings = {ASSET_TAGS = (); }; };
		9F896A961BA42A1400C9BBA0 /* METBufferedDocument.h in Headers */ = {isa = PBXBuildFile; fileRef = 9F896A4A1BA42A1400C9BBA0 /* METBufferedDocument.h */; settings = {ASSET_TAGS = (); }; };
		9F896A971BA42A1400C9BBA0 /* METBufferedDocument.m in Sources */ = {isa = PBXBuildFile; fileRef = 9F896A4B1BA42A1400C9BBA0 /* METBufferedDocument.m */; settings = {ASSET_TAGS = (); }; };
		9F896A981BA42A1400C9BBA0 /* METCollection_Internal.h in Headers */ = {isa = PBXBuildFile; fileRef = 9F896A4C1BA42A1400C9BBA0 /* METCollection_Internal.h */; settings = {ASSET_TAGS = (); }; };
		9F896A991BA42A1400C9BBA0 /* METCollection.h in Headers */ = {isa = PBXBuildFile; fileRef = 9F896A4D1BA42A1400C9BBA0 /* METCollection.h */; settings = {ATTRIBUTES = (Public, ); }; };
		9F896A9A1BA42A1400C9BBA0 /* METCollection.m in Sources */ = {isa = PBXBuildFile; fileRef = 9F896A4E1BA42A1400C9BBA0 /* METCollection.m */; settings = {ASSET_TAGS = (); }; };
		9F896A9B1BA42A1400C9BBA0 /* METCoreDataDDPClient.h in Headers */ = {isa = PBXBuildFile; fileRef = 9F896A4F1BA42A1400C9BBA0 /* METCoreDataDDPClient.h */; settings = {ATTRIBUTES = (Public, ); }; };
		9F896A9C1BA42A1400C9BBA0 /* METCoreDataDDPClient.m in Sources */ = {isa = PBXBuildFile; fileRef = 9F896A501BA42A1400C9BBA0 /* METCoreDataDDPClient.m */; settings = {ASSET_TAGS = (); }; };
		9F896A9D1BA42A1400C9BBA0 /* METDatabase_Internal.h in Headers */ = {isa = PBXBuildFile; fileRef = 9F896A511BA42A1400C9BBA0 /* METDatabase_Internal.h */; settings = {ASSET_TAGS = (); }; };
		9F896A9E1BA42A1400C9BBA0 /* METDatabase.h in Headers */ = {isa = PBXBuildFile; fileRef = 9F896A521BA42A1400C9BBA0 /* METDatabase.h */; settings = {ATTRIBUTES = (Public, ); }; };
		9F896A9F1BA42A1400C9BBA0 /* METDatabase.m in Sources */ = {isa = PBXBuildFile; fileRef = 9F896A531BA42A1400C9BBA0 /* METDatabase.m */; settings = {ASSET_TAGS = (); }; };
		9F896AA01BA42A1400C9BBA0 /* METDatabaseChanges_Internal.h in Headers */ = {isa = PBXBuildFile; fileRef = 9F896A541BA42A1400C9BBA0 /* METDatabaseChanges_Internal.h */; settings = {ASSET_TAGS = (); }; };
		9F896AA11BA42A1400C9BBA0 /* METDatabaseChanges.h in Headers */ = {isa = PBXBuildFile; fileRef = 9F896A551BA42A1400C9BBA0 /* METDatabaseChanges.h */; settings = {ATTRIBUTES = (Public, ); }; };
		9F896AA21BA42A1400C9BBA0 /* METDatabaseChanges.m in Sources */ = {isa = PBXBuildFile; fileRef = 9F896A561BA42A1400C9BBA0 /* METDatabaseChanges.m */; settings = {ASSET_TAGS = (); }; };
		9F896AA31BA42A1400C9BBA0 /* METDataUpdate.h in Headers */ = {isa = PBXBuildFile; fileRef = 9F896A571BA42A1400C9BBA0 /* METDataUpdate.h */; settings = {ASSET_TAGS = (); }; };
		9F896AA41BA42A1400C9BBA0 /* METDataUpdate.m in Sources */ = {isa = PBXBuildFile; fileRef = 9F896A581BA42A1400C9BBA0 /* METDataUpdate.m */; settings = {ASSET_TAGS = (); }; };
		9F896AA51BA42A1400C9BBA0 /* METDDPClient_Internal.h in Headers */ = {isa = PBXBuildFile; fileRef = 9F896A591BA42A1400C9BBA0 /* METDDPClient_Internal.h */; settings = {ASSET_TAGS = (); }; };
		9F896AA61BA42A1400C9BBA0 /* METDDPClient.h in Headers */ = {isa = PBXBuildFile; fileRef = 9F896A5A1BA42A1400C9BBA0 /* METDDPClient.h */; settings = {ATTRIBUTES = (Public, ); }; };
		9F896AA71BA42A1400C9BBA0 /* METDDPClient.m in Sources */ = {isa = PBXBuildFile; fileRef = 9F896A5B1BA42A1400C9BBA0 /* METDDPClient.m */; settings = {ASSET_TAGS = (); }; };
		9F896AA81BA42A1400C9BBA0 /* METDDPClient+AccountsPassword.h in Headers */ = {isa = PBXBuildFile; fileRef = 9F896A5C1BA42A1400C9BBA0 /* METDDPClient+AccountsPassword.h */; settings = {ATTRIBUTES = (Public, ); }; };
		9F896AA91BA42A1400C9BBA0 /* METDDPClient+AccountsPassword.m in Sources */ = {isa = PBXBuildFile; fileRef = 9F896A5D1BA42A1400C9BBA0 /* METDDPClient+AccountsPassword.m */; settings = {ASSET_TAGS = (); }; };
		9F896AAA1BA42A1400C9BBA0 /* METDDPConnection.h in Headers */ = {isa = PBXBuildFile; fileRef = 9F896A5E1BA42A1400C9BBA0 /* METDDPConnection.h */; settings = {ASSET_TAGS = (); }; };
		9F896AAB1BA42A1400C9BBA0 /* METDDPConnection.m in Sources */ = {isa = PBXBuildFile; fileRef = 9F896A5F1BA42A1400C9BBA0 /* METDDPConnection.m */; settings = {ASSET_TAGS = (); }; };
		9F896AAC1BA42A1400C9BBA0 /* METDDPHeartbeat.h in Headers */ = {isa = PBXBuildFile; fileRef = 9F896A601BA42A1400C9BBA0 /* METDDPHeartbeat.h */; settings = {ASSET_TAGS = (); }; };
		9F896AAD1BA42A1400C9BBA0 /* METDDPHeartbeat.m in Sources */ = {isa = PBXBuildFile; fileRef = 9F896A611BA42A1400C9BBA0 /* METDDPHeartbeat.m */; settings = {ASSET_TAGS = (); }; };
		9F896AAE1BA42A1400C9BBA0 /* METDDPMessage.h in Headers */ = {isa = PBXBuildFile; fileRef = 9F896A621BA42A1400C9BBA0 /* METDDPMessage.h */; settings = {ASSET_TAGS = (); }; };
		9F896AAF1BA42A1400C9BBA0 /* METDDPMessage.m in Sources */ = {isa = PBXBuildFile; fileRef = 9F896A631BA42A1400C9BBA0 /* METDDPMessage.m */; settings = {ASSET_TAGS = (); }; };
		9F896AB01BA42A1400C9BBA0 /* METDocument.h in Headers */ = {isa = PBXBuildFile; fileRef = 9F896A641BA42A1400C9BBA0 /* METDocument.h */; settings = {ATTRIBUTES = (Public, ); }; };
		9F896AB11BA42A1400C9BBA0 /* METDocument.m in Sources */ = {isa = PBXBuildFile; fileRef = 9F896A651BA42A1400C9BBA0 /* METDocument.m */; settings = {ASSET_TAGS = (); }; };
		9F896AB21BA42A1400C9BBA0 /* METDocumentCache.h in Headers */ = {isa = PBXBuildFile; fileRef = 9F896A661BA42A1400C9BBA0 /* METDocumentCache.h */; settings = {ASSET_TAGS = (); }; };
		9F896AB31BA42A1400C9BBA0 /* METDocumentCache.m in Sources */ = {isa = PBXBuildFile; fileRef = 9F896A671BA42A1400C9BBA0 /* METDocumentCache.m */; settings = {ASSET_TAGS = (); }; };
		9F896AB41BA42A1400C9BBA0 /* METDocumentChangeDetails.h in Headers */ = {isa = PBXBuildFile; fileRef = 9F896A681BA42A1400C9BBA0 /* METDocumentChangeDetails.h */; settings = {ATTRIBUTES = (Public, ); }; };
		9F896AB51BA42A1400C9BBA0 /* METDocumentChangeDetails.m in Sources */ = {isa = PBXBuildFile; fileRef = 9F896A691BA42A1400C9BBA0 /* METDocumentChangeDetails.m */; settings = {ASSET_TAGS = (); }; };
		9F896AB61BA42A1400C9BBA0 /* METDocumentKey.h in Headers */ = {isa = PBXBuildFile; fileRef = 9F896A6A1BA42A1400C9BBA0 /* METDocumentKey.h */; settings = {ATTRIBUTES = (Public, ); }; };
		9F896AB71BA42A1400C9BBA0 /* METDocumentKey.m in Sources */ = {isa = PBXBuildFile; fileRef = 9F896A6B1BA42A1400C9BBA0 /* METDocumentKey.m */; settings = {ASSET_TAGS = (); }; };
		9F896AB81BA42A1400C9BBA0 /* METDynamicVariable.h in Headers */ = {isa = PBXBuildFile; fileRef = 9F896A6C1BA42A1400C9BBA0 /* METDynamicVariable.h */; settings = {ASSET_TAGS = (); }; };
		9F896AB91BA42A1400C9BBA0 /* METDynamicVariable.m in Sources */ = {isa = PBXBuildFile; fileRef = 9F896A6D1BA42A1400C9BBA0 /* METDynamicVariable.m */; settings = {ASSET_TAGS = (); }; };
		9F896ABA1BA42A1400C9BBA0 /* METEJSONSerialization.h in Headers */ = {isa = PBXBuildFile; fileRef = 9F896A6E1BA42A1400C9BBA0 /* METEJSONSerialization.h */; settings = {ASSET_TAGS = (); }; };
		9F896ABB1BA42A1400C9BBA0 /* METEJSONSerialization.m in Sources */ = {isa = PBXBuildFile; fileRef = 9F896A6F1BA42A1400C9BBA0 /* METEJSONSerialization.m */; settings = {ASSET_TAGS = (); }; };
		9F896ABC1BA42A1400C9BBA0 /* METFetchRequest.h in Headers */ = {isa = PBXBuildFile; fileRef = 9F896A701BA42A1400C9BBA0 /* METFetchRequest.h */; settings = {ASSET_TAGS = (); }; };
		9F896ABD1BA42A1400C9BBA0 /* METFetchRequest.m in Sources */ = {isa = PBXBuildFile; fileRef = 9F896A711BA42A1400C9BBA0 /* METFetchRequest.m */; settings = {ASSET_TAGS = (); }; };
		9F896ABE1BA42A1400C9BBA0 /* METIncrementalStore_Testing.h in Headers */ = {isa = PBXBuildFile; fileRef = 9F896A721BA42A1400C9BBA0 /* METIncrementalStore_Testing.h */; settings = {ASSET_TAGS = (); }; };
		9F896ABF1BA42A1400C9BBA0 /* METIncrementalStore.h in Headers */ = {isa = PBXBuildFile; fileRef = 9F896A731BA42A1400C9BBA0 /* METIncrementalStore.h */; settings = {ATTRIBUTES = (Public, ); }; };
		9F896AC01BA42A1400C9BBA0 /* METIncrementalStore.m in Sources */ = {isa = PBXBuildFile; fileRef = 9F896A741BA42A1400C9BBA0 /* METIncrementalStore.m */; settings = {ASSET_TAGS = (); }; };
		9F896AC11BA42A1400C9BBA0 /* METMethodInvocation_Internal.h in Headers */ = {isa = PBXBuildFile; fileRef = 9F896A751BA42A1400C9BBA0 /* METMethodInvocation_Internal.h */; settings = {ASSET_TAGS = (); }; };
		9F896AC21BA42A1400C9BBA0 /* METMethodInvocation.h in Headers */ = {isa = PBXBuildFile; fileRef = 9F896A761BA42A1400C9BBA0 /* METMethodInvocation.h */; settings = {ASSET_TAGS = (); }; };
		9F896AC31BA42A1400C9BBA0 /* METMethodInvocation.m in Sources */ = {isa = PBXBuildFile; fileRef = 9F896A771BA42A1400C9BBA0 /* METMethodInvocation.m */; settings = {ASSET_TAGS = (); }; };
		9F896AC41BA42A1400C9BBA0 /* METMethodInvocationContext.h in Headers */ = {isa = PBXBuildFile; fileRef = 9F896A781BA42A1400C9BBA0 /* METMethodInvocationContext.h */; settings = {ASSET_TAGS = (); }; };
		9F896AC51BA42A1400C9BBA0 /* METMethodInvocationContext.m in Sources */ = {isa = PBXBuildFile; fileRef = 9F896A791BA42A1400C9BBA0 /* METMethodInvocationContext.m */; settings = {ASSET_TAGS = (); }; };
		9F896AC61BA42A1400C9BBA0 /* METMethodInvocationCoordinator_Testing.h in Headers */ = {isa = PBXBuildFile; fileRef = 9F896A7A1BA42A1400C9BBA0 /* METMethodInvocationCoordinator_Testing.h */; settings = {ASSET_TAGS = (); }; };
		9F896AC71BA42A1400C9BBA0 /* METMethodInvocationCoordinator.h in Headers */ = {isa = PBXBuildFile; fileRef = 9F896A7B1BA42A1400C9BBA0 /* METMethodInvocationCoordinator.h */; settings = {ASSET_TAGS = (); }; };
		9F896AC81BA42A1400C9BBA0 /* METMethodInvocationCoordinator.m in Sources */ = {isa = PBXBuildFile; fileRef = 9F896A7C1BA42A1400C9BBA0 /* METMethodInvocationCoordinator.m */; settings = {ASSET_TAGS = (); }; };
		9F896AC91BA42A1400C9BBA0 /* METNetworkReachabilityManager.h in Headers */ = {isa = PBXBuildFile; fileRef = 9F896A7D1BA42A1400C9BBA0 /* METNetworkReachabilityManager.h */; settings = {ASSET_TAGS = (); }; };
		9F896ACA1BA42A1400C9BBA0 /* METNetworkReachabilityManager.m in Sources */ = {isa = PBXBuildFile; fileRef = 9F896A7E1BA42A1400C9BBA0 /* METNetworkReachabilityManager.m */; settings = {ASSET_TAGS = (); }; };
		9F896ACB1BA42A1400C9BBA0 /* METRandomStream.h in Headers */ = {isa = PBXBuildFile; fileRef = 9F896A7F1BA42A1400C9BBA0 /* METRandomStream.h */; settings = {ASSET_TAGS = (); }; };
		9F896ACC1BA42A1400C9BBA0 /* METRandomStream.m in Sources */ = {isa = PBXBuildFile; fileRef = 9F896A801BA42A1400C9BBA0 /* METRandomStream.m */; settings = {ASSET_TAGS = (); }; };
		9F896ACD1BA42A1400C9BBA0 /* METRandomValueGenerator.h in Headers */ = {isa = PBXBuildFile; fileRef = 9F896A811BA42A1400C9BBA0 /* METRandomValueGenerator.h */; settings = {ASSET_TAGS = (); }; };
		9F896ACE1BA42A1400C9BBA0 /* METRandomValueGenerator.m in Sources */ = {isa = PBXBuildFile; fileRef = 9F896A821BA42A1400C9BBA0 /* METRandomValueGenerator.m */; settings = {ASSET_TAGS = (); }; };
		9F896ACF1BA42A1400C9BBA0 /* METRetryStrategy.h in Headers */ = {isa = PBXBuildFile; fileRef = 9F896A831BA42A1400C9BBA0 /* METRetryStrategy.h */; settings = {ASSET_TAGS = (); }; };
		9F896AD01BA42A1400C9BBA0 /* METRetryStrategy.m in Sources */ = {isa = PBXBuildFile; fileRef = 9F896A841BA42A1400C9BBA0 /* METRetryStrategy.m */; settings = {ASSET_TAGS = (); }; };
		9F896AD11BA42A1400C9BBA0 /* METSubscription_Internal.h in Headers */ = {isa = PBXBuildFile; fileRef = 9F896A851BA42A1400C9BBA0 /* METSubscription_Internal.h */; settings = {ASSET_TAGS = (); }; };
		9F896AD21BA42A1400C9BBA0 /* METSubscription.h in Headers */ = {isa = PBXBuildFile; fileRef = 9F896A861BA42A1400C9BBA0 /* METSubscription.h */; settings = {ATTRIBUTES = (Public, ); }; };
		9F896AD31BA42A1400C9BBA0 /* METSubscription.m in Sources */ = {isa = PBXBuildFile; fileRef = 9F896A871BA42A1400C9BBA0 /* METSubscription.m */; settings = {ASSET_TAGS = (); }; };
		9F896AD41BA42A1400C9BBA0 /* METSubscriptionManager.h in Headers */ = {isa = PBXBuildFile; fileRef = 9F896A881BA42A1400C9BBA0 /* METSubscriptionManager.h */; settings = {ASSET_TAGS = (); }; };
		9F896AD51BA42A1400C9BBA0 /* METSubscriptionManager.m in Sources */ = {isa = PBXBuildFile; fileRef = 9F896A891BA42A1400C9BBA0 /* METSubscriptionManager.m */; settings = {ASSET_TAGS = (); }; };
		9F896AD61BA42A1400C9BBA0 /* METTimer.h in Headers */ = {isa = PBXBuildFile; fileRef = 9F896A8A1BA42A1400C9BBA0 /* METTimer.h */; settings = {ASSET_TAGS = (); }; };
		9F896AD71BA42A1400C9BBA0 /* METTimer.m in Sources */ = {isa = PBXBuildFile; fileRef = 9F896A8B1BA42A1400C9BBA0 /* METTimer.m */; settings = {ASSET_TAGS = (); }; };
		9F896AD81BA42A1400C9BBA0 /* NSArray+METAdditions.h in Headers */ = {isa = PBXBuildFile; fileRef = 9F896A8C1BA42A1400C9BBA0 /* NSArray+METAdditions.h */; settings = {ASSET_TAGS = (); }; };
		9F896AD91BA42A1400C9BBA0 /* NSArray+METAdditions.m in Sources */ = {isa = PBXBuildFile; fileRef = 9F896A8D1BA42A1400C9BBA0 /* NSArray+METAdditions.m */; settings = {ASSET_TAGS = (); }; };
		9F896ADA1BA42A1400C9BBA0 /* NSDictionary+METAdditions.h in Headers */ = {isa = PBXBuildFile; fileRef = 9F896A8E1BA42A1400C9BBA0 /* NSDictionary+METAdditions.h */; settings = {ASSET_TAGS = (); }; };
		9F896ADB1BA42A1400C9BBA0 /* NSDictionary+METAdditions.m in Sources */ = {isa = PBXBuildFile; fileRef = 9F896A8F1BA42A1400C9BBA0 /* NSDictionary+METAdditions.m */; settings = {ASSET_TAGS = (); }; };
		9F896ADC1BA42A1400C9BBA0 /* NSString+METAdditions.h in Headers */ = {isa = PBXBuildFile; fileRef = 9F896A901BA42A1400C9BBA0 /* NSString+METAdditions.h */; settings = {ASSET_TAGS = (); }; };
		9F896ADD1BA42A1400C9BBA0 /* NSString+METAdditions.m in Sources */ = {isa = PBXBuildFile; fileRef = 9F896A911BA42A1400C9BBA0 /* NSString+METAdditions.m */; settings = {ASSET_TAGS = (); }; };
		9F896AFA1BA42ABC00C9BBA0 /* METAleaRandomValueGeneratorTests.m in Sources */ = {isa = PBXBuildFile; fileRef = 9F896ADF1BA42ABC00C9BBA0 /* METAleaRandomValueGeneratorTests.m */; settings = {ASSET_TAGS = (); }; };
		9F896AFB1BA42ABC00C9BBA0 /* METCollectionTests.m in Sources */ = {isa = PBXBuildFile; fileRef = 9F896AE01BA42ABC00C9BBA0 /* METCollectionTests.m */; settings = {ASSET_TAGS = (); }; };
		9F896AFC1BA42ABC00C9BBA0 /* METCoreDataDDPClientTests.m in Sources */ = {isa = PBXBuildFile; fileRef = 9F896AE11BA42ABC00C9BBA0 /* METCoreDataDDPClientTests.m */; settings = {ASSET_TAGS = (); }; };
		9F896AFD1BA42ABC00C9BBA0 /* METDatabaseChangesTests.m in Sources */ = {isa = PBXBuildFile; fileRef = 9F896AE21BA42ABC00C9BBA0 /* METDatabaseChangesTests.m */; settings = {ASSET_TAGS = (); }; };
		9F896AFE1BA42ABC00C9BBA0 /* METDatabaseTests.m in Sources */ = {isa = PBXBuildFile; fileRef = 9F896AE31BA42ABC00C9BBA0 /* METDatabaseTests.m */; settings = {ASSET_TAGS = (); }; };
		9F896AFF1BA42ABC00C9BBA0 /* METDDPClientAccountsTests.m in Sources */ = {isa = PBXBuildFile; fileRef = 9F896AE41BA42ABC00C9BBA0 /* METDDPClientAccountsTests.m */; settings = {ASSET_TAGS = (); }; };
		9F896B001BA42ABC00C9BBA0 /* METDDPClientCallingMethods.m in Sources */ = {isa = PBXBuildFile; fileRef = 9F896AE51BA42ABC00C9BBA0 /* METDDPClientCallingMethods.m */; settings = {ASSET_TAGS = (); }; };
		9F896B011BA42ABC00C9BBA0 /* METDDPClientConnectingTests.m in Sources */ = {isa = PBXBuildFile; fileRef = 9F896AE61BA42ABC00C9BBA0 /* METDDPClientConnectingTests.m */; settings = {ASSET_TAGS = (); }; };
		9F896B021BA42ABC00C9BBA0 /* METDDPClientLatencyCompensationTests.m in Sources */ = {isa = PBXBuildFile; fileRef = 9F896AE71BA42ABC00C9BBA0 /* METDDPClientLatencyCompensationTests.m */; settings = {ASSET_TAGS = (); }; };
		9F896B031BA42ABC00C9BBA0 /* METDDPClientManagingDataTests.m in Sources */ = {isa = PBXBuildFile; fileRef = 9F896AE81BA42ABC00C9BBA0 /* METDDPClientManagingDataTests.m */; settings = {ASSET_TAGS = (); }; };
		9F896B041BA42ABC00C9BBA0 /* METDDPClientReconnectingTests.m in Sources */ = {isa = PBXBuildFile; fileRef = 9F896AE91BA42ABC00C9BBA0 /* METDDPClientReconnectingTests.m */; settings = {ASSET_TAGS = (); }; };
		9F896B051BA42ABC00C9BBA0 /* METDDPClientTestCase.m in Sources */ = {isa = PBXBuildFile; fileRef = 9F896AEB1BA42ABC00C9BBA0 /* METDDPClientTestCase.m */; settings = {ASSET_TAGS = (); }; };
		9F896B061BA42ABC00C9BBA0 /* METDDPHeartbeatTests.m in Sources */ = {isa = PBXBuildFile; fileRef = 9F896AEC1BA42ABC00C9BBA0 /* METDDPHeartbeatTests.m */; settings = {ASSET_TAGS = (); }; };
		9F896B071BA42ABC00C9BBA0 /* METDDPMessageTests.m in Sources */ = {isa = PBXBuildFile; fileRef = 9F896AED1BA42ABC00C9BBA0 /* METDDPMessageTests.m */; settings = {ASSET_TAGS = (); }; };
		9F896B081BA42ABC00C9BBA0 /* METDocumentCacheTests.m in Sources */ = {isa = PBXBuildFile; fileRef = 9F896AEE1BA42ABC00C9BBA0 /* METDocumentCacheTests.m */; settings = {ASSET_TAGS = (); }; };
		9F896B091BA42ABC00C9BBA0 /* METDocumentChangeDetailsTests.m in Sources */ = {isa = PBXBuildFile; fileRef = 9F896AEF1BA42ABC00C9BBA0 /* METDocumentChangeDetailsTests.m */; settings = {ASSET_TAGS = (); }; };
		9F896B0A1BA42ABC00C9BBA0 /* METDynamicVariableTests.m in Sources */ = {isa = PBXBuildFile; fileRef = 9F896AF01BA42ABC00C9BBA0 /* METDynamicVariableTests.m */; settings = {ASSET_TAGS = (); }; };
		9F896B0B1BA42ABC00C9BBA0 /* METEJSONSerializationTests.m in Sources */ = {isa = PBXBuildFile; fileRef = 9F896AF11BA42ABC00C9BBA0 /* METEJSONSerializationTests.m */; settings = {ASSET_TAGS = (); }; };
		9F896B0C1BA42ABC00C9BBA0 /* METIncrementalStoreTests.m in Sources */ = {isa = PBXBuildFile; fileRef = 9F896AF21BA42ABC00C9BBA0 /* METIncrementalStoreTests.m */; settings = {ASSET_TAGS = (); }; };
		9F896B0D1BA42ABC00C9BBA0 /* METMethodInvocationContextTests.m in Sources */ = {isa = PBXBuildFile; fileRef = 9F896AF31BA42ABC00C9BBA0 /* METMethodInvocationContextTests.m */; settings = {ASSET_TAGS = (); }; };
		9F896B0E1BA42ABC00C9BBA0 /* METMethodInvocationCoordinatorTests.m in Sources */ = {isa = PBXBuildFile; fileRef = 9F896AF41BA42ABC00C9BBA0 /* METMethodInvocationCoordinatorTests.m */; settings = {ASSET_TAGS = (); }; };
		9F896B0F1BA42ABC00C9BBA0 /* METMethodInvocationTests.m in Sources */ = {isa = PBXBuildFile; fileRef = 9F896AF51BA42ABC00C9BBA0 /* METMethodInvocationTests.m */; settings = {ASSET_TAGS = (); }; };
		9F896B101BA42ABC00C9BBA0 /* METRandomStreamTests.m in Sources */ = {isa = PBXBuildFile; fileRef = 9F896AF61BA42ABC00C9BBA0 /* METRandomStreamTests.m */; settings = {ASSET_TAGS = (); }; };
		9F896B111BA42ABC00C9BBA0 /* METRetryStrategyTests.m in Sources */ = {isa = PBXBuildFile; fileRef = 9F896AF71BA42ABC00C9BBA0 /* METRetryStrategyTests.m */; settings = {ASSET_TAGS = (); }; };
		9F896B121BA42ABC00C9BBA0 /* METSubscriptionManagerTests.m in Sources */ = {isa = PBXBuildFile; fileRef = 9F896AF81BA42ABC00C9BBA0 /* METSubscriptionManagerTests.m */; settings = {ASSET_TAGS = (); }; };
		9F896B131BA42ABC00C9BBA0 /* METTimerTests.m in Sources */ = {isa = PBXBuildFile; fileRef = 9F896AF91BA42ABC00C9BBA0 /* METTimerTests.m */; settings = {ASSET_TAGS = (); }; };
		9F896B261BA42DD800C9BBA0 /* MockMETDDPConnection.m in Sources */ = {isa = PBXBuildFile; fileRef = 9F896B1F1BA42DD800C9BBA0 /* MockMETDDPConnection.m */; settings = {ASSET_TAGS = (); }; };
		9F896B271BA42DD800C9BBA0 /* XCTAsyncTestCase.m in Sources */ = {isa = PBXBuildFile; fileRef = 9F896B211BA42DD800C9BBA0 /* XCTAsyncTestCase.m */; settings = {ASSET_TAGS = (); }; };
		9F896B281BA42DD800C9BBA0 /* XCTestCase+Meteor.m in Sources */ = {isa = PBXBuildFile; fileRef = 9F896B231BA42DD800C9BBA0 /* XCTestCase+Meteor.m */; settings = {ASSET_TAGS = (); }; };
		9F896B291BA42DD800C9BBA0 /* XCTFailure.m in Sources */ = {isa = PBXBuildFile; fileRef = 9F896B251BA42DD800C9BBA0 /* XCTFailure.m */; settings = {ASSET_TAGS = (); }; };
/* End PBXBuildFile section */

/* Begin PBXContainerItemProxy section */
		9F3738C71BA470CD00E1FE15 /* PBXContainerItemProxy */ = {
			isa = PBXContainerItemProxy;
			containerPortal = 9F3738C21BA470CD00E1FE15 /* PocketSocket.xcodeproj */;
			proxyType = 2;
			remoteGlobalIDString = EEE5E30A18B37DD500BAE47A;
			remoteInfo = PocketSocket;
		};
		9F3738C91BA470CD00E1FE15 /* PBXContainerItemProxy */ = {
			isa = PBXContainerItemProxy;
			containerPortal = 9F3738C21BA470CD00E1FE15 /* PocketSocket.xcodeproj */;
			proxyType = 2;
			remoteGlobalIDString = EEE5E36018B37F8700BAE47A;
			remoteInfo = PSAutobahnClientTests;
		};
		9F37391C1BA477F700E1FE15 /* PBXContainerItemProxy */ = {
			isa = PBXContainerItemProxy;
			containerPortal = 9F3738F81BA4731500E1FE15 /* OCMock.xcodeproj */;
			proxyType = 2;
			remoteGlobalIDString = 030EF0A814632FD000B04273;
			remoteInfo = OCMock;
		};
		9F37391E1BA477F700E1FE15 /* PBXContainerItemProxy */ = {
			isa = PBXContainerItemProxy;
			containerPortal = 9F3738F81BA4731500E1FE15 /* OCMock.xcodeproj */;
			proxyType = 2;
			remoteGlobalIDString = 03565A3118F0566E003AE91E;
			remoteInfo = OCMockTests;
		};
		9F3739201BA477F700E1FE15 /* PBXContainerItemProxy */ = {
			isa = PBXContainerItemProxy;
			containerPortal = 9F3738F81BA4731500E1FE15 /* OCMock.xcodeproj */;
			proxyType = 2;
			remoteGlobalIDString = 030EF0DC14632FF700B04273;
			remoteInfo = OCMockLib;
		};
		9F3739221BA477F700E1FE15 /* PBXContainerItemProxy */ = {
			isa = PBXContainerItemProxy;
			containerPortal = 9F3738F81BA4731500E1FE15 /* OCMock.xcodeproj */;
			proxyType = 2;
			remoteGlobalIDString = D31108AD1828DB8700737925;
			remoteInfo = OCMockLibTests;
		};
		9F3739241BA477F700E1FE15 /* PBXContainerItemProxy */ = {
			isa = PBXContainerItemProxy;
			containerPortal = 9F3738F81BA4731500E1FE15 /* OCMock.xcodeproj */;
			proxyType = 2;
			remoteGlobalIDString = F0B950F11B0080BE00942C38;
			remoteInfo = "OCMock iOS";
		};
		9F3739371BA47AC300E1FE15 /* PBXContainerItemProxy */ = {
			isa = PBXContainerItemProxy;
			containerPortal = 9F896A231BA428D400C9BBA0 /* Project object */;
			proxyType = 1;
			remoteGlobalIDString = 9F896A2B1BA428D400C9BBA0;
			remoteInfo = "Meteor iOS";
		};
		9F896A381BA428D400C9BBA0 /* PBXContainerItemProxy */ = {
			isa = PBXContainerItemProxy;
			containerPortal = 9F896A231BA428D400C9BBA0 /* Project object */;
			proxyType = 1;
			remoteGlobalIDString = 9F896A2B1BA428D400C9BBA0;
			remoteInfo = Meteor;
		};
/* End PBXContainerItemProxy section */

/* Begin PBXFileReference section */
		9F3738BE1BA45D9F00E1FE15 /* CoreData.framework */ = {isa = PBXFileReference; lastKnownFileType = wrapper.framework; name = CoreData.framework; path = System/Library/Frameworks/CoreData.framework; sourceTree = SDKROOT; };
		9F3738C21BA470CD00E1FE15 /* PocketSocket.xcodeproj */ = {isa = PBXFileReference; lastKnownFileType = "wrapper.pb-project"; name = PocketSocket.xcodeproj; path = PocketSocket/PocketSocket.xcodeproj; sourceTree = "<group>"; };
		9F3738DF1BA4711100E1FE15 /* A0SimpleKeychain+KeyPair.m */ = {isa = PBXFileReference; fileEncoding = 4; lastKnownFileType = sourcecode.c.objc; path = "A0SimpleKeychain+KeyPair.m"; sourceTree = "<group>"; };
		9F3738E11BA4711100E1FE15 /* A0SimpleKeychain.m */ = {isa = PBXFileReference; fileEncoding = 4; lastKnownFileType = sourcecode.c.objc; path = A0SimpleKeychain.m; sourceTree = "<group>"; };
		9F3738EC1BA4712E00E1FE15 /* NSString+InflectorKit.m */ = {isa = PBXFileReference; fileEncoding = 4; lastKnownFileType = sourcecode.c.objc; path = "NSString+InflectorKit.m"; sourceTree = "<group>"; };
		9F3738EE1BA4712E00E1FE15 /* TTTStringInflector.m */ = {isa = PBXFileReference; fileEncoding = 4; lastKnownFileType = sourcecode.c.objc; path = TTTStringInflector.m; sourceTree = "<group>"; };
		9F3738F41BA4726600E1FE15 /* libz.tbd */ = {isa = PBXFileReference; lastKnownFileType = "sourcecode.text-based-dylib-definition"; name = libz.tbd; path = usr/lib/libz.tbd; sourceTree = SDKROOT; };
		9F3738F81BA4731500E1FE15 /* OCMock.xcodeproj */ = {isa = PBXFileReference; lastKnownFileType = "wrapper.pb-project"; name = OCMock.xcodeproj; path = ocmock/Source/OCMock.xcodeproj; sourceTree = "<group>"; };
		9F37390E1BA473E600E1FE15 /* OCMock.framework */ = {isa = PBXFileReference; lastKnownFileType = wrapper.framework; path = OCMock.framework; sourceTree = BUILT_PRODUCTS_DIR; };
		9F3739121BA4775000E1FE15 /* Model.xcdatamodel */ = {isa = PBXFileReference; lastKnownFileType = wrapper.xcdatamodel; path = Model.xcdatamodel; sourceTree = "<group>"; };
		9F3739311BA47AC300E1FE15 /* Server Integration Tests (iOS).xctest */ = {isa = PBXFileReference; explicitFileType = wrapper.cfbundle; includeInIndex = 0; path = "Server Integration Tests (iOS).xctest"; sourceTree = BUILT_PRODUCTS_DIR; };
		9F3739441BA47B2D00E1FE15 /* Info.plist */ = {isa = PBXFileReference; fileEncoding = 4; lastKnownFileType = text.plist.xml; path = Info.plist; sourceTree = "<group>"; };
		9F3739451BA47B2D00E1FE15 /* METAccountsTests.m */ = {isa = PBXFileReference; fileEncoding = 4; lastKnownFileType = sourcecode.c.objc; path = METAccountsTests.m; sourceTree = "<group>"; };
		9F3739461BA47B2D00E1FE15 /* METCallingMutationMethodsTests.m */ = {isa = PBXFileReference; fileEncoding = 4; lastKnownFileType = sourcecode.c.objc; path = METCallingMutationMethodsTests.m; sourceTree = "<group>"; };
		9F3739471BA47B2D00E1FE15 /* METDocumentIDGenerationTests.m */ = {isa = PBXFileReference; fileEncoding = 4; lastKnownFileType = sourcecode.c.objc; path = METDocumentIDGenerationTests.m; sourceTree = "<group>"; };
		9F3739481BA47B2D00E1FE15 /* METServerIntegrationTestCase.h */ = {isa = PBXFileReference; fileEncoding = 4; lastKnownFileType = sourcecode.c.h; path = METServerIntegrationTestCase.h; sourceTree = "<group>"; };
		9F3739491BA47B2D00E1FE15 /* METServerIntegrationTestCase.m */ = {isa = PBXFileReference; fileEncoding = 4; lastKnownFileType = sourcecode.c.objc; path = METServerIntegrationTestCase.m; sourceTree = "<group>"; };
		9F37394A1BA47B2D00E1FE15 /* METSubscriptionsTests.m */ = {isa = PBXFileReference; fileEncoding = 4; lastKnownFileType = sourcecode.c.objc; path = METSubscriptionsTests.m; sourceTree = "<group>"; };
		9F896A2C1BA428D400C9BBA0 /* Meteor.framework */ = {isa = PBXFileReference; explicitFileType = wrapper.framework; includeInIndex = 0; path = Meteor.framework; sourceTree = BUILT_PRODUCTS_DIR; };
		9F896A2F1BA428D400C9BBA0 /* Meteor.h */ = {isa = PBXFileReference; lastKnownFileType = sourcecode.c.h; path = Meteor.h; sourceTree = "<group>"; };
		9F896A311BA428D400C9BBA0 /* Info.plist */ = {isa = PBXFileReference; lastKnownFileType = text.plist.xml; path = Info.plist; sourceTree = "<group>"; };
		9F896A361BA428D400C9BBA0 /* Unit Tests (iOS).xctest */ = {isa = PBXFileReference; explicitFileType = wrapper.cfbundle; includeInIndex = 0; path = "Unit Tests (iOS).xctest"; sourceTree = BUILT_PRODUCTS_DIR; };
		9F896A3D1BA428D400C9BBA0 /* Info.plist */ = {isa = PBXFileReference; lastKnownFileType = text.plist.xml; path = Info.plist; sourceTree = "<group>"; };
		9F896A461BA42A1400C9BBA0 /* METAccount.h */ = {isa = PBXFileReference; fileEncoding = 4; lastKnownFileType = sourcecode.c.h; path = METAccount.h; sourceTree = "<group>"; };
		9F896A471BA42A1400C9BBA0 /* METAccount.m */ = {isa = PBXFileReference; fileEncoding = 4; lastKnownFileType = sourcecode.c.objc; path = METAccount.m; sourceTree = "<group>"; };
		9F896A481BA42A1400C9BBA0 /* METAleaRandomValueGenerator.h */ = {isa = PBXFileReference; fileEncoding = 4; lastKnownFileType = sourcecode.c.h; path = METAleaRandomValueGenerator.h; sourceTree = "<group>"; };
		9F896A491BA42A1400C9BBA0 /* METAleaRandomValueGenerator.m */ = {isa = PBXFileReference; fileEncoding = 4; lastKnownFileType = sourcecode.c.objc; path = METAleaRandomValueGenerator.m; sourceTree = "<group>"; };
		9F896A4A1BA42A1400C9BBA0 /* METBufferedDocument.h */ = {isa = PBXFileReference; fileEncoding = 4; lastKnownFileType = sourcecode.c.h; path = METBufferedDocument.h; sourceTree = "<group>"; };
		9F896A4B1BA42A1400C9BBA0 /* METBufferedDocument.m */ = {isa = PBXFileReference; fileEncoding = 4; lastKnownFileType = sourcecode.c.objc; path = METBufferedDocument.m; sourceTree = "<group>"; };
		9F896A4C1BA42A1400C9BBA0 /* METCollection_Internal.h */ = {isa = PBXFileReference; fileEncoding = 4; lastKnownFileType = sourcecode.c.h; path = METCollection_Internal.h; sourceTree = "<group>"; };
		9F896A4D1BA42A1400C9BBA0 /* METCollection.h */ = {isa = PBXFileReference; fileEncoding = 4; lastKnownFileType = sourcecode.c.h; path = METCollection.h; sourceTree = "<group>"; };
		9F896A4E1BA42A1400C9BBA0 /* METCollection.m */ = {isa = PBXFileReference; fileEncoding = 4; lastKnownFileType = sourcecode.c.objc; path = METCollection.m; sourceTree = "<group>"; };
		9F896A4F1BA42A1400C9BBA0 /* METCoreDataDDPClient.h */ = {isa = PBXFileReference; fileEncoding = 4; lastKnownFileType = sourcecode.c.h; path = METCoreDataDDPClient.h; sourceTree = "<group>"; };
		9F896A501BA42A1400C9BBA0 /* METCoreDataDDPClient.m */ = {isa = PBXFileReference; fileEncoding = 4; lastKnownFileType = sourcecode.c.objc; path = METCoreDataDDPClient.m; sourceTree = "<group>"; };
		9F896A511BA42A1400C9BBA0 /* METDatabase_Internal.h */ = {isa = PBXFileReference; fileEncoding = 4; lastKnownFileType = sourcecode.c.h; path = METDatabase_Internal.h; sourceTree = "<group>"; };
		9F896A521BA42A1400C9BBA0 /* METDatabase.h */ = {isa = PBXFileReference; fileEncoding = 4; lastKnownFileType = sourcecode.c.h; path = METDatabase.h; sourceTree = "<group>"; };
		9F896A531BA42A1400C9BBA0 /* METDatabase.m */ = {isa = PBXFileReference; fileEncoding = 4; lastKnownFileType = sourcecode.c.objc; path = METDatabase.m; sourceTree = "<group>"; };
		9F896A541BA42A1400C9BBA0 /* METDatabaseChanges_Internal.h */ = {isa = PBXFileReference; fileEncoding = 4; lastKnownFileType = sourcecode.c.h; path = METDatabaseChanges_Internal.h; sourceTree = "<group>"; };
		9F896A551BA42A1400C9BBA0 /* METDatabaseChanges.h */ = {isa = PBXFileReference; fileEncoding = 4; lastKnownFileType = sourcecode.c.h; path = METDatabaseChanges.h; sourceTree = "<group>"; };
		9F896A561BA42A1400C9BBA0 /* METDatabaseChanges.m */ = {isa = PBXFileReference; fileEncoding = 4; lastKnownFileType = sourcecode.c.objc; path = METDatabaseChanges.m; sourceTree = "<group>"; };
		9F896A571BA42A1400C9BBA0 /* METDataUpdate.h */ = {isa = PBXFileReference; fileEncoding = 4; lastKnownFileType = sourcecode.c.h; path = METDataUpdate.h; sourceTree = "<group>"; };
		9F896A581BA42A1400C9BBA0 /* METDataUpdate.m */ = {isa = PBXFileReference; fileEncoding = 4; lastKnownFileType = sourcecode.c.objc; path = METDataUpdate.m; sourceTree = "<group>"; };
		9F896A591BA42A1400C9BBA0 /* METDDPClient_Internal.h */ = {isa = PBXFileReference; fileEncoding = 4; lastKnownFileType = sourcecode.c.h; path = METDDPClient_Internal.h; sourceTree = "<group>"; };
		9F896A5A1BA42A1400C9BBA0 /* METDDPClient.h */ = {isa = PBXFileReference; fileEncoding = 4; lastKnownFileType = sourcecode.c.h; path = METDDPClient.h; sourceTree = "<group>"; };
		9F896A5B1BA42A1400C9BBA0 /* METDDPClient.m */ = {isa = PBXFileReference; fileEncoding = 4; lastKnownFileType = sourcecode.c.objc; path = METDDPClient.m; sourceTree = "<group>"; };
		9F896A5C1BA42A1400C9BBA0 /* METDDPClient+AccountsPassword.h */ = {isa = PBXFileReference; fileEncoding = 4; lastKnownFileType = sourcecode.c.h; path = "METDDPClient+AccountsPassword.h"; sourceTree = "<group>"; };
		9F896A5D1BA42A1400C9BBA0 /* METDDPClient+AccountsPassword.m */ = {isa = PBXFileReference; fileEncoding = 4; lastKnownFileType = sourcecode.c.objc; path = "METDDPClient+AccountsPassword.m"; sourceTree = "<group>"; };
		9F896A5E1BA42A1400C9BBA0 /* METDDPConnection.h */ = {isa = PBXFileReference; fileEncoding = 4; lastKnownFileType = sourcecode.c.h; path = METDDPConnection.h; sourceTree = "<group>"; };
		9F896A5F1BA42A1400C9BBA0 /* METDDPConnection.m */ = {isa = PBXFileReference; fileEncoding = 4; lastKnownFileType = sourcecode.c.objc; path = METDDPConnection.m; sourceTree = "<group>"; };
		9F896A601BA42A1400C9BBA0 /* METDDPHeartbeat.h */ = {isa = PBXFileReference; fileEncoding = 4; lastKnownFileType = sourcecode.c.h; path = METDDPHeartbeat.h; sourceTree = "<group>"; };
		9F896A611BA42A1400C9BBA0 /* METDDPHeartbeat.m */ = {isa = PBXFileReference; fileEncoding = 4; lastKnownFileType = sourcecode.c.objc; path = METDDPHeartbeat.m; sourceTree = "<group>"; };
		9F896A621BA42A1400C9BBA0 /* METDDPMessage.h */ = {isa = PBXFileReference; fileEncoding = 4; lastKnownFileType = sourcecode.c.h; path = METDDPMessage.h; sourceTree = "<group>"; };
		9F896A631BA42A1400C9BBA0 /* METDDPMessage.m */ = {isa = PBXFileReference; fileEncoding = 4; lastKnownFileType = sourcecode.c.objc; path = METDDPMessage.m; sourceTree = "<group>"; };
		9F896A641BA42A1400C9BBA0 /* METDocument.h */ = {isa = PBXFileReference; fileEncoding = 4; lastKnownFileType = sourcecode.c.h; path = METDocument.h; sourceTree = "<group>"; };
		9F896A651BA42A1400C9BBA0 /* METDocument.m */ = {isa = PBXFileReference; fileEncoding = 4; lastKnownFileType = sourcecode.c.objc; path = METDocument.m; sourceTree = "<group>"; };
		9F896A661BA42A1400C9BBA0 /* METDocumentCache.h */ = {isa = PBXFileReference; fileEncoding = 4; lastKnownFileType = sourcecode.c.h; path = METDocumentCache.h; sourceTree = "<group>"; };
		9F896A671BA42A1400C9BBA0 /* METDocumentCache.m */ = {isa = PBXFileReference; fileEncoding = 4; lastKnownFileType = sourcecode.c.objc; path = METDocumentCache.m; sourceTree = "<group>"; };
		9F896A681BA42A1400C9BBA0 /* METDocumentChangeDetails.h */ = {isa = PBXFileReference; fileEncoding = 4; lastKnownFileType = sourcecode.c.h; path = METDocumentChangeDetails.h; sourceTree = "<group>"; };
		9F896A691BA42A1400C9BBA0 /* METDocumentChangeDetails.m */ = {isa = PBXFileReference; fileEncoding = 4; lastKnownFileType = sourcecode.c.objc; path = METDocumentChangeDetails.m; sourceTree = "<group>"; };
		9F896A6A1BA42A1400C9BBA0 /* METDocumentKey.h */ = {isa = PBXFileReference; fileEncoding = 4; lastKnownFileType = sourcecode.c.h; path = METDocumentKey.h; sourceTree = "<group>"; };
		9F896A6B1BA42A1400C9BBA0 /* METDocumentKey.m */ = {isa = PBXFileReference; fileEncoding = 4; lastKnownFileType = sourcecode.c.objc; path = METDocumentKey.m; sourceTree = "<group>"; };
		9F896A6C1BA42A1400C9BBA0 /* METDynamicVariable.h */ = {isa = PBXFileReference; fileEncoding = 4; lastKnownFileType = sourcecode.c.h; path = METDynamicVariable.h; sourceTree = "<group>"; };
		9F896A6D1BA42A1400C9BBA0 /* METDynamicVariable.m */ = {isa = PBXFileReference; fileEncoding = 4; lastKnownFileType = sourcecode.c.objc; path = METDynamicVariable.m; sourceTree = "<group>"; };
		9F896A6E1BA42A1400C9BBA0 /* METEJSONSerialization.h */ = {isa = PBXFileReference; fileEncoding = 4; lastKnownFileType = sourcecode.c.h; path = METEJSONSerialization.h; sourceTree = "<group>"; };
		9F896A6F1BA42A1400C9BBA0 /* METEJSONSerialization.m */ = {isa = PBXFileReference; fileEncoding = 4; lastKnownFileType = sourcecode.c.objc; path = METEJSONSerialization.m; sourceTree = "<group>"; };
		9F896A701BA42A1400C9BBA0 /* METFetchRequest.h */ = {isa = PBXFileReference; fileEncoding = 4; lastKnownFileType = sourcecode.c.h; path = METFetchRequest.h; sourceTree = "<group>"; };
		9F896A711BA42A1400C9BBA0 /* METFetchRequest.m */ = {isa = PBXFileReference; fileEncoding = 4; lastKnownFileType = sourcecode.c.objc; path = METFetchRequest.m; sourceTree = "<group>"; };
		9F896A721BA42A1400C9BBA0 /* METIncrementalStore_Testing.h */ = {isa = PBXFileReference; fileEncoding = 4; lastKnownFileType = sourcecode.c.h; path = METIncrementalStore_Testing.h; sourceTree = "<group>"; };
		9F896A731BA42A1400C9BBA0 /* METIncrementalStore.h */ = {isa = PBXFileReference; fileEncoding = 4; lastKnownFileType = sourcecode.c.h; path = METIncrementalStore.h; sourceTree = "<group>"; };
		9F896A741BA42A1400C9BBA0 /* METIncrementalStore.m */ = {isa = PBXFileReference; fileEncoding = 4; lastKnownFileType = sourcecode.c.objc; path = METIncrementalStore.m; sourceTree = "<group>"; };
		9F896A751BA42A1400C9BBA0 /* METMethodInvocation_Internal.h */ = {isa = PBXFileReference; fileEncoding = 4; lastKnownFileType = sourcecode.c.h; path = METMethodInvocation_Internal.h; sourceTree = "<group>"; };
		9F896A761BA42A1400C9BBA0 /* METMethodInvocation.h */ = {isa = PBXFileReference; fileEncoding = 4; lastKnownFileType = sourcecode.c.h; path = METMethodInvocation.h; sourceTree = "<group>"; };
		9F896A771BA42A1400C9BBA0 /* METMethodInvocation.m */ = {isa = PBXFileReference; fileEncoding = 4; lastKnownFileType = sourcecode.c.objc; path = METMethodInvocation.m; sourceTree = "<group>"; };
		9F896A781BA42A1400C9BBA0 /* METMethodInvocationContext.h */ = {isa = PBXFileReference; fileEncoding = 4; lastKnownFileType = sourcecode.c.h; path = METMethodInvocationContext.h; sourceTree = "<group>"; };
		9F896A791BA42A1400C9BBA0 /* METMethodInvocationContext.m */ = {isa = PBXFileReference; fileEncoding = 4; lastKnownFileType = sourcecode.c.objc; path = METMethodInvocationContext.m; sourceTree = "<group>"; };
		9F896A7A1BA42A1400C9BBA0 /* METMethodInvocationCoordinator_Testing.h */ = {isa = PBXFileReference; fileEncoding = 4; lastKnownFileType = sourcecode.c.h; path = METMethodInvocationCoordinator_Testing.h; sourceTree = "<group>"; };
		9F896A7B1BA42A1400C9BBA0 /* METMethodInvocationCoordinator.h */ = {isa = PBXFileReference; fileEncoding = 4; lastKnownFileType = sourcecode.c.h; path = METMethodInvocationCoordinator.h; sourceTree = "<group>"; };
		9F896A7C1BA42A1400C9BBA0 /* METMethodInvocationCoordinator.m */ = {isa = PBXFileReference; fileEncoding = 4; lastKnownFileType = sourcecode.c.objc; path = METMethodInvocationCoordinator.m; sourceTree = "<group>"; };
		9F896A7D1BA42A1400C9BBA0 /* METNetworkReachabilityManager.h */ = {isa = PBXFileReference; fileEncoding = 4; lastKnownFileType = sourcecode.c.h; path = METNetworkReachabilityManager.h; sourceTree = "<group>"; };
		9F896A7E1BA42A1400C9BBA0 /* METNetworkReachabilityManager.m */ = {isa = PBXFileReference; fileEncoding = 4; lastKnownFileType = sourcecode.c.objc; path = METNetworkReachabilityManager.m; sourceTree = "<group>"; };
		9F896A7F1BA42A1400C9BBA0 /* METRandomStream.h */ = {isa = PBXFileReference; fileEncoding = 4; lastKnownFileType = sourcecode.c.h; path = METRandomStream.h; sourceTree = "<group>"; };
		9F896A801BA42A1400C9BBA0 /* METRandomStream.m */ = {isa = PBXFileReference; fileEncoding = 4; lastKnownFileType = sourcecode.c.objc; path = METRandomStream.m; sourceTree = "<group>"; };
		9F896A811BA42A1400C9BBA0 /* METRandomValueGenerator.h */ = {isa = PBXFileReference; fileEncoding = 4; lastKnownFileType = sourcecode.c.h; path = METRandomValueGenerator.h; sourceTree = "<group>"; };
		9F896A821BA42A1400C9BBA0 /* METRandomValueGenerator.m */ = {isa = PBXFileReference; fileEncoding = 4; lastKnownFileType = sourcecode.c.objc; path = METRandomValueGenerator.m; sourceTree = "<group>"; };
		9F896A831BA42A1400C9BBA0 /* METRetryStrategy.h */ = {isa = PBXFileReference; fileEncoding = 4; lastKnownFileType = sourcecode.c.h; path = METRetryStrategy.h; sourceTree = "<group>"; };
		9F896A841BA42A1400C9BBA0 /* METRetryStrategy.m */ = {isa = PBXFileReference; fileEncoding = 4; lastKnownFileType = sourcecode.c.objc; path = METRetryStrategy.m; sourceTree = "<group>"; };
		9F896A851BA42A1400C9BBA0 /* METSubscription_Internal.h */ = {isa = PBXFileReference; fileEncoding = 4; lastKnownFileType = sourcecode.c.h; path = METSubscription_Internal.h; sourceTree = "<group>"; };
		9F896A861BA42A1400C9BBA0 /* METSubscription.h */ = {isa = PBXFileReference; fileEncoding = 4; lastKnownFileType = sourcecode.c.h; path = METSubscription.h; sourceTree = "<group>"; };
		9F896A871BA42A1400C9BBA0 /* METSubscription.m */ = {isa = PBXFileReference; fileEncoding = 4; lastKnownFileType = sourcecode.c.objc; path = METSubscription.m; sourceTree = "<group>"; };
		9F896A881BA42A1400C9BBA0 /* METSubscriptionManager.h */ = {isa = PBXFileReference; fileEncoding = 4; lastKnownFileType = sourcecode.c.h; path = METSubscriptionManager.h; sourceTree = "<group>"; };
		9F896A891BA42A1400C9BBA0 /* METSubscriptionManager.m */ = {isa = PBXFileReference; fileEncoding = 4; lastKnownFileType = sourcecode.c.objc; path = METSubscriptionManager.m; sourceTree = "<group>"; };
		9F896A8A1BA42A1400C9BBA0 /* METTimer.h */ = {isa = PBXFileReference; fileEncoding = 4; lastKnownFileType = sourcecode.c.h; path = METTimer.h; sourceTree = "<group>"; };
		9F896A8B1BA42A1400C9BBA0 /* METTimer.m */ = {isa = PBXFileReference; fileEncoding = 4; lastKnownFileType = sourcecode.c.objc; path = METTimer.m; sourceTree = "<group>"; };
		9F896A8C1BA42A1400C9BBA0 /* NSArray+METAdditions.h */ = {isa = PBXFileReference; fileEncoding = 4; lastKnownFileType = sourcecode.c.h; path = "NSArray+METAdditions.h"; sourceTree = "<group>"; };
		9F896A8D1BA42A1400C9BBA0 /* NSArray+METAdditions.m */ = {isa = PBXFileReference; fileEncoding = 4; lastKnownFileType = sourcecode.c.objc; path = "NSArray+METAdditions.m"; sourceTree = "<group>"; };
		9F896A8E1BA42A1400C9BBA0 /* NSDictionary+METAdditions.h */ = {isa = PBXFileReference; fileEncoding = 4; lastKnownFileType = sourcecode.c.h; path = "NSDictionary+METAdditions.h"; sourceTree = "<group>"; };
		9F896A8F1BA42A1400C9BBA0 /* NSDictionary+METAdditions.m */ = {isa = PBXFileReference; fileEncoding = 4; lastKnownFileType = sourcecode.c.objc; path = "NSDictionary+METAdditions.m"; sourceTree = "<group>"; };
		9F896A901BA42A1400C9BBA0 /* NSString+METAdditions.h */ = {isa = PBXFileReference; fileEncoding = 4; lastKnownFileType = sourcecode.c.h; path = "NSString+METAdditions.h"; sourceTree = "<group>"; };
		9F896A911BA42A1400C9BBA0 /* NSString+METAdditions.m */ = {isa = PBXFileReference; fileEncoding = 4; lastKnownFileType = sourcecode.c.objc; path = "NSString+METAdditions.m"; sourceTree = "<group>"; };
		9F896ADF1BA42ABC00C9BBA0 /* METAleaRandomValueGeneratorTests.m */ = {isa = PBXFileReference; fileEncoding = 4; lastKnownFileType = sourcecode.c.objc; path = METAleaRandomValueGeneratorTests.m; sourceTree = "<group>"; };
		9F896AE01BA42ABC00C9BBA0 /* METCollectionTests.m */ = {isa = PBXFileReference; fileEncoding = 4; lastKnownFileType = sourcecode.c.objc; path = METCollectionTests.m; sourceTree = "<group>"; };
		9F896AE11BA42ABC00C9BBA0 /* METCoreDataDDPClientTests.m */ = {isa = PBXFileReference; fileEncoding = 4; lastKnownFileType = sourcecode.c.objc; path = METCoreDataDDPClientTests.m; sourceTree = "<group>"; };
		9F896AE21BA42ABC00C9BBA0 /* METDatabaseChangesTests.m */ = {isa = PBXFileReference; fileEncoding = 4; lastKnownFileType = sourcecode.c.objc; path = METDatabaseChangesTests.m; sourceTree = "<group>"; };
		9F896AE31BA42ABC00C9BBA0 /* METDatabaseTests.m */ = {isa = PBXFileReference; fileEncoding = 4; lastKnownFileType = sourcecode.c.objc; path = METDatabaseTests.m; sourceTree = "<group>"; };
		9F896AE41BA42ABC00C9BBA0 /* METDDPClientAccountsTests.m */ = {isa = PBXFileReference; fileEncoding = 4; lastKnownFileType = sourcecode.c.objc; path = METDDPClientAccountsTests.m; sourceTree = "<group>"; };
		9F896AE51BA42ABC00C9BBA0 /* METDDPClientCallingMethods.m */ = {isa = PBXFileReference; fileEncoding = 4; lastKnownFileType = sourcecode.c.objc; path = METDDPClientCallingMethods.m; sourceTree = "<group>"; };
		9F896AE61BA42ABC00C9BBA0 /* METDDPClientConnectingTests.m */ = {isa = PBXFileReference; fileEncoding = 4; lastKnownFileType = sourcecode.c.objc; path = METDDPClientConnectingTests.m; sourceTree = "<group>"; };
		9F896AE71BA42ABC00C9BBA0 /* METDDPClientLatencyCompensationTests.m */ = {isa = PBXFileReference; fileEncoding = 4; lastKnownFileType = sourcecode.c.objc; path = METDDPClientLatencyCompensationTests.m; sourceTree = "<group>"; };
		9F896AE81BA42ABC00C9BBA0 /* METDDPClientManagingDataTests.m */ = {isa = PBXFileReference; fileEncoding = 4; lastKnownFileType = sourcecode.c.objc; path = METDDPClientManagingDataTests.m; sourceTree = "<group>"; };
		9F896AE91BA42ABC00C9BBA0 /* METDDPClientReconnectingTests.m */ = {isa = PBXFileReference; fileEncoding = 4; lastKnownFileType = sourcecode.c.objc; path = METDDPClientReconnectingTests.m; sourceTree = "<group>"; };
		9F896AEA1BA42ABC00C9BBA0 /* METDDPClientTestCase.h */ = {isa = PBXFileReference; fileEncoding = 4; lastKnownFileType = sourcecode.c.h; path = METDDPClientTestCase.h; sourceTree = "<group>"; };
		9F896AEB1BA42ABC00C9BBA0 /* METDDPClientTestCase.m */ = {isa = PBXFileReference; fileEncoding = 4; lastKnownFileType = sourcecode.c.objc; path = METDDPClientTestCase.m; sourceTree = "<group>"; };
		9F896AEC1BA42ABC00C9BBA0 /* METDDPHeartbeatTests.m */ = {isa = PBXFileReference; fileEncoding = 4; lastKnownFileType = sourcecode.c.objc; path = METDDPHeartbeatTests.m; sourceTree = "<group>"; };
		9F896AED1BA42ABC00C9BBA0 /* METDDPMessageTests.m */ = {isa = PBXFileReference; fileEncoding = 4; lastKnownFileType = sourcecode.c.objc; path = METDDPMessageTests.m; sourceTree = "<group>"; };
		9F896AEE1BA42ABC00C9BBA0 /* METDocumentCacheTests.m */ = {isa = PBXFileReference; fileEncoding = 4; lastKnownFileType = sourcecode.c.objc; path = METDocumentCacheTests.m; sourceTree = "<group>"; };
		9F896AEF1BA42ABC00C9BBA0 /* METDocumentChangeDetailsTests.m */ = {isa = PBXFileReference; fileEncoding = 4; lastKnownFileType = sourcecode.c.objc; path = METDocumentChangeDetailsTests.m; sourceTree = "<group>"; };
		9F896AF01BA42ABC00C9BBA0 /* METDynamicVariableTests.m */ = {isa = PBXFileReference; fileEncoding = 4; lastKnownFileType = sourcecode.c.objc; path = METDynamicVariableTests.m; sourceTree = "<group>"; };
		9F896AF11BA42ABC00C9BBA0 /* METEJSONSerializationTests.m */ = {isa = PBXFileReference; fileEncoding = 4; lastKnownFileType = sourcecode.c.objc; path = METEJSONSerializationTests.m; sourceTree = "<group>"; };
		9F896AF21BA42ABC00C9BBA0 /* METIncrementalStoreTests.m */ = {isa = PBXFileReference; fileEncoding = 4; lastKnownFileType = sourcecode.c.objc; path = METIncrementalStoreTests.m; sourceTree = "<group>"; };
		9F896AF31BA42ABC00C9BBA0 /* METMethodInvocationContextTests.m */ = {isa = PBXFileReference; fileEncoding = 4; lastKnownFileType = sourcecode.c.objc; path = METMethodInvocationContextTests.m; sourceTree = "<group>"; };
		9F896AF41BA42ABC00C9BBA0 /* METMethodInvocationCoordinatorTests.m */ = {isa = PBXFileReference; fileEncoding = 4; lastKnownFileType = sourcecode.c.objc; path = METMethodInvocationCoordinatorTests.m; sourceTree = "<group>"; };
		9F896AF51BA42ABC00C9BBA0 /* METMethodInvocationTests.m */ = {isa = PBXFileReference; fileEncoding = 4; lastKnownFileType = sourcecode.c.objc; path = METMethodInvocationTests.m; sourceTree = "<group>"; };
		9F896AF61BA42ABC00C9BBA0 /* METRandomStreamTests.m */ = {isa = PBXFileReference; fileEncoding = 4; lastKnownFileType = sourcecode.c.objc; path = METRandomStreamTests.m; sourceTree = "<group>"; };
		9F896AF71BA42ABC00C9BBA0 /* METRetryStrategyTests.m */ = {isa = PBXFileReference; fileEncoding = 4; lastKnownFileType = sourcecode.c.objc; path = METRetryStrategyTests.m; sourceTree = "<group>"; };
		9F896AF81BA42ABC00C9BBA0 /* METSubscriptionManagerTests.m */ = {isa = PBXFileReference; fileEncoding = 4; lastKnownFileType = sourcecode.c.objc; path = METSubscriptionManagerTests.m; sourceTree = "<group>"; };
		9F896AF91BA42ABC00C9BBA0 /* METTimerTests.m */ = {isa = PBXFileReference; fileEncoding = 4; lastKnownFileType = sourcecode.c.objc; path = METTimerTests.m; sourceTree = "<group>"; };
		9F896B1E1BA42DD800C9BBA0 /* MockMETDDPConnection.h */ = {isa = PBXFileReference; fileEncoding = 4; lastKnownFileType = sourcecode.c.h; path = MockMETDDPConnection.h; sourceTree = "<group>"; };
		9F896B1F1BA42DD800C9BBA0 /* MockMETDDPConnection.m */ = {isa = PBXFileReference; fileEncoding = 4; lastKnownFileType = sourcecode.c.objc; path = MockMETDDPConnection.m; sourceTree = "<group>"; };
		9F896B201BA42DD800C9BBA0 /* XCTAsyncTestCase.h */ = {isa = PBXFileReference; fileEncoding = 4; lastKnownFileType = sourcecode.c.h; path = XCTAsyncTestCase.h; sourceTree = "<group>"; };
		9F896B211BA42DD800C9BBA0 /* XCTAsyncTestCase.m */ = {isa = PBXFileReference; fileEncoding = 4; lastKnownFileType = sourcecode.c.objc; path = XCTAsyncTestCase.m; sourceTree = "<group>"; };
		9F896B221BA42DD800C9BBA0 /* XCTestCase+Meteor.h */ = {isa = PBXFileReference; fileEncoding = 4; lastKnownFileType = sourcecode.c.h; path = "XCTestCase+Meteor.h"; sourceTree = "<group>"; };
		9F896B231BA42DD800C9BBA0 /* XCTestCase+Meteor.m */ = {isa = PBXFileReference; fileEncoding = 4; lastKnownFileType = sourcecode.c.objc; path = "XCTestCase+Meteor.m"; sourceTree = "<group>"; };
		9F896B241BA42DD800C9BBA0 /* XCTFailure.h */ = {isa = PBXFileReference; fileEncoding = 4; lastKnownFileType = sourcecode.c.h; path = XCTFailure.h; sourceTree = "<group>"; };
		9F896B251BA42DD800C9BBA0 /* XCTFailure.m */ = {isa = PBXFileReference; fileEncoding = 4; lastKnownFileType = sourcecode.c.objc; path = XCTFailure.m; sourceTree = "<group>"; };
/* End PBXFileReference section */

/* Begin PBXFrameworksBuildPhase section */
		9F37392E1BA47AC300E1FE15 /* Frameworks */ = {
			isa = PBXFrameworksBuildPhase;
			buildActionMask = 2147483647;
			files = (
				9F3739361BA47AC300E1FE15 /* Meteor.framework in Frameworks */,
			);
			runOnlyForDeploymentPostprocessing = 0;
		};
		9F896A281BA428D400C9BBA0 /* Frameworks */ = {
			isa = PBXFrameworksBuildPhase;
			buildActionMask = 2147483647;
			files = (
				9F3738F51BA4726600E1FE15 /* libz.tbd in Frameworks */,
				9F3738F31BA4724800E1FE15 /* libPocketSocket.a in Frameworks */,
				9F3738BF1BA45D9F00E1FE15 /* CoreData.framework in Frameworks */,
			);
			runOnlyForDeploymentPostprocessing = 0;
		};
		9F896A331BA428D400C9BBA0 /* Frameworks */ = {
			isa = PBXFrameworksBuildPhase;
			buildActionMask = 2147483647;
			files = (
				9F3738C01BA45DA900E1FE15 /* CoreData.framework in Frameworks */,
				9F896A371BA428D400C9BBA0 /* Meteor.framework in Frameworks */,
				9F37390F1BA473E600E1FE15 /* OCMock.framework in Frameworks */,
			);
			runOnlyForDeploymentPostprocessing = 0;
		};
/* End PBXFrameworksBuildPhase section */

/* Begin PBXGroup section */
		9F3738C11BA4707900E1FE15 /* Vendor */ = {
			isa = PBXGroup;
			children = (
				9F3738EA1BA4712E00E1FE15 /* InflectorKit */,
				9F3738DD1BA4711100E1FE15 /* SimpleKeychain */,
				9F3738C21BA470CD00E1FE15 /* PocketSocket.xcodeproj */,
				9F3738F81BA4731500E1FE15 /* OCMock.xcodeproj */,
			);
			path = Vendor;
			sourceTree = "<group>";
		};
		9F3738C31BA470CD00E1FE15 /* Products */ = {
			isa = PBXGroup;
			children = (
				9F3738C81BA470CD00E1FE15 /* libPocketSocket.a */,
				9F3738CA1BA470CD00E1FE15 /* PSAutobahnClientTests.xctest */,
			);
			name = Products;
			sourceTree = "<group>";
		};
		9F3738DD1BA4711100E1FE15 /* SimpleKeychain */ = {
			isa = PBXGroup;
			children = (
				9F3738DF1BA4711100E1FE15 /* A0SimpleKeychain+KeyPair.m */,
				9F3738E11BA4711100E1FE15 /* A0SimpleKeychain.m */,
			);
			name = SimpleKeychain;
			path = SimpleKeychain/SimpleKeychain;
			sourceTree = "<group>";
		};
		9F3738EA1BA4712E00E1FE15 /* InflectorKit */ = {
			isa = PBXGroup;
			children = (
				9F3738EC1BA4712E00E1FE15 /* NSString+InflectorKit.m */,
				9F3738EE1BA4712E00E1FE15 /* TTTStringInflector.m */,
			);
			name = InflectorKit;
			path = InflectorKit/InflectorKit;
			sourceTree = "<group>";
		};
		9F3739101BA4775000E1FE15 /* Fixtures */ = {
			isa = PBXGroup;
			children = (
				9F3739111BA4775000E1FE15 /* Model.xcdatamodeld */,
			);
			path = Fixtures;
			sourceTree = "<group>";
		};
		9F3739151BA477F700E1FE15 /* Products */ = {
			isa = PBXGroup;
			children = (
				9F37391D1BA477F700E1FE15 /* OCMock.framework */,
				9F37391F1BA477F700E1FE15 /* OCMockTests.xctest */,
				9F3739211BA477F700E1FE15 /* libOCMock.a */,
				9F3739231BA477F700E1FE15 /* OCMockLibTests.xctest */,
				9F3739251BA477F700E1FE15 /* OCMock.framework */,
			);
			name = Products;
			sourceTree = "<group>";
		};
		9F3739431BA47B2D00E1FE15 /* Server Integration Tests */ = {
			isa = PBXGroup;
			children = (
				9F3739441BA47B2D00E1FE15 /* Info.plist */,
				9F3739451BA47B2D00E1FE15 /* METAccountsTests.m */,
				9F3739461BA47B2D00E1FE15 /* METCallingMutationMethodsTests.m */,
				9F3739471BA47B2D00E1FE15 /* METDocumentIDGenerationTests.m */,
				9F3739481BA47B2D00E1FE15 /* METServerIntegrationTestCase.h */,
				9F3739491BA47B2D00E1FE15 /* METServerIntegrationTestCase.m */,
				9F37394A1BA47B2D00E1FE15 /* METSubscriptionsTests.m */,
			);
			path = "Server Integration Tests";
			sourceTree = "<group>";
		};
		9F3739A81BA53BE000E1FE15 /* Random */ = {
			isa = PBXGroup;
			children = (
				9F896A7F1BA42A1400C9BBA0 /* METRandomStream.h */,
				9F896A801BA42A1400C9BBA0 /* METRandomStream.m */,
				9F896A811BA42A1400C9BBA0 /* METRandomValueGenerator.h */,
				9F896A821BA42A1400C9BBA0 /* METRandomValueGenerator.m */,
				9F896A481BA42A1400C9BBA0 /* METAleaRandomValueGenerator.h */,
				9F896A491BA42A1400C9BBA0 /* METAleaRandomValueGenerator.m */,
			);
			name = Random;
			sourceTree = "<group>";
		};
		9F3739A91BA53C0000E1FE15 /* DDP */ = {
			isa = PBXGroup;
			children = (
				9F896A5A1BA42A1400C9BBA0 /* METDDPClient.h */,
				9F896A591BA42A1400C9BBA0 /* METDDPClient_Internal.h */,
				9F896A5B1BA42A1400C9BBA0 /* METDDPClient.m */,
				9F896A5E1BA42A1400C9BBA0 /* METDDPConnection.h */,
				9F896A5F1BA42A1400C9BBA0 /* METDDPConnection.m */,
				9F896A601BA42A1400C9BBA0 /* METDDPHeartbeat.h */,
				9F896A611BA42A1400C9BBA0 /* METDDPHeartbeat.m */,
				9F896A621BA42A1400C9BBA0 /* METDDPMessage.h */,
				9F896A631BA42A1400C9BBA0 /* METDDPMessage.m */,
			);
			name = DDP;
			sourceTree = "<group>";
		};
		9F3739AA1BA5416600E1FE15 /* Core Data */ = {
			isa = PBXGroup;
			children = (
				9F896A4F1BA42A1400C9BBA0 /* METCoreDataDDPClient.h */,
				9F896A501BA42A1400C9BBA0 /* METCoreDataDDPClient.m */,
				9F896A731BA42A1400C9BBA0 /* METIncrementalStore.h */,
				9F896A721BA42A1400C9BBA0 /* METIncrementalStore_Testing.h */,
				9F896A741BA42A1400C9BBA0 /* METIncrementalStore.m */,
			);
			name = "Core Data";
			sourceTree = "<group>";
		};
		9F3739AB1BA541A700E1FE15 /* Foundation Extensions */ = {
			isa = PBXGroup;
			children = (
				9F896A8C1BA42A1400C9BBA0 /* NSArray+METAdditions.h */,
				9F896A8D1BA42A1400C9BBA0 /* NSArray+METAdditions.m */,
				9F896A8E1BA42A1400C9BBA0 /* NSDictionary+METAdditions.h */,
				9F896A8F1BA42A1400C9BBA0 /* NSDictionary+METAdditions.m */,
				9F896A901BA42A1400C9BBA0 /* NSString+METAdditions.h */,
				9F896A911BA42A1400C9BBA0 /* NSString+METAdditions.m */,
			);
			name = "Foundation Extensions";
			sourceTree = "<group>";
		};
		9F3739AC1BA541CF00E1FE15 /* Subscriptions */ = {
			isa = PBXGroup;
			children = (
				9F896A861BA42A1400C9BBA0 /* METSubscription.h */,
				9F896A851BA42A1400C9BBA0 /* METSubscription_Internal.h */,
				9F896A871BA42A1400C9BBA0 /* METSubscription.m */,
				9F896A881BA42A1400C9BBA0 /* METSubscriptionManager.h */,
				9F896A891BA42A1400C9BBA0 /* METSubscriptionManager.m */,
			);
			name = Subscriptions;
			sourceTree = "<group>";
		};
		9F3739AD1BA541DB00E1FE15 /* Method Invocations */ = {
			isa = PBXGroup;
			children = (
				9F896A761BA42A1400C9BBA0 /* METMethodInvocation.h */,
				9F896A751BA42A1400C9BBA0 /* METMethodInvocation_Internal.h */,
				9F896A771BA42A1400C9BBA0 /* METMethodInvocation.m */,
				9F896A781BA42A1400C9BBA0 /* METMethodInvocationContext.h */,
				9F896A791BA42A1400C9BBA0 /* METMethodInvocationContext.m */,
				9F896A7B1BA42A1400C9BBA0 /* METMethodInvocationCoordinator.h */,
				9F896A7A1BA42A1400C9BBA0 /* METMethodInvocationCoordinator_Testing.h */,
				9F896A7C1BA42A1400C9BBA0 /* METMethodInvocationCoordinator.m */,
			);
			name = "Method Invocations";
			sourceTree = "<group>";
		};
		9F3739AE1BA5421600E1FE15 /* Accounts */ = {
			isa = PBXGroup;
			children = (
				9F896A461BA42A1400C9BBA0 /* METAccount.h */,
				9F896A471BA42A1400C9BBA0 /* METAccount.m */,
				9F896A5C1BA42A1400C9BBA0 /* METDDPClient+AccountsPassword.h */,
				9F896A5D1BA42A1400C9BBA0 /* METDDPClient+AccountsPassword.m */,
			);
			name = Accounts;
			sourceTree = "<group>";
		};
		9F3739AF1BA542A500E1FE15 /* Utility */ = {
			isa = PBXGroup;
			children = (
				9F3739AB1BA541A700E1FE15 /* Foundation Extensions */,
				9F3739A81BA53BE000E1FE15 /* Random */,
				9F896A6C1BA42A1400C9BBA0 /* METDynamicVariable.h */,
				9F896A6D1BA42A1400C9BBA0 /* METDynamicVariable.m */,
				9F896A6E1BA42A1400C9BBA0 /* METEJSONSerialization.h */,
				9F896A6F1BA42A1400C9BBA0 /* METEJSONSerialization.m */,
				9F896A7D1BA42A1400C9BBA0 /* METNetworkReachabilityManager.h */,
				9F896A7E1BA42A1400C9BBA0 /* METNetworkReachabilityManager.m */,
				9F896A831BA42A1400C9BBA0 /* METRetryStrategy.h */,
				9F896A841BA42A1400C9BBA0 /* METRetryStrategy.m */,
				9F896A8A1BA42A1400C9BBA0 /* METTimer.h */,
				9F896A8B1BA42A1400C9BBA0 /* METTimer.m */,
			);
			name = Utility;
			sourceTree = "<group>";
		};
		9F3739B01BA542BA00E1FE15 /* Database */ = {
			isa = PBXGroup;
			children = (
				9F896A521BA42A1400C9BBA0 /* METDatabase.h */,
				9F896A511BA42A1400C9BBA0 /* METDatabase_Internal.h */,
				9F896A531BA42A1400C9BBA0 /* METDatabase.m */,
				9F896A701BA42A1400C9BBA0 /* METFetchRequest.h */,
				9F896A711BA42A1400C9BBA0 /* METFetchRequest.m */,
				9F896A4D1BA42A1400C9BBA0 /* METCollection.h */,
				9F896A4C1BA42A1400C9BBA0 /* METCollection_Internal.h */,
				9F896A4E1BA42A1400C9BBA0 /* METCollection.m */,
				9F896A6A1BA42A1400C9BBA0 /* METDocumentKey.h */,
				9F896A6B1BA42A1400C9BBA0 /* METDocumentKey.m */,
				9F896A641BA42A1400C9BBA0 /* METDocument.h */,
				9F896A651BA42A1400C9BBA0 /* METDocument.m */,
				9F896A571BA42A1400C9BBA0 /* METDataUpdate.h */,
				9F896A581BA42A1400C9BBA0 /* METDataUpdate.m */,
				9F896A661BA42A1400C9BBA0 /* METDocumentCache.h */,
				9F896A671BA42A1400C9BBA0 /* METDocumentCache.m */,
				9F896A4A1BA42A1400C9BBA0 /* METBufferedDocument.h */,
				9F896A4B1BA42A1400C9BBA0 /* METBufferedDocument.m */,
				9F896A551BA42A1400C9BBA0 /* METDatabaseChanges.h */,
				9F896A541BA42A1400C9BBA0 /* METDatabaseChanges_Internal.h */,
				9F896A561BA42A1400C9BBA0 /* METDatabaseChanges.m */,
				9F896A681BA42A1400C9BBA0 /* METDocumentChangeDetails.h */,
				9F896A691BA42A1400C9BBA0 /* METDocumentChangeDetails.m */,
			);
			name = Database;
			sourceTree = "<group>";
		};
		9F896A221BA428D400C9BBA0 = {
			isa = PBXGroup;
			children = (
				9F896A2E1BA428D400C9BBA0 /* Meteor */,
				9F896ADE1BA42A8500C9BBA0 /* Tests */,
				9F3738C11BA4707900E1FE15 /* Vendor */,
				9F896B1C1BA42D2C00C9BBA0 /* Frameworks */,
				9F896A2D1BA428D400C9BBA0 /* Products */,
			);
			sourceTree = "<group>";
		};
		9F896A2D1BA428D400C9BBA0 /* Products */ = {
			isa = PBXGroup;
			children = (
				9F896A2C1BA428D400C9BBA0 /* Meteor.framework */,
				9F896A361BA428D400C9BBA0 /* Unit Tests (iOS).xctest */,
				9F3739311BA47AC300E1FE15 /* Server Integration Tests (iOS).xctest */,
			);
			name = Products;
			sourceTree = "<group>";
		};
		9F896A2E1BA428D400C9BBA0 /* Meteor */ = {
			isa = PBXGroup;
			children = (
				9F896A311BA428D400C9BBA0 /* Info.plist */,
				9F896A2F1BA428D400C9BBA0 /* Meteor.h */,
				9F3739A91BA53C0000E1FE15 /* DDP */,
				9F3739B01BA542BA00E1FE15 /* Database */,
				9F3739AC1BA541CF00E1FE15 /* Subscriptions */,
				9F3739AD1BA541DB00E1FE15 /* Method Invocations */,
				9F3739AA1BA5416600E1FE15 /* Core Data */,
				9F3739AE1BA5421600E1FE15 /* Accounts */,
				9F3739AF1BA542A500E1FE15 /* Utility */,
			);
			path = Meteor;
			sourceTree = "<group>";
		};
		9F896A3A1BA428D400C9BBA0 /* Unit Tests */ = {
			isa = PBXGroup;
			children = (
				9F896A3D1BA428D400C9BBA0 /* Info.plist */,
				9F896ADF1BA42ABC00C9BBA0 /* METAleaRandomValueGeneratorTests.m */,
				9F896AE01BA42ABC00C9BBA0 /* METCollectionTests.m */,
				9F896AE11BA42ABC00C9BBA0 /* METCoreDataDDPClientTests.m */,
				9F896AE21BA42ABC00C9BBA0 /* METDatabaseChangesTests.m */,
				9F896AE31BA42ABC00C9BBA0 /* METDatabaseTests.m */,
				9F896AE41BA42ABC00C9BBA0 /* METDDPClientAccountsTests.m */,
				9F896AE51BA42ABC00C9BBA0 /* METDDPClientCallingMethods.m */,
				9F896AE61BA42ABC00C9BBA0 /* METDDPClientConnectingTests.m */,
				9F896AE71BA42ABC00C9BBA0 /* METDDPClientLatencyCompensationTests.m */,
				9F896AE81BA42ABC00C9BBA0 /* METDDPClientManagingDataTests.m */,
				9F896AE91BA42ABC00C9BBA0 /* METDDPClientReconnectingTests.m */,
				9F896AEA1BA42ABC00C9BBA0 /* METDDPClientTestCase.h */,
				9F896AEB1BA42ABC00C9BBA0 /* METDDPClientTestCase.m */,
				9F896AEC1BA42ABC00C9BBA0 /* METDDPHeartbeatTests.m */,
				9F896AED1BA42ABC00C9BBA0 /* METDDPMessageTests.m */,
				9F896AEE1BA42ABC00C9BBA0 /* METDocumentCacheTests.m */,
				9F896AEF1BA42ABC00C9BBA0 /* METDocumentChangeDetailsTests.m */,
				9F896AF01BA42ABC00C9BBA0 /* METDynamicVariableTests.m */,
				9F896AF11BA42ABC00C9BBA0 /* METEJSONSerializationTests.m */,
				9F896AF21BA42ABC00C9BBA0 /* METIncrementalStoreTests.m */,
				9F896AF31BA42ABC00C9BBA0 /* METMethodInvocationContextTests.m */,
				9F896AF41BA42ABC00C9BBA0 /* METMethodInvocationCoordinatorTests.m */,
				9F896AF51BA42ABC00C9BBA0 /* METMethodInvocationTests.m */,
				9F896AF61BA42ABC00C9BBA0 /* METRandomStreamTests.m */,
				9F896AF71BA42ABC00C9BBA0 /* METRetryStrategyTests.m */,
				9F896AF81BA42ABC00C9BBA0 /* METSubscriptionManagerTests.m */,
				9F896AF91BA42ABC00C9BBA0 /* METTimerTests.m */,
			);
			path = "Unit Tests";
			sourceTree = "<group>";
		};
		9F896ADE1BA42A8500C9BBA0 /* Tests */ = {
			isa = PBXGroup;
			children = (
				9F896A3A1BA428D400C9BBA0 /* Unit Tests */,
				9F3739431BA47B2D00E1FE15 /* Server Integration Tests */,
				9F896B1D1BA42DD800C9BBA0 /* Shared */,
				9F3739101BA4775000E1FE15 /* Fixtures */,
			);
			path = Tests;
			sourceTree = "<group>";
		};
		9F896B1C1BA42D2C00C9BBA0 /* Frameworks */ = {
			isa = PBXGroup;
			children = (
				9F37390E1BA473E600E1FE15 /* OCMock.framework */,
				9F3738F41BA4726600E1FE15 /* libz.tbd */,
				9F3738BE1BA45D9F00E1FE15 /* CoreData.framework */,
			);
			name = Frameworks;
			sourceTree = "<group>";
		};
		9F896B1D1BA42DD800C9BBA0 /* Shared */ = {
			isa = PBXGroup;
			children = (
				9F896B1E1BA42DD800C9BBA0 /* MockMETDDPConnection.h */,
				9F896B1F1BA42DD800C9BBA0 /* MockMETDDPConnection.m */,
				9F896B201BA42DD800C9BBA0 /* XCTAsyncTestCase.h */,
				9F896B211BA42DD800C9BBA0 /* XCTAsyncTestCase.m */,
				9F896B221BA42DD800C9BBA0 /* XCTestCase+Meteor.h */,
				9F896B231BA42DD800C9BBA0 /* XCTestCase+Meteor.m */,
				9F896B241BA42DD800C9BBA0 /* XCTFailure.h */,
				9F896B251BA42DD800C9BBA0 /* XCTFailure.m */,
			);
			path = Shared;
			sourceTree = "<group>";
		};
/* End PBXGroup section */

/* Begin PBXHeadersBuildPhase section */
		9F896A291BA428D400C9BBA0 /* Headers */ = {
			isa = PBXHeadersBuildPhase;
			buildActionMask = 2147483647;
			files = (
				9F896ABA1BA42A1400C9BBA0 /* METEJSONSerialization.h in Headers */,
				9F896AB61BA42A1400C9BBA0 /* METDocumentKey.h in Headers */,
				9F896AD21BA42A1400C9BBA0 /* METSubscription.h in Headers */,
				9F896A9B1BA42A1400C9BBA0 /* METCoreDataDDPClient.h in Headers */,
				9F896AB01BA42A1400C9BBA0 /* METDocument.h in Headers */,
				9F896AA11BA42A1400C9BBA0 /* METDatabaseChanges.h in Headers */,
				9F896AA81BA42A1400C9BBA0 /* METDDPClient+AccountsPassword.h in Headers */,
				9F896AA61BA42A1400C9BBA0 /* METDDPClient.h in Headers */,
				9F896A921BA42A1400C9BBA0 /* METAccount.h in Headers */,
				9F896A991BA42A1400C9BBA0 /* METCollection.h in Headers */,
				9F896A9E1BA42A1400C9BBA0 /* METDatabase.h in Headers */,
				9F896ABF1BA42A1400C9BBA0 /* METIncrementalStore.h in Headers */,
				9F896AB41BA42A1400C9BBA0 /* METDocumentChangeDetails.h in Headers */,
				9F896A301BA428D400C9BBA0 /* Meteor.h in Headers */,
				9F896AB81BA42A1400C9BBA0 /* METDynamicVariable.h in Headers */,
				9F896AC11BA42A1400C9BBA0 /* METMethodInvocation_Internal.h in Headers */,
				9F896ACD1BA42A1400C9BBA0 /* METRandomValueGenerator.h in Headers */,
				9F896A941BA42A1400C9BBA0 /* METAleaRandomValueGenerator.h in Headers */,
				9F896AA01BA42A1400C9BBA0 /* METDatabaseChanges_Internal.h in Headers */,
				9F896AAA1BA42A1400C9BBA0 /* METDDPConnection.h in Headers */,
				9F896ABC1BA42A1400C9BBA0 /* METFetchRequest.h in Headers */,
				9F896AC21BA42A1400C9BBA0 /* METMethodInvocation.h in Headers */,
				9F896AD11BA42A1400C9BBA0 /* METSubscription_Internal.h in Headers */,
				9F896AC91BA42A1400C9BBA0 /* METNetworkReachabilityManager.h in Headers */,
				9F896ADA1BA42A1400C9BBA0 /* NSDictionary+METAdditions.h in Headers */,
				9F896ADC1BA42A1400C9BBA0 /* NSString+METAdditions.h in Headers */,
				9F896A9D1BA42A1400C9BBA0 /* METDatabase_Internal.h in Headers */,
				9F896AC61BA42A1400C9BBA0 /* METMethodInvocationCoordinator_Testing.h in Headers */,
				9F896AC41BA42A1400C9BBA0 /* METMethodInvocationContext.h in Headers */,
				9F896A961BA42A1400C9BBA0 /* METBufferedDocument.h in Headers */,
				9F896ACB1BA42A1400C9BBA0 /* METRandomStream.h in Headers */,
				9F896AD41BA42A1400C9BBA0 /* METSubscriptionManager.h in Headers */,
				9F896AA31BA42A1400C9BBA0 /* METDataUpdate.h in Headers */,
				9F896AC71BA42A1400C9BBA0 /* METMethodInvocationCoordinator.h in Headers */,
				9F896AB21BA42A1400C9BBA0 /* METDocumentCache.h in Headers */,
				9F896ACF1BA42A1400C9BBA0 /* METRetryStrategy.h in Headers */,
				9F896AA51BA42A1400C9BBA0 /* METDDPClient_Internal.h in Headers */,
				9F896ABE1BA42A1400C9BBA0 /* METIncrementalStore_Testing.h in Headers */,
				9F896A981BA42A1400C9BBA0 /* METCollection_Internal.h in Headers */,
				9F896AAE1BA42A1400C9BBA0 /* METDDPMessage.h in Headers */,
				9F896AAC1BA42A1400C9BBA0 /* METDDPHeartbeat.h in Headers */,
				9F896AD81BA42A1400C9BBA0 /* NSArray+METAdditions.h in Headers */,
				9F896AD61BA42A1400C9BBA0 /* METTimer.h in Headers */,
			);
			runOnlyForDeploymentPostprocessing = 0;
		};
/* End PBXHeadersBuildPhase section */

/* Begin PBXNativeTarget section */
		9F3739301BA47AC300E1FE15 /* Server Integration Tests (iOS) */ = {
			isa = PBXNativeTarget;
			buildConfigurationList = 9F3739421BA47AC300E1FE15 /* Build configuration list for PBXNativeTarget "Server Integration Tests (iOS)" */;
			buildPhases = (
				9F37392D1BA47AC300E1FE15 /* Sources */,
				9F37392E1BA47AC300E1FE15 /* Frameworks */,
				9F37392F1BA47AC300E1FE15 /* Resources */,
			);
			buildRules = (
			);
			dependencies = (
				9F3739381BA47AC300E1FE15 /* PBXTargetDependency */,
			);
			name = "Server Integration Tests (iOS)";
			productName = MeteorServerIntegrationTests;
			productReference = 9F3739311BA47AC300E1FE15 /* Server Integration Tests (iOS).xctest */;
			productType = "com.apple.product-type.bundle.unit-test";
		};
		9F896A2B1BA428D400C9BBA0 /* Meteor iOS */ = {
			isa = PBXNativeTarget;
			buildConfigurationList = 9F896A401BA428D400C9BBA0 /* Build configuration list for PBXNativeTarget "Meteor iOS" */;
			buildPhases = (
				9F896A271BA428D400C9BBA0 /* Sources */,
				9F896A281BA428D400C9BBA0 /* Frameworks */,
				9F896A291BA428D400C9BBA0 /* Headers */,
				9F896A2A1BA428D400C9BBA0 /* Resources */,
			);
			buildRules = (
			);
			dependencies = (
			);
			name = "Meteor iOS";
			productName = Meteor;
			productReference = 9F896A2C1BA428D400C9BBA0 /* Meteor.framework */;
			productType = "com.apple.product-type.framework";
		};
		9F896A351BA428D400C9BBA0 /* Unit Tests (iOS) */ = {
			isa = PBXNativeTarget;
			buildConfigurationList = 9F896A431BA428D400C9BBA0 /* Build configuration list for PBXNativeTarget "Unit Tests (iOS)" */;
			buildPhases = (
				9F896A321BA428D400C9BBA0 /* Sources */,
				9F896A331BA428D400C9BBA0 /* Frameworks */,
				9F896A341BA428D400C9BBA0 /* Resources */,
			);
			buildRules = (
			);
			dependencies = (
				9F896A391BA428D400C9BBA0 /* PBXTargetDependency */,
			);
			name = "Unit Tests (iOS)";
			productName = MeteorTests;
			productReference = 9F896A361BA428D400C9BBA0 /* Unit Tests (iOS).xctest */;
			productType = "com.apple.product-type.bundle.unit-test";
		};
/* End PBXNativeTarget section */

/* Begin PBXProject section */
		9F896A231BA428D400C9BBA0 /* Project object */ = {
			isa = PBXProject;
			attributes = {
				LastUpgradeCheck = 0700;
				ORGANIZATIONNAME = Meteor;
				TargetAttributes = {
					9F3739301BA47AC300E1FE15 = {
						CreatedOnToolsVersion = 7.0;
					};
					9F896A2B1BA428D400C9BBA0 = {
						CreatedOnToolsVersion = 7.0;
					};
					9F896A351BA428D400C9BBA0 = {
						CreatedOnToolsVersion = 7.0;
					};
				};
			};
			buildConfigurationList = 9F896A261BA428D400C9BBA0 /* Build configuration list for PBXProject "Meteor" */;
			compatibilityVersion = "Xcode 3.2";
			developmentRegion = English;
			hasScannedForEncodings = 0;
			knownRegions = (
				en,
			);
			mainGroup = 9F896A221BA428D400C9BBA0;
			productRefGroup = 9F896A2D1BA428D400C9BBA0 /* Products */;
			projectDirPath = "";
			projectReferences = (
				{
					ProductGroup = 9F3739151BA477F700E1FE15 /* Products */;
					ProjectRef = 9F3738F81BA4731500E1FE15 /* OCMock.xcodeproj */;
				},
				{
					ProductGroup = 9F3738C31BA470CD00E1FE15 /* Products */;
					ProjectRef = 9F3738C21BA470CD00E1FE15 /* PocketSocket.xcodeproj */;
				},
			);
			projectRoot = "";
			targets = (
				9F896A2B1BA428D400C9BBA0 /* Meteor iOS */,
				9F896A351BA428D400C9BBA0 /* Unit Tests (iOS) */,
				9F3739301BA47AC300E1FE15 /* Server Integration Tests (iOS) */,
			);
		};
/* End PBXProject section */

/* Begin PBXReferenceProxy section */
		9F3738C81BA470CD00E1FE15 /* libPocketSocket.a */ = {
			isa = PBXReferenceProxy;
			fileType = archive.ar;
			path = libPocketSocket.a;
			remoteRef = 9F3738C71BA470CD00E1FE15 /* PBXContainerItemProxy */;
			sourceTree = BUILT_PRODUCTS_DIR;
		};
		9F3738CA1BA470CD00E1FE15 /* PSAutobahnClientTests.xctest */ = {
			isa = PBXReferenceProxy;
			fileType = wrapper.cfbundle;
			path = PSAutobahnClientTests.xctest;
			remoteRef = 9F3738C91BA470CD00E1FE15 /* PBXContainerItemProxy */;
			sourceTree = BUILT_PRODUCTS_DIR;
		};
		9F37391D1BA477F700E1FE15 /* OCMock.framework */ = {
			isa = PBXReferenceProxy;
			fileType = wrapper.framework;
			path = OCMock.framework;
			remoteRef = 9F37391C1BA477F700E1FE15 /* PBXContainerItemProxy */;
			sourceTree = BUILT_PRODUCTS_DIR;
		};
		9F37391F1BA477F700E1FE15 /* OCMockTests.xctest */ = {
			isa = PBXReferenceProxy;
			fileType = wrapper.cfbundle;
			path = OCMockTests.xctest;
			remoteRef = 9F37391E1BA477F700E1FE15 /* PBXContainerItemProxy */;
			sourceTree = BUILT_PRODUCTS_DIR;
		};
		9F3739211BA477F700E1FE15 /* libOCMock.a */ = {
			isa = PBXReferenceProxy;
			fileType = archive.ar;
			path = libOCMock.a;
			remoteRef = 9F3739201BA477F700E1FE15 /* PBXContainerItemProxy */;
			sourceTree = BUILT_PRODUCTS_DIR;
		};
		9F3739231BA477F700E1FE15 /* OCMockLibTests.xctest */ = {
			isa = PBXReferenceProxy;
			fileType = wrapper.cfbundle;
			path = OCMockLibTests.xctest;
			remoteRef = 9F3739221BA477F700E1FE15 /* PBXContainerItemProxy */;
			sourceTree = BUILT_PRODUCTS_DIR;
		};
		9F3739251BA477F700E1FE15 /* OCMock.framework */ = {
			isa = PBXReferenceProxy;
			fileType = wrapper.framework;
			path = OCMock.framework;
			remoteRef = 9F3739241BA477F700E1FE15 /* PBXContainerItemProxy */;
			sourceTree = BUILT_PRODUCTS_DIR;
		};
/* End PBXReferenceProxy section */

/* Begin PBXResourcesBuildPhase section */
		9F37392F1BA47AC300E1FE15 /* Resources */ = {
			isa = PBXResourcesBuildPhase;
			buildActionMask = 2147483647;
			files = (
			);
			runOnlyForDeploymentPostprocessing = 0;
		};
		9F896A2A1BA428D400C9BBA0 /* Resources */ = {
			isa = PBXResourcesBuildPhase;
			buildActionMask = 2147483647;
			files = (
			);
			runOnlyForDeploymentPostprocessing = 0;
		};
		9F896A341BA428D400C9BBA0 /* Resources */ = {
			isa = PBXResourcesBuildPhase;
			buildActionMask = 2147483647;
			files = (
			);
			runOnlyForDeploymentPostprocessing = 0;
		};
/* End PBXResourcesBuildPhase section */

/* Begin PBXSourcesBuildPhase section */
		9F37392D1BA47AC300E1FE15 /* Sources */ = {
			isa = PBXSourcesBuildPhase;
			buildActionMask = 2147483647;
			files = (
				9F37394D1BA47B2D00E1FE15 /* METCallingMutationMethodsTests.m in Sources */,
				9F37394E1BA47B2D00E1FE15 /* METDocumentIDGenerationTests.m in Sources */,
				9F37394F1BA47B2D00E1FE15 /* METServerIntegrationTestCase.m in Sources */,
				9F37394C1BA47B2D00E1FE15 /* METAccountsTests.m in Sources */,
				9F3739501BA47B2D00E1FE15 /* METSubscriptionsTests.m in Sources */,
			);
			runOnlyForDeploymentPostprocessing = 0;
		};
		9F896A271BA428D400C9BBA0 /* Sources */ = {
			isa = PBXSourcesBuildPhase;
			buildActionMask = 2147483647;
			files = (
				9F896AC81BA42A1400C9BBA0 /* METMethodInvocationCoordinator.m in Sources */,
				9F896AD91BA42A1400C9BBA0 /* NSArray+METAdditions.m in Sources */,
				9F896A9A1BA42A1400C9BBA0 /* METCollection.m in Sources */,
				9F896AC01BA42A1400C9BBA0 /* METIncrementalStore.m in Sources */,
				9F896ABD1BA42A1400C9BBA0 /* METFetchRequest.m in Sources */,
				9F896ACA1BA42A1400C9BBA0 /* METNetworkReachabilityManager.m in Sources */,
				9F896AAB1BA42A1400C9BBA0 /* METDDPConnection.m in Sources */,
				9F896AB71BA42A1400C9BBA0 /* METDocumentKey.m in Sources */,
				9F896AAD1BA42A1400C9BBA0 /* METDDPHeartbeat.m in Sources */,
				9F3738F01BA4712E00E1FE15 /* NSString+InflectorKit.m in Sources */,
				9F896AD01BA42A1400C9BBA0 /* METRetryStrategy.m in Sources */,
				9F896AAF1BA42A1400C9BBA0 /* METDDPMessage.m in Sources */,
				9F896ACC1BA42A1400C9BBA0 /* METRandomStream.m in Sources */,
				9F896A951BA42A1400C9BBA0 /* METAleaRandomValueGenerator.m in Sources */,
				9F896AA21BA42A1400C9BBA0 /* METDatabaseChanges.m in Sources */,
				9F896AC51BA42A1400C9BBA0 /* METMethodInvocationContext.m in Sources */,
				9F896AB51BA42A1400C9BBA0 /* METDocumentChangeDetails.m in Sources */,
				9F896AA91BA42A1400C9BBA0 /* METDDPClient+AccountsPassword.m in Sources */,
				9F896AD71BA42A1400C9BBA0 /* METTimer.m in Sources */,
				9F896A931BA42A1400C9BBA0 /* METAccount.m in Sources */,
				9F896A971BA42A1400C9BBA0 /* METBufferedDocument.m in Sources */,
				9F896ADB1BA42A1400C9BBA0 /* NSDictionary+METAdditions.m in Sources */,
				9F896AC31BA42A1400C9BBA0 /* METMethodInvocation.m in Sources */,
				9F896AA41BA42A1400C9BBA0 /* METDataUpdate.m in Sources */,
				9F896AD31BA42A1400C9BBA0 /* METSubscription.m in Sources */,
				9F896ABB1BA42A1400C9BBA0 /* METEJSONSerialization.m in Sources */,
				9F3738F21BA4712E00E1FE15 /* TTTStringInflector.m in Sources */,
				9F896AA71BA42A1400C9BBA0 /* METDDPClient.m in Sources */,
				9F896AB11BA42A1400C9BBA0 /* METDocument.m in Sources */,
				9F3738E51BA4711100E1FE15 /* A0SimpleKeychain+KeyPair.m in Sources */,
				9F3738E71BA4711100E1FE15 /* A0SimpleKeychain.m in Sources */,
				9F896A9C1BA42A1400C9BBA0 /* METCoreDataDDPClient.m in Sources */,
				9F896ADD1BA42A1400C9BBA0 /* NSString+METAdditions.m in Sources */,
				9F896AB31BA42A1400C9BBA0 /* METDocumentCache.m in Sources */,
				9F896AB91BA42A1400C9BBA0 /* METDynamicVariable.m in Sources */,
				9F896AD51BA42A1400C9BBA0 /* METSubscriptionManager.m in Sources */,
				9F896A9F1BA42A1400C9BBA0 /* METDatabase.m in Sources */,
				9F896ACE1BA42A1400C9BBA0 /* METRandomValueGenerator.m in Sources */,
			);
			runOnlyForDeploymentPostprocessing = 0;
		};
		9F896A321BA428D400C9BBA0 /* Sources */ = {
			isa = PBXSourcesBuildPhase;
			buildActionMask = 2147483647;
			files = (
				9F896B021BA42ABC00C9BBA0 /* METDDPClientLatencyCompensationTests.m in Sources */,
				9F896B0E1BA42ABC00C9BBA0 /* METMethodInvocationCoordinatorTests.m in Sources */,
				9F896B011BA42ABC00C9BBA0 /* METDDPClientConnectingTests.m in Sources */,
				9F896AFF1BA42ABC00C9BBA0 /* METDDPClientAccountsTests.m in Sources */,
				9F896B041BA42ABC00C9BBA0 /* METDDPClientReconnectingTests.m in Sources */,
				9F896B0F1BA42ABC00C9BBA0 /* METMethodInvocationTests.m in Sources */,
				9F896AFE1BA42ABC00C9BBA0 /* METDatabaseTests.m in Sources */,
				9F896AFB1BA42ABC00C9BBA0 /* METCollectionTests.m in Sources */,
				9F896B051BA42ABC00C9BBA0 /* METDDPClientTestCase.m in Sources */,
				9F896B0C1BA42ABC00C9BBA0 /* METIncrementalStoreTests.m in Sources */,
				9F896B001BA42ABC00C9BBA0 /* METDDPClientCallingMethods.m in Sources */,
				9F896B121BA42ABC00C9BBA0 /* METSubscriptionManagerTests.m in Sources */,
				9F896AFA1BA42ABC00C9BBA0 /* METAleaRandomValueGeneratorTests.m in Sources */,
				9F896AFC1BA42ABC00C9BBA0 /* METCoreDataDDPClientTests.m in Sources */,
				9F896B061BA42ABC00C9BBA0 /* METDDPHeartbeatTests.m in Sources */,
				9F896B081BA42ABC00C9BBA0 /* METDocumentCacheTests.m in Sources */,
				9F896B071BA42ABC00C9BBA0 /* METDDPMessageTests.m in Sources */,
				9F896B261BA42DD800C9BBA0 /* MockMETDDPConnection.m in Sources */,
				9F896B101BA42ABC00C9BBA0 /* METRandomStreamTests.m in Sources */,
				9F896B031BA42ABC00C9BBA0 /* METDDPClientManagingDataTests.m in Sources */,
				9F3739131BA4775000E1FE15 /* Model.xcdatamodeld in Sources */,
				9F896B0D1BA42ABC00C9BBA0 /* METMethodInvocationContextTests.m in Sources */,
				9F896B0A1BA42ABC00C9BBA0 /* METDynamicVariableTests.m in Sources */,
				9F896B281BA42DD800C9BBA0 /* XCTestCase+Meteor.m in Sources */,
				9F896B271BA42DD800C9BBA0 /* XCTAsyncTestCase.m in Sources */,
				9F896B291BA42DD800C9BBA0 /* XCTFailure.m in Sources */,
				9F896B111BA42ABC00C9BBA0 /* METRetryStrategyTests.m in Sources */,
				9F896B131BA42ABC00C9BBA0 /* METTimerTests.m in Sources */,
				9F896B091BA42ABC00C9BBA0 /* METDocumentChangeDetailsTests.m in Sources */,
				9F896AFD1BA42ABC00C9BBA0 /* METDatabaseChangesTests.m in Sources */,
				9F896B0B1BA42ABC00C9BBA0 /* METEJSONSerializationTests.m in Sources */,
			);
			runOnlyForDeploymentPostprocessing = 0;
		};
/* End PBXSourcesBuildPhase section */

/* Begin PBXTargetDependency section */
		9F3739381BA47AC300E1FE15 /* PBXTargetDependency */ = {
			isa = PBXTargetDependency;
			target = 9F896A2B1BA428D400C9BBA0 /* Meteor iOS */;
			targetProxy = 9F3739371BA47AC300E1FE15 /* PBXContainerItemProxy */;
		};
		9F896A391BA428D400C9BBA0 /* PBXTargetDependency */ = {
			isa = PBXTargetDependency;
			target = 9F896A2B1BA428D400C9BBA0 /* Meteor iOS */;
			targetProxy = 9F896A381BA428D400C9BBA0 /* PBXContainerItemProxy */;
		};
/* End PBXTargetDependency section */

/* Begin XCBuildConfiguration section */
		9F3739391BA47AC300E1FE15 /* Debug */ = {
			isa = XCBuildConfiguration;
			buildSettings = {
				INFOPLIST_FILE = "Tests/Server Integration Tests/Info.plist";
				LD_RUNPATH_SEARCH_PATHS = "$(inherited) @executable_path/Frameworks @loader_path/Frameworks";
				PRODUCT_BUNDLE_IDENTIFIER = com.meteor.MeteorServerIntegrationTests;
				PRODUCT_NAME = "$(TARGET_NAME)";
			};
			name = Debug;
		};
		9F37393A1BA47AC300E1FE15 /* Release */ = {
			isa = XCBuildConfiguration;
			buildSettings = {
				INFOPLIST_FILE = "Tests/Server Integration Tests/Info.plist";
				LD_RUNPATH_SEARCH_PATHS = "$(inherited) @executable_path/Frameworks @loader_path/Frameworks";
				PRODUCT_BUNDLE_IDENTIFIER = com.meteor.MeteorServerIntegrationTests;
				PRODUCT_NAME = "$(TARGET_NAME)";
			};
			name = Release;
		};
		9F896A3E1BA428D400C9BBA0 /* Debug */ = {
			isa = XCBuildConfiguration;
			buildSettings = {
				ALWAYS_SEARCH_USER_PATHS = NO;
				CLANG_CXX_LANGUAGE_STANDARD = "gnu++0x";
				CLANG_CXX_LIBRARY = "libc++";
				CLANG_ENABLE_MODULES = YES;
				CLANG_ENABLE_OBJC_ARC = YES;
				CLANG_WARN_BOOL_CONVERSION = YES;
				CLANG_WARN_CONSTANT_CONVERSION = YES;
				CLANG_WARN_DIRECT_OBJC_ISA_USAGE = YES_ERROR;
				CLANG_WARN_EMPTY_BODY = YES;
				CLANG_WARN_ENUM_CONVERSION = YES;
				CLANG_WARN_INT_CONVERSION = YES;
				CLANG_WARN_OBJC_ROOT_CLASS = YES_ERROR;
				CLANG_WARN_UNREACHABLE_CODE = YES;
				CLANG_WARN__DUPLICATE_METHOD_MATCH = YES;
				"CODE_SIGN_IDENTITY[sdk=iphoneos*]" = "iPhone Developer";
				COPY_PHASE_STRIP = NO;
				CURRENT_PROJECT_VERSION = 127;
				DEBUG_INFORMATION_FORMAT = dwarf;
				ENABLE_STRICT_OBJC_MSGSEND = YES;
				ENABLE_TESTABILITY = YES;
				GCC_C_LANGUAGE_STANDARD = gnu99;
				GCC_DYNAMIC_NO_PIC = NO;
				GCC_NO_COMMON_BLOCKS = YES;
				GCC_OPTIMIZATION_LEVEL = 0;
				GCC_PREPROCESSOR_DEFINITIONS = (
					"DEBUG=1",
					"$(inherited)",
				);
				GCC_WARN_64_TO_32_BIT_CONVERSION = YES;
				GCC_WARN_ABOUT_RETURN_TYPE = YES_ERROR;
				GCC_WARN_UNDECLARED_SELECTOR = YES;
				GCC_WARN_UNINITIALIZED_AUTOS = YES_AGGRESSIVE;
				GCC_WARN_UNUSED_FUNCTION = YES;
				GCC_WARN_UNUSED_VARIABLE = YES;
				HEADER_SEARCH_PATHS = (
					"$(PROJECT_DIR)/Vendor/PocketSocket",
					"$(PROJECT_DIR)/Vendor/InflectorKit",
					"$(PROJECT_DIR)/Vendor/SimpleKeychain",
				);
				IPHONEOS_DEPLOYMENT_TARGET = 9.0;
				MTL_ENABLE_DEBUG_INFO = YES;
				ONLY_ACTIVE_ARCH = YES;
				SDKROOT = iphoneos;
				TARGETED_DEVICE_FAMILY = "1,2";
				VERSIONING_SYSTEM = "apple-generic";
				VERSION_INFO_PREFIX = "";
			};
			name = Debug;
		};
		9F896A3F1BA428D400C9BBA0 /* Release */ = {
			isa = XCBuildConfiguration;
			buildSettings = {
				ALWAYS_SEARCH_USER_PATHS = NO;
				CLANG_CXX_LANGUAGE_STANDARD = "gnu++0x";
				CLANG_CXX_LIBRARY = "libc++";
				CLANG_ENABLE_MODULES = YES;
				CLANG_ENABLE_OBJC_ARC = YES;
				CLANG_WARN_BOOL_CONVERSION = YES;
				CLANG_WARN_CONSTANT_CONVERSION = YES;
				CLANG_WARN_DIRECT_OBJC_ISA_USAGE = YES_ERROR;
				CLANG_WARN_EMPTY_BODY = YES;
				CLANG_WARN_ENUM_CONVERSION = YES;
				CLANG_WARN_INT_CONVERSION = YES;
				CLANG_WARN_OBJC_ROOT_CLASS = YES_ERROR;
				CLANG_WARN_UNREACHABLE_CODE = YES;
				CLANG_WARN__DUPLICATE_METHOD_MATCH = YES;
				"CODE_SIGN_IDENTITY[sdk=iphoneos*]" = "iPhone Developer";
				COPY_PHASE_STRIP = NO;
				CURRENT_PROJECT_VERSION = 127;
				DEBUG_INFORMATION_FORMAT = "dwarf-with-dsym";
				ENABLE_NS_ASSERTIONS = NO;
				ENABLE_STRICT_OBJC_MSGSEND = YES;
				GCC_C_LANGUAGE_STANDARD = gnu99;
				GCC_NO_COMMON_BLOCKS = YES;
				GCC_WARN_64_TO_32_BIT_CONVERSION = YES;
				GCC_WARN_ABOUT_RETURN_TYPE = YES_ERROR;
				GCC_WARN_UNDECLARED_SELECTOR = YES;
				GCC_WARN_UNINITIALIZED_AUTOS = YES_AGGRESSIVE;
				GCC_WARN_UNUSED_FUNCTION = YES;
				GCC_WARN_UNUSED_VARIABLE = YES;
				HEADER_SEARCH_PATHS = (
					"$(PROJECT_DIR)/Vendor/PocketSocket",
					"$(PROJECT_DIR)/Vendor/InflectorKit",
					"$(PROJECT_DIR)/Vendor/SimpleKeychain",
				);
				IPHONEOS_DEPLOYMENT_TARGET = 9.0;
				MTL_ENABLE_DEBUG_INFO = NO;
				SDKROOT = iphoneos;
				TARGETED_DEVICE_FAMILY = "1,2";
				VALIDATE_PRODUCT = YES;
				VERSIONING_SYSTEM = "apple-generic";
				VERSION_INFO_PREFIX = "";
			};
			name = Release;
		};
		9F896A411BA428D400C9BBA0 /* Debug */ = {
			isa = XCBuildConfiguration;
			buildSettings = {
				DEFINES_MODULE = YES;
				DYLIB_COMPATIBILITY_VERSION = 1;
				DYLIB_CURRENT_VERSION = 127;
				DYLIB_INSTALL_NAME_BASE = "@rpath";
				INFOPLIST_FILE = Meteor/Info.plist;
				INSTALL_PATH = "$(LOCAL_LIBRARY_DIR)/Frameworks";
				IPHONEOS_DEPLOYMENT_TARGET = 8.0;
				LD_RUNPATH_SEARCH_PATHS = "$(inherited) @executable_path/Frameworks @loader_path/Frameworks";
				PRODUCT_BUNDLE_IDENTIFIER = com.meteor.Meteor;
				PRODUCT_NAME = Meteor;
				SKIP_INSTALL = YES;
			};
			name = Debug;
		};
		9F896A421BA428D400C9BBA0 /* Release */ = {
			isa = XCBuildConfiguration;
			buildSettings = {
				DEFINES_MODULE = YES;
				DYLIB_COMPATIBILITY_VERSION = 1;
				DYLIB_CURRENT_VERSION = 127;
				DYLIB_INSTALL_NAME_BASE = "@rpath";
				INFOPLIST_FILE = Meteor/Info.plist;
				INSTALL_PATH = "$(LOCAL_LIBRARY_DIR)/Frameworks";
				IPHONEOS_DEPLOYMENT_TARGET = 8.0;
				LD_RUNPATH_SEARCH_PATHS = "$(inherited) @executable_path/Frameworks @loader_path/Frameworks";
				PRODUCT_BUNDLE_IDENTIFIER = com.meteor.Meteor;
				PRODUCT_NAME = Meteor;
				SKIP_INSTALL = YES;
			};
			name = Release;
		};
		9F896A441BA428D400C9BBA0 /* Debug */ = {
			isa = XCBuildConfiguration;
			buildSettings = {
				CLANG_ENABLE_MODULES = NO;
				HEADER_SEARCH_PATHS = (
					"$(inherited)",
					"$(PROJECT_DIR)/Vendor/ocmock/Source",
				);
				INFOPLIST_FILE = "Tests/Unit Tests/Info.plist";
				LD_RUNPATH_SEARCH_PATHS = "$(inherited) @executable_path/Frameworks @loader_path/Frameworks";
				PRODUCT_BUNDLE_IDENTIFIER = com.meteor.MeteorUnitTests;
				PRODUCT_NAME = "$(TARGET_NAME)";
			};
			name = Debug;
		};
		9F896A451BA428D400C9BBA0 /* Release */ = {
			isa = XCBuildConfiguration;
			buildSettings = {
				CLANG_ENABLE_MODULES = NO;
				HEADER_SEARCH_PATHS = (
					"$(inherited)",
					"$(PROJECT_DIR)/Vendor/ocmock/Source",
				);
				INFOPLIST_FILE = "Tests/Unit Tests/Info.plist";
				LD_RUNPATH_SEARCH_PATHS = "$(inherited) @executable_path/Frameworks @loader_path/Frameworks";
				PRODUCT_BUNDLE_IDENTIFIER = com.meteor.MeteorUnitTests;
				PRODUCT_NAME = "$(TARGET_NAME)";
			};
			name = Release;
		};
/* End XCBuildConfiguration section */

/* Begin XCConfigurationList section */
		9F3739421BA47AC300E1FE15 /* Build configuration list for PBXNativeTarget "Server Integration Tests (iOS)" */ = {
			isa = XCConfigurationList;
			buildConfigurations = (
				9F3739391BA47AC300E1FE15 /* Debug */,
				9F37393A1BA47AC300E1FE15 /* Release */,
			);
			defaultConfigurationIsVisible = 0;
			defaultConfigurationName = Release;
		};
		9F896A261BA428D400C9BBA0 /* Build configuration list for PBXProject "Meteor" */ = {
			isa = XCConfigurationList;
			buildConfigurations = (
				9F896A3E1BA428D400C9BBA0 /* Debug */,
				9F896A3F1BA428D400C9BBA0 /* Release */,
			);
			defaultConfigurationIsVisible = 0;
			defaultConfigurationName = Release;
		};
		9F896A401BA428D400C9BBA0 /* Build configuration list for PBXNativeTarget "Meteor iOS" */ = {
			isa = XCConfigurationList;
			buildConfigurations = (
				9F896A411BA428D400C9BBA0 /* Debug */,
				9F896A421BA428D400C9BBA0 /* Release */,
			);
			defaultConfigurationIsVisible = 0;
			defaultConfigurationName = Release;
		};
		9F896A431BA428D400C9BBA0 /* Build configuration list for PBXNativeTarget "Unit Tests (iOS)" */ = {
			isa = XCConfigurationList;
			buildConfigurations = (
				9F896A441BA428D400C9BBA0 /* Debug */,
				9F896A451BA428D400C9BBA0 /* Release */,
			);
			defaultConfigurationIsVisible = 0;
			defaultConfigurationName = Release;
		};
/* End XCConfigurationList section */

/* Begin XCVersionGroup section */
		9F3739111BA4775000E1FE15 /* Model.xcdatamodeld */ = {
			isa = XCVersionGroup;
			children = (
				9F3739121BA4775000E1FE15 /* Model.xcdatamodel */,
			);
			currentVersion = 9F3739121BA4775000E1FE15 /* Model.xcdatamodel */;
			path = Model.xcdatamodeld;
			sourceTree = "<group>";
			versionGroupType = wrapper.xcdatamodel;
		};
/* End XCVersionGroup section */
	};
	rootObject = 9F896A231BA428D400C9BBA0 /* Project object */;
}
