// !$*UTF8*$!
{
	archiveVersion = 1;
	classes = {
	};
	objectVersion = 46;
	objects = {

/* Begin PBXBuildFile section */
		26477ED129ABDE9763037C17 /* Pods_MeteorServerIntegrationTests.framework in Frameworks */ = {isa = PBXBuildFile; fileRef = 26863D8CE1BD60A052267031 /* Pods_MeteorServerIntegrationTests.framework */; settings = {ATTRIBUTES = (Weak, ); }; };
		4307FAAD056D0791BC285254 /* Pods_MeteorUnitTests.framework in Frameworks */ = {isa = PBXBuildFile; fileRef = 68299C19F8D72A45B8DC7B0C /* Pods_MeteorUnitTests.framework */; settings = {ATTRIBUTES = (Weak, ); }; };
		9F08C79F1A2C85BB002961F3 /* METAccountsTests.m in Sources */ = {isa = PBXBuildFile; fileRef = 9F08C79D1A2C85BB002961F3 /* METAccountsTests.m */; };
		9F12BACD19DD67CB008437DC /* XCTestCase+Meteor.m in Sources */ = {isa = PBXBuildFile; fileRef = 9F12BACC19DD67CB008437DC /* XCTestCase+Meteor.m */; };
		9F160CF41A2DDFEF000B6ABC /* METMethodInvocationTests.m in Sources */ = {isa = PBXBuildFile; fileRef = 9F160CF31A2DDFEF000B6ABC /* METMethodInvocationTests.m */; };
		9F1764F81A41978F008EE74F /* METDatabaseChangesTests.m in Sources */ = {isa = PBXBuildFile; fileRef = 9F1764F71A41978F008EE74F /* METDatabaseChangesTests.m */; };
		9F30533D19457769006F1E64 /* MockMETDDPConnection.m in Sources */ = {isa = PBXBuildFile; fileRef = 9F30533619457769006F1E64 /* MockMETDDPConnection.m */; };
		9F30533F19457769006F1E64 /* XCTAsyncTestCase.m in Sources */ = {isa = PBXBuildFile; fileRef = 9F30533A19457769006F1E64 /* XCTAsyncTestCase.m */; };
		9F30534019457769006F1E64 /* XCTFailure.m in Sources */ = {isa = PBXBuildFile; fileRef = 9F30533C19457769006F1E64 /* XCTFailure.m */; };
		9F38F34019447AE500027BB5 /* METDocumentIDGenerationTests.m in Sources */ = {isa = PBXBuildFile; fileRef = 9FFC511F19445360002EA8AF /* METDocumentIDGenerationTests.m */; };
		9F38F34819447C9300027BB5 /* libz.dylib in Frameworks */ = {isa = PBXBuildFile; fileRef = 9FFC516F19445D05002EA8AF /* libz.dylib */; };
		9F38F34919447CB200027BB5 /* UIKit.framework in Frameworks */ = {isa = PBXBuildFile; fileRef = 9FFC517419445F7F002EA8AF /* UIKit.framework */; };
		9F774CD91A2EC5E000D49296 /* METSubscriptionsTests.m in Sources */ = {isa = PBXBuildFile; fileRef = 9F774CD71A2EC5E000D49296 /* METSubscriptionsTests.m */; };
		9F774CE11A304C3300D49296 /* METDDPClientManagingDataTests.m in Sources */ = {isa = PBXBuildFile; fileRef = 9F774CE01A304C3300D49296 /* METDDPClientManagingDataTests.m */; };
		9F8B61C1194471870046712F /* METDDPClientConnectingTests.m in Sources */ = {isa = PBXBuildFile; fileRef = 9F8B61C0194471870046712F /* METDDPClientConnectingTests.m */; };
		9F8F23CF1A48539700C5D420 /* METDDPClientTestCase.m in Sources */ = {isa = PBXBuildFile; fileRef = 9F8F23CE1A48539700C5D420 /* METDDPClientTestCase.m */; };
		9F94F8A01A442B3D0010440E /* METDatabaseTests.m in Sources */ = {isa = PBXBuildFile; fileRef = 9F94F89F1A442B3D0010440E /* METDatabaseTests.m */; };
		9F98ADE8194615810024F542 /* METServerIntegrationTestCase.m in Sources */ = {isa = PBXBuildFile; fileRef = 9F98ADE7194615810024F542 /* METServerIntegrationTestCase.m */; };
		9F98ADF21946188E0024F542 /* METCallingMutationMethodsTests.m in Sources */ = {isa = PBXBuildFile; fileRef = 9F98ADF11946188E0024F542 /* METCallingMutationMethodsTests.m */; };
		9FB1E97B1A5165DE006E6AAA /* METDDPClientLatencyCompensationTests.m in Sources */ = {isa = PBXBuildFile; fileRef = 9FB1E97A1A5165DE006E6AAA /* METDDPClientLatencyCompensationTests.m */; };
		9FC12A681A43DB1A0002CFBD /* METCollectionTests.m in Sources */ = {isa = PBXBuildFile; fileRef = 9FC12A671A43DB1A0002CFBD /* METCollectionTests.m */; };
		9FC12A6A1A43DB8E0002CFBD /* METDocumentCacheTests.m in Sources */ = {isa = PBXBuildFile; fileRef = 9FC12A691A43DB8E0002CFBD /* METDocumentCacheTests.m */; };
		9FC9D5411944603B00695561 /* libz.dylib in Frameworks */ = {isa = PBXBuildFile; fileRef = 9FFC516F19445D05002EA8AF /* libz.dylib */; };
		9FC9D5461944604300695561 /* UIKit.framework in Frameworks */ = {isa = PBXBuildFile; fileRef = 9FFC517419445F7F002EA8AF /* UIKit.framework */; };
		9FE144C11945E7B7001D9EBD /* Model.xcdatamodeld in Sources */ = {isa = PBXBuildFile; fileRef = 9FE144BF1945E7B7001D9EBD /* Model.xcdatamodeld */; };
		9FE144C21945E7B7001D9EBD /* Model.xcdatamodeld in Sources */ = {isa = PBXBuildFile; fileRef = 9FE144BF1945E7B7001D9EBD /* Model.xcdatamodeld */; };
		9FE3AC2719DB03E9004DADA4 /* METDocumentChangeDetailsTests.m in Sources */ = {isa = PBXBuildFile; fileRef = 9FE3AC2619DB03E9004DADA4 /* METDocumentChangeDetailsTests.m */; };
		9FE4D6F01A4856F000434C89 /* METDDPClientReconnectingTests.m in Sources */ = {isa = PBXBuildFile; fileRef = 9FE4D6EF1A4856F000434C89 /* METDDPClientReconnectingTests.m */; };
		9FE4D70D1A493C6C00434C89 /* METDDPClientAccountsTests.m in Sources */ = {isa = PBXBuildFile; fileRef = 9FE4D70C1A493C6C00434C89 /* METDDPClientAccountsTests.m */; };
		9FF471141A457DEC00A8AAFD /* XCTAsyncTestCase.m in Sources */ = {isa = PBXBuildFile; fileRef = 9F30533A19457769006F1E64 /* XCTAsyncTestCase.m */; };
		9FF471191A457E0C00A8AAFD /* XCTFailure.m in Sources */ = {isa = PBXBuildFile; fileRef = 9F30533C19457769006F1E64 /* XCTFailure.m */; };
		9FF4711E1A457EE300A8AAFD /* XCTestCase+Meteor.m in Sources */ = {isa = PBXBuildFile; fileRef = 9F12BACC19DD67CB008437DC /* XCTestCase+Meteor.m */; };
		9FF471201A4583F500A8AAFD /* METDDPClientCallingMethods.m in Sources */ = {isa = PBXBuildFile; fileRef = 9FF4711F1A4583F500A8AAFD /* METDDPClientCallingMethods.m */; };
		9FF471221A45884700A8AAFD /* METMethodInvocationContextTests.m in Sources */ = {isa = PBXBuildFile; fileRef = 9FF471211A45884700A8AAFD /* METMethodInvocationContextTests.m */; };
		9FF4712E1A45E84600A8AAFD /* METIncrementalStoreTests.m in Sources */ = {isa = PBXBuildFile; fileRef = 9FF4712D1A45E84600A8AAFD /* METIncrementalStoreTests.m */; };
		9FFAC40A19458EA00021B357 /* CoreData.framework in Frameworks */ = {isa = PBXBuildFile; fileRef = 9FFAC40919458EA00021B357 /* CoreData.framework */; };
		9FFAC40B19458EAA0021B357 /* CoreData.framework in Frameworks */ = {isa = PBXBuildFile; fileRef = 9FFAC40919458EA00021B357 /* CoreData.framework */; };
		9FFC512F19445360002EA8AF /* METAleaRandomValueGeneratorTests.m in Sources */ = {isa = PBXBuildFile; fileRef = 9FFC510F19445360002EA8AF /* METAleaRandomValueGeneratorTests.m */; };
		9FFC513819445360002EA8AF /* METDDPHeartbeatTests.m in Sources */ = {isa = PBXBuildFile; fileRef = 9FFC511819445360002EA8AF /* METDDPHeartbeatTests.m */; };
		9FFC513919445360002EA8AF /* METDDPMessageTests.m in Sources */ = {isa = PBXBuildFile; fileRef = 9FFC511919445360002EA8AF /* METDDPMessageTests.m */; };
		9FFC513A19445360002EA8AF /* METDynamicVariableTests.m in Sources */ = {isa = PBXBuildFile; fileRef = 9FFC511A19445360002EA8AF /* METDynamicVariableTests.m */; };
		9FFC513B19445360002EA8AF /* METEJSONSerializationTests.m in Sources */ = {isa = PBXBuildFile; fileRef = 9FFC511B19445360002EA8AF /* METEJSONSerializationTests.m */; };
		9FFC514019445360002EA8AF /* METMethodInvocationCoordinatorTests.m in Sources */ = {isa = PBXBuildFile; fileRef = 9FFC512119445360002EA8AF /* METMethodInvocationCoordinatorTests.m */; };
		9FFC514119445360002EA8AF /* METRandomStreamTests.m in Sources */ = {isa = PBXBuildFile; fileRef = 9FFC512219445360002EA8AF /* METRandomStreamTests.m */; };
		9FFC514219445360002EA8AF /* METRetryStrategyTests.m in Sources */ = {isa = PBXBuildFile; fileRef = 9FFC512319445360002EA8AF /* METRetryStrategyTests.m */; };
		9FFC514319445360002EA8AF /* METTimerTests.m in Sources */ = {isa = PBXBuildFile; fileRef = 9FFC512419445360002EA8AF /* METTimerTests.m */; };
/* End PBXBuildFile section */

/* Begin PBXFileReference section */
		1E07D88B68D50CA2375B9B27 /* Pods-MeteorServerIntegrationTests.release.xcconfig */ = {isa = PBXFileReference; includeInIndex = 1; lastKnownFileType = text.xcconfig; name = "Pods-MeteorServerIntegrationTests.release.xcconfig"; path = "../Pods/Target Support Files/Pods-MeteorServerIntegrationTests/Pods-MeteorServerIntegrationTests.release.xcconfig"; sourceTree = "<group>"; };
		26863D8CE1BD60A052267031 /* Pods_MeteorServerIntegrationTests.framework */ = {isa = PBXFileReference; explicitFileType = wrapper.framework; includeInIndex = 0; path = Pods_MeteorServerIntegrationTests.framework; sourceTree = BUILT_PRODUCTS_DIR; };
		3AB5DAC32388F8722EEFE356 /* Pods-MeteorUnitTests.release.xcconfig */ = {isa = PBXFileReference; includeInIndex = 1; lastKnownFileType = text.xcconfig; name = "Pods-MeteorUnitTests.release.xcconfig"; path = "../Pods/Target Support Files/Pods-MeteorUnitTests/Pods-MeteorUnitTests.release.xcconfig"; sourceTree = "<group>"; };
		68299C19F8D72A45B8DC7B0C /* Pods_MeteorUnitTests.framework */ = {isa = PBXFileReference; explicitFileType = wrapper.framework; includeInIndex = 0; path = Pods_MeteorUnitTests.framework; sourceTree = BUILT_PRODUCTS_DIR; };
		7A05779AEF7AB02686B73859 /* Pods-MeteorServerIntegrationTests.debug.xcconfig */ = {isa = PBXFileReference; includeInIndex = 1; lastKnownFileType = text.xcconfig; name = "Pods-MeteorServerIntegrationTests.debug.xcconfig"; path = "../Pods/Target Support Files/Pods-MeteorServerIntegrationTests/Pods-MeteorServerIntegrationTests.debug.xcconfig"; sourceTree = "<group>"; };
		9F08C79D1A2C85BB002961F3 /* METAccountsTests.m */ = {isa = PBXFileReference; fileEncoding = 4; lastKnownFileType = sourcecode.c.objc; path = METAccountsTests.m; sourceTree = "<group>"; };
		9F12BACC19DD67CB008437DC /* XCTestCase+Meteor.m */ = {isa = PBXFileReference; fileEncoding = 4; lastKnownFileType = sourcecode.c.objc; path = "XCTestCase+Meteor.m"; sourceTree = "<group>"; };
		9F12BACE19DD67F7008437DC /* XCTestCase+Meteor.h */ = {isa = PBXFileReference; lastKnownFileType = sourcecode.c.h; path = "XCTestCase+Meteor.h"; sourceTree = "<group>"; };
		9F160CF31A2DDFEF000B6ABC /* METMethodInvocationTests.m */ = {isa = PBXFileReference; fileEncoding = 4; lastKnownFileType = sourcecode.c.objc; path = METMethodInvocationTests.m; sourceTree = "<group>"; };
		9F1764F71A41978F008EE74F /* METDatabaseChangesTests.m */ = {isa = PBXFileReference; fileEncoding = 4; lastKnownFileType = sourcecode.c.objc; path = METDatabaseChangesTests.m; sourceTree = "<group>"; };
		9F30533519457769006F1E64 /* MockMETDDPConnection.h */ = {isa = PBXFileReference; fileEncoding = 4; lastKnownFileType = sourcecode.c.h; path = MockMETDDPConnection.h; sourceTree = "<group>"; };
		9F30533619457769006F1E64 /* MockMETDDPConnection.m */ = {isa = PBXFileReference; fileEncoding = 4; lastKnownFileType = sourcecode.c.objc; path = MockMETDDPConnection.m; sourceTree = "<group>"; };
		9F30533919457769006F1E64 /* XCTAsyncTestCase.h */ = {isa = PBXFileReference; fileEncoding = 4; lastKnownFileType = sourcecode.c.h; path = XCTAsyncTestCase.h; sourceTree = "<group>"; };
		9F30533A19457769006F1E64 /* XCTAsyncTestCase.m */ = {isa = PBXFileReference; fileEncoding = 4; lastKnownFileType = sourcecode.c.objc; path = XCTAsyncTestCase.m; sourceTree = "<group>"; };
		9F30533B19457769006F1E64 /* XCTFailure.h */ = {isa = PBXFileReference; fileEncoding = 4; lastKnownFileType = sourcecode.c.h; path = XCTFailure.h; sourceTree = "<group>"; };
		9F30533C19457769006F1E64 /* XCTFailure.m */ = {isa = PBXFileReference; fileEncoding = 4; lastKnownFileType = sourcecode.c.objc; path = XCTFailure.m; sourceTree = "<group>"; };
		9F38F33419447ABE00027BB5 /* MeteorServerIntegrationTests.xctest */ = {isa = PBXFileReference; explicitFileType = wrapper.cfbundle; includeInIndex = 0; path = MeteorServerIntegrationTests.xctest; sourceTree = BUILT_PRODUCTS_DIR; };
		9F38F33719447ABE00027BB5 /* Info.plist */ = {isa = PBXFileReference; lastKnownFileType = text.plist.xml; path = Info.plist; sourceTree = "<group>"; };
		9F774CD71A2EC5E000D49296 /* METSubscriptionsTests.m */ = {isa = PBXFileReference; fileEncoding = 4; lastKnownFileType = sourcecode.c.objc; path = METSubscriptionsTests.m; sourceTree = "<group>"; };
		9F774CE01A304C3300D49296 /* METDDPClientManagingDataTests.m */ = {isa = PBXFileReference; fileEncoding = 4; lastKnownFileType = sourcecode.c.objc; path = METDDPClientManagingDataTests.m; sourceTree = "<group>"; };
		9F8B61C0194471870046712F /* METDDPClientConnectingTests.m */ = {isa = PBXFileReference; fileEncoding = 4; lastKnownFileType = sourcecode.c.objc; path = METDDPClientConnectingTests.m; sourceTree = "<group>"; };
		9F8F23CE1A48539700C5D420 /* METDDPClientTestCase.m */ = {isa = PBXFileReference; fileEncoding = 4; lastKnownFileType = sourcecode.c.objc; path = METDDPClientTestCase.m; sourceTree = "<group>"; };
		9F8F23D01A4853B100C5D420 /* METDDPClientTestCase.h */ = {isa = PBXFileReference; lastKnownFileType = sourcecode.c.h; path = METDDPClientTestCase.h; sourceTree = "<group>"; };
		9F94F89F1A442B3D0010440E /* METDatabaseTests.m */ = {isa = PBXFileReference; fileEncoding = 4; lastKnownFileType = sourcecode.c.objc; path = METDatabaseTests.m; sourceTree = "<group>"; };
		9F98ADE7194615810024F542 /* METServerIntegrationTestCase.m */ = {isa = PBXFileReference; fileEncoding = 4; lastKnownFileType = sourcecode.c.objc; path = METServerIntegrationTestCase.m; sourceTree = "<group>"; };
		9F98ADE9194616B60024F542 /* METServerIntegrationTestCase.h */ = {isa = PBXFileReference; fileEncoding = 4; lastKnownFileType = sourcecode.c.h; path = METServerIntegrationTestCase.h; sourceTree = "<group>"; };
		9F98ADF11946188E0024F542 /* METCallingMutationMethodsTests.m */ = {isa = PBXFileReference; fileEncoding = 4; lastKnownFileType = sourcecode.c.objc; path = METCallingMutationMethodsTests.m; sourceTree = "<group>"; };
		9FB1E97A1A5165DE006E6AAA /* METDDPClientLatencyCompensationTests.m */ = {isa = PBXFileReference; fileEncoding = 4; lastKnownFileType = sourcecode.c.objc; path = METDDPClientLatencyCompensationTests.m; sourceTree = "<group>"; };
		9FC12A671A43DB1A0002CFBD /* METCollectionTests.m */ = {isa = PBXFileReference; fileEncoding = 4; lastKnownFileType = sourcecode.c.objc; path = METCollectionTests.m; sourceTree = "<group>"; };
		9FC12A691A43DB8E0002CFBD /* METDocumentCacheTests.m */ = {isa = PBXFileReference; fileEncoding = 4; lastKnownFileType = sourcecode.c.objc; path = METDocumentCacheTests.m; sourceTree = "<group>"; };
		9FE144C01945E7B7001D9EBD /* Model.xcdatamodel */ = {isa = PBXFileReference; lastKnownFileType = wrapper.xcdatamodel; path = Model.xcdatamodel; sourceTree = "<group>"; };
		9FE3AC2619DB03E9004DADA4 /* METDocumentChangeDetailsTests.m */ = {isa = PBXFileReference; fileEncoding = 4; lastKnownFileType = sourcecode.c.objc; path = METDocumentChangeDetailsTests.m; sourceTree = "<group>"; };
		9FE4D6EF1A4856F000434C89 /* METDDPClientReconnectingTests.m */ = {isa = PBXFileReference; fileEncoding = 4; lastKnownFileType = sourcecode.c.objc; path = METDDPClientReconnectingTests.m; sourceTree = "<group>"; };
		9FE4D70C1A493C6C00434C89 /* METDDPClientAccountsTests.m */ = {isa = PBXFileReference; fileEncoding = 4; lastKnownFileType = sourcecode.c.objc; path = METDDPClientAccountsTests.m; sourceTree = "<group>"; };
		9FF4711F1A4583F500A8AAFD /* METDDPClientCallingMethods.m */ = {isa = PBXFileReference; fileEncoding = 4; lastKnownFileType = sourcecode.c.objc; path = METDDPClientCallingMethods.m; sourceTree = "<group>"; };
		9FF471211A45884700A8AAFD /* METMethodInvocationContextTests.m */ = {isa = PBXFileReference; fileEncoding = 4; lastKnownFileType = sourcecode.c.objc; path = METMethodInvocationContextTests.m; sourceTree = "<group>"; };
		9FF4712D1A45E84600A8AAFD /* METIncrementalStoreTests.m */ = {isa = PBXFileReference; fileEncoding = 4; lastKnownFileType = sourcecode.c.objc; path = METIncrementalStoreTests.m; sourceTree = "<group>"; };
		9FFAC40919458EA00021B357 /* CoreData.framework */ = {isa = PBXFileReference; lastKnownFileType = wrapper.framework; name = CoreData.framework; path = System/Library/Frameworks/CoreData.framework; sourceTree = SDKROOT; };
		9FFC50A71944508E002EA8AF /* MeteorUnitTests.xctest */ = {isa = PBXFileReference; explicitFileType = wrapper.cfbundle; includeInIndex = 0; path = MeteorUnitTests.xctest; sourceTree = BUILT_PRODUCTS_DIR; };
		9FFC50AD1944508E002EA8AF /* Info.plist */ = {isa = PBXFileReference; lastKnownFileType = text.plist.xml; path = Info.plist; sourceTree = "<group>"; };
		9FFC510F19445360002EA8AF /* METAleaRandomValueGeneratorTests.m */ = {isa = PBXFileReference; fileEncoding = 4; lastKnownFileType = sourcecode.c.objc; path = METAleaRandomValueGeneratorTests.m; sourceTree = "<group>"; };
		9FFC511819445360002EA8AF /* METDDPHeartbeatTests.m */ = {isa = PBXFileReference; fileEncoding = 4; lastKnownFileType = sourcecode.c.objc; path = METDDPHeartbeatTests.m; sourceTree = "<group>"; };
		9FFC511919445360002EA8AF /* METDDPMessageTests.m */ = {isa = PBXFileReference; fileEncoding = 4; lastKnownFileType = sourcecode.c.objc; path = METDDPMessageTests.m; sourceTree = "<group>"; };
		9FFC511A19445360002EA8AF /* METDynamicVariableTests.m */ = {isa = PBXFileReference; fileEncoding = 4; lastKnownFileType = sourcecode.c.objc; path = METDynamicVariableTests.m; sourceTree = "<group>"; };
		9FFC511B19445360002EA8AF /* METEJSONSerializationTests.m */ = {isa = PBXFileReference; fileEncoding = 4; lastKnownFileType = sourcecode.c.objc; path = METEJSONSerializationTests.m; sourceTree = "<group>"; };
		9FFC511F19445360002EA8AF /* METDocumentIDGenerationTests.m */ = {isa = PBXFileReference; fileEncoding = 4; lastKnownFileType = sourcecode.c.objc; path = METDocumentIDGenerationTests.m; sourceTree = "<group>"; };
		9FFC512119445360002EA8AF /* METMethodInvocationCoordinatorTests.m */ = {isa = PBXFileReference; fileEncoding = 4; lastKnownFileType = sourcecode.c.objc; path = METMethodInvocationCoordinatorTests.m; sourceTree = "<group>"; };
		9FFC512219445360002EA8AF /* METRandomStreamTests.m */ = {isa = PBXFileReference; fileEncoding = 4; lastKnownFileType = sourcecode.c.objc; path = METRandomStreamTests.m; sourceTree = "<group>"; };
		9FFC512319445360002EA8AF /* METRetryStrategyTests.m */ = {isa = PBXFileReference; fileEncoding = 4; lastKnownFileType = sourcecode.c.objc; path = METRetryStrategyTests.m; sourceTree = "<group>"; };
		9FFC512419445360002EA8AF /* METTimerTests.m */ = {isa = PBXFileReference; fileEncoding = 4; lastKnownFileType = sourcecode.c.objc; path = METTimerTests.m; sourceTree = "<group>"; };
		9FFC516F19445D05002EA8AF /* libz.dylib */ = {isa = PBXFileReference; lastKnownFileType = "compiled.mach-o.dylib"; name = libz.dylib; path = usr/lib/libz.dylib; sourceTree = SDKROOT; };
		9FFC517419445F7F002EA8AF /* UIKit.framework */ = {isa = PBXFileReference; lastKnownFileType = wrapper.framework; name = UIKit.framework; path = System/Library/Frameworks/UIKit.framework; sourceTree = SDKROOT; };
		A0D12B3F761718385AC31075 /* Pods-MeteorUnitTests.debug.xcconfig */ = {isa = PBXFileReference; includeInIndex = 1; lastKnownFileType = text.xcconfig; name = "Pods-MeteorUnitTests.debug.xcconfig"; path = "../Pods/Target Support Files/Pods-MeteorUnitTests/Pods-MeteorUnitTests.debug.xcconfig"; sourceTree = "<group>"; };
/* End PBXFileReference section */

/* Begin PBXFrameworksBuildPhase section */
		9F38F33119447ABE00027BB5 /* Frameworks */ = {
			isa = PBXFrameworksBuildPhase;
			buildActionMask = 2147483647;
			files = (
				9F38F34919447CB200027BB5 /* UIKit.framework in Frameworks */,
				9FFAC40B19458EAA0021B357 /* CoreData.framework in Frameworks */,
				9F38F34819447C9300027BB5 /* libz.dylib in Frameworks */,
				26477ED129ABDE9763037C17 /* Pods_MeteorServerIntegrationTests.framework in Frameworks */,
			);
			runOnlyForDeploymentPostprocessing = 0;
		};
		9FFC50A41944508E002EA8AF /* Frameworks */ = {
			isa = PBXFrameworksBuildPhase;
			buildActionMask = 2147483647;
			files = (
				9FC9D5461944604300695561 /* UIKit.framework in Frameworks */,
				9FFAC40A19458EA00021B357 /* CoreData.framework in Frameworks */,
				9FC9D5411944603B00695561 /* libz.dylib in Frameworks */,
				4307FAAD056D0791BC285254 /* Pods_MeteorUnitTests.framework in Frameworks */,
			);
			runOnlyForDeploymentPostprocessing = 0;
		};
/* End PBXFrameworksBuildPhase section */

/* Begin PBXGroup section */
		05F97A1EABE33E3DC22CD509 /* Pods */ = {
			isa = PBXGroup;
			children = (
				7A05779AEF7AB02686B73859 /* Pods-MeteorServerIntegrationTests.debug.xcconfig */,
				1E07D88B68D50CA2375B9B27 /* Pods-MeteorServerIntegrationTests.release.xcconfig */,
				A0D12B3F761718385AC31075 /* Pods-MeteorUnitTests.debug.xcconfig */,
				3AB5DAC32388F8722EEFE356 /* Pods-MeteorUnitTests.release.xcconfig */,
			);
			name = Pods;
			sourceTree = "<group>";
		};
		9F30533419457769006F1E64 /* Shared */ = {
			isa = PBXGroup;
			children = (
				9F30533919457769006F1E64 /* XCTAsyncTestCase.h */,
				9F30533A19457769006F1E64 /* XCTAsyncTestCase.m */,
				9F30533B19457769006F1E64 /* XCTFailure.h */,
				9F30533C19457769006F1E64 /* XCTFailure.m */,
				9F12BACE19DD67F7008437DC /* XCTestCase+Meteor.h */,
				9F12BACC19DD67CB008437DC /* XCTestCase+Meteor.m */,
				9F30533519457769006F1E64 /* MockMETDDPConnection.h */,
				9F30533619457769006F1E64 /* MockMETDDPConnection.m */,
			);
			path = Shared;
			sourceTree = "<group>";
		};
		9F38F33519447ABE00027BB5 /* ServerIntegrationTests */ = {
			isa = PBXGroup;
			children = (
				9F774CD71A2EC5E000D49296 /* METSubscriptionsTests.m */,
				9F08C79D1A2C85BB002961F3 /* METAccountsTests.m */,
				9F98ADE9194616B60024F542 /* METServerIntegrationTestCase.h */,
				9F98ADE7194615810024F542 /* METServerIntegrationTestCase.m */,
				9FFC511F19445360002EA8AF /* METDocumentIDGenerationTests.m */,
				9F98ADF11946188E0024F542 /* METCallingMutationMethodsTests.m */,
				9F38F33619447ABE00027BB5 /* Supporting Files */,
			);
			path = ServerIntegrationTests;
			sourceTree = "<group>";
		};
		9F38F33619447ABE00027BB5 /* Supporting Files */ = {
			isa = PBXGroup;
			children = (
				9F38F33719447ABE00027BB5 /* Info.plist */,
			);
			name = "Supporting Files";
			sourceTree = "<group>";
		};
		9F38F34B1944AEF100027BB5 /* Utility */ = {
			isa = PBXGroup;
			children = (
				9FFC510F19445360002EA8AF /* METAleaRandomValueGeneratorTests.m */,
				9FFC511A19445360002EA8AF /* METDynamicVariableTests.m */,
				9FFC512219445360002EA8AF /* METRandomStreamTests.m */,
				9FFC512319445360002EA8AF /* METRetryStrategyTests.m */,
				9FFC512419445360002EA8AF /* METTimerTests.m */,
			);
			name = Utility;
			sourceTree = "<group>";
		};
		9F38F34C1944AF0000027BB5 /* Core Data */ = {
			isa = PBXGroup;
			children = (
				9FF4712D1A45E84600A8AAFD /* METIncrementalStoreTests.m */,
			);
			name = "Core Data";
			sourceTree = "<group>";
		};
		9F38F34D1944AF4000027BB5 /* Database */ = {
			isa = PBXGroup;
			children = (
				9F94F89F1A442B3D0010440E /* METDatabaseTests.m */,
				9FC12A671A43DB1A0002CFBD /* METCollectionTests.m */,
				9F1764F71A41978F008EE74F /* METDatabaseChangesTests.m */,
				9FE3AC2619DB03E9004DADA4 /* METDocumentChangeDetailsTests.m */,
				9FC12A691A43DB8E0002CFBD /* METDocumentCacheTests.m */,
			);
			name = Database;
			sourceTree = "<group>";
		};
		9F8B61BF1944715A0046712F /* DDP */ = {
			isa = PBXGroup;
			children = (
				9F8F23D01A4853B100C5D420 /* METDDPClientTestCase.h */,
				9F8F23CE1A48539700C5D420 /* METDDPClientTestCase.m */,
				9F8B61C0194471870046712F /* METDDPClientConnectingTests.m */,
				9F774CE01A304C3300D49296 /* METDDPClientManagingDataTests.m */,
				9FF4711F1A4583F500A8AAFD /* METDDPClientCallingMethods.m */,
				9FB1E97A1A5165DE006E6AAA /* METDDPClientLatencyCompensationTests.m */,
				9FE4D6EF1A4856F000434C89 /* METDDPClientReconnectingTests.m */,
				9FE4D70C1A493C6C00434C89 /* METDDPClientAccountsTests.m */,
				9FFC511819445360002EA8AF /* METDDPHeartbeatTests.m */,
				9FFC511919445360002EA8AF /* METDDPMessageTests.m */,
				9FFC511B19445360002EA8AF /* METEJSONSerializationTests.m */,
				9F160CF31A2DDFEF000B6ABC /* METMethodInvocationTests.m */,
				9FF471211A45884700A8AAFD /* METMethodInvocationContextTests.m */,
				9FFC512119445360002EA8AF /* METMethodInvocationCoordinatorTests.m */,
			);
			name = DDP;
			sourceTree = "<group>";
		};
		9FE144BE1945E7B7001D9EBD /* Fixtures */ = {
			isa = PBXGroup;
			children = (
				9FE144BF1945E7B7001D9EBD /* Model.xcdatamodeld */,
			);
			path = Fixtures;
			sourceTree = "<group>";
		};
		9FFC50931944508E002EA8AF = {
			isa = PBXGroup;
			children = (
				9FFC50AB1944508E002EA8AF /* UnitTests */,
				9F38F33519447ABE00027BB5 /* ServerIntegrationTests */,
				9F30533419457769006F1E64 /* Shared */,
				9FE144BE1945E7B7001D9EBD /* Fixtures */,
				9FFC509D1944508E002EA8AF /* Products */,
				9FFC517119445D31002EA8AF /* Frameworks */,
				05F97A1EABE33E3DC22CD509 /* Pods */,
			);
			sourceTree = "<group>";
		};
		9FFC509D1944508E002EA8AF /* Products */ = {
			isa = PBXGroup;
			children = (
				9FFC50A71944508E002EA8AF /* MeteorUnitTests.xctest */,
				9F38F33419447ABE00027BB5 /* MeteorServerIntegrationTests.xctest */,
			);
			name = Products;
			sourceTree = "<group>";
		};
		9FFC50AB1944508E002EA8AF /* UnitTests */ = {
			isa = PBXGroup;
			children = (
				9F8B61BF1944715A0046712F /* DDP */,
				9F38F34D1944AF4000027BB5 /* Database */,
				9F38F34C1944AF0000027BB5 /* Core Data */,
				9F38F34B1944AEF100027BB5 /* Utility */,
				9FFC50AC1944508E002EA8AF /* Supporting Files */,
			);
			path = UnitTests;
			sourceTree = "<group>";
		};
		9FFC50AC1944508E002EA8AF /* Supporting Files */ = {
			isa = PBXGroup;
			children = (
				9FFC50AD1944508E002EA8AF /* Info.plist */,
			);
			name = "Supporting Files";
			sourceTree = "<group>";
		};
		9FFC517119445D31002EA8AF /* Frameworks */ = {
			isa = PBXGroup;
			children = (
				9FFAC40919458EA00021B357 /* CoreData.framework */,
				9FFC517419445F7F002EA8AF /* UIKit.framework */,
				9FFC516F19445D05002EA8AF /* libz.dylib */,
				26863D8CE1BD60A052267031 /* Pods_MeteorServerIntegrationTests.framework */,
				68299C19F8D72A45B8DC7B0C /* Pods_MeteorUnitTests.framework */,
			);
			name = Frameworks;
			sourceTree = "<group>";
		};
/* End PBXGroup section */

/* Begin PBXNativeTarget section */
		9F38F33319447ABE00027BB5 /* MeteorServerIntegrationTests */ = {
			isa = PBXNativeTarget;
			buildConfigurationList = 9F38F33D19447ABF00027BB5 /* Build configuration list for PBXNativeTarget "MeteorServerIntegrationTests" */;
			buildPhases = (
				BBB9D758892B5EA848B8874C /* Check Pods Manifest.lock */,
				9F38F33019447ABE00027BB5 /* Sources */,
				9F38F33119447ABE00027BB5 /* Frameworks */,
				9F38F33219447ABE00027BB5 /* Resources */,
				762BE729054765794E708E2C /* Embed Pods Frameworks */,
				1D2E0F9A5E17C39063B4B777 /* Copy Pods Resources */,
			);
			buildRules = (
			);
			dependencies = (
			);
			name = MeteorServerIntegrationTests;
			productName = MeteorIntegrationTests;
			productReference = 9F38F33419447ABE00027BB5 /* MeteorServerIntegrationTests.xctest */;
			productType = "com.apple.product-type.bundle.unit-test";
		};
		9FFC50A61944508E002EA8AF /* MeteorUnitTests */ = {
			isa = PBXNativeTarget;
			buildConfigurationList = 9FFC50B31944508E002EA8AF /* Build configuration list for PBXNativeTarget "MeteorUnitTests" */;
			buildPhases = (
				FF19536C4156021368611CCD /* Check Pods Manifest.lock */,
				9FFC50A31944508E002EA8AF /* Sources */,
				9FFC50A41944508E002EA8AF /* Frameworks */,
				9FFC50A51944508E002EA8AF /* Resources */,
				EB21F341EBF9511E4BEC8291 /* Embed Pods Frameworks */,
				ABE1EC448F689BE752F3850A /* Copy Pods Resources */,
			);
			buildRules = (
			);
			dependencies = (
			);
			name = MeteorUnitTests;
			productName = MeteorTests;
			productReference = 9FFC50A71944508E002EA8AF /* MeteorUnitTests.xctest */;
			productType = "com.apple.product-type.bundle.unit-test";
		};
/* End PBXNativeTarget section */

/* Begin PBXProject section */
		9FFC50941944508E002EA8AF /* Project object */ = {
			isa = PBXProject;
			attributes = {
				LastUpgradeCheck = 0600;
				ORGANIZATIONNAME = "Martijn Walraven";
				TargetAttributes = {
					9F38F33319447ABE00027BB5 = {
						CreatedOnToolsVersion = 6.0;
					};
					9FFC50A61944508E002EA8AF = {
						CreatedOnToolsVersion = 6.0;
					};
				};
			};
			buildConfigurationList = 9FFC50971944508E002EA8AF /* Build configuration list for PBXProject "Meteor Tests" */;
			compatibilityVersion = "Xcode 3.2";
			developmentRegion = English;
			hasScannedForEncodings = 0;
			knownRegions = (
				en,
			);
			mainGroup = 9FFC50931944508E002EA8AF;
			productRefGroup = 9FFC509D1944508E002EA8AF /* Products */;
			projectDirPath = "";
			projectRoot = "";
			targets = (
				9FFC50A61944508E002EA8AF /* MeteorUnitTests */,
				9F38F33319447ABE00027BB5 /* MeteorServerIntegrationTests */,
			);
		};
/* End PBXProject section */

/* Begin PBXResourcesBuildPhase section */
		9F38F33219447ABE00027BB5 /* Resources */ = {
			isa = PBXResourcesBuildPhase;
			buildActionMask = 2147483647;
			files = (
			);
			runOnlyForDeploymentPostprocessing = 0;
		};
		9FFC50A51944508E002EA8AF /* Resources */ = {
			isa = PBXResourcesBuildPhase;
			buildActionMask = 2147483647;
			files = (
			);
			runOnlyForDeploymentPostprocessing = 0;
		};
/* End PBXResourcesBuildPhase section */

/* Begin PBXShellScriptBuildPhase section */
		1D2E0F9A5E17C39063B4B777 /* Copy Pods Resources */ = {
			isa = PBXShellScriptBuildPhase;
			buildActionMask = 2147483647;
			files = (
			);
			inputPaths = (
			);
			name = "Copy Pods Resources";
			outputPaths = (
			);
			runOnlyForDeploymentPostprocessing = 0;
			shellPath = /bin/sh;
			shellScript = "\"${SRCROOT}/../Pods/Target Support Files/Pods-MeteorServerIntegrationTests/Pods-MeteorServerIntegrationTests-resources.sh\"\n";
			showEnvVarsInLog = 0;
		};
		762BE729054765794E708E2C /* Embed Pods Frameworks */ = {
			isa = PBXShellScriptBuildPhase;
			buildActionMask = 2147483647;
			files = (
			);
			inputPaths = (
			);
			name = "Embed Pods Frameworks";
			outputPaths = (
			);
			runOnlyForDeploymentPostprocessing = 0;
			shellPath = /bin/sh;
			shellScript = "\"${SRCROOT}/../Pods/Target Support Files/Pods-MeteorServerIntegrationTests/Pods-MeteorServerIntegrationTests-frameworks.sh\"\n";
			showEnvVarsInLog = 0;
		};
		ABE1EC448F689BE752F3850A /* Copy Pods Resources */ = {
			isa = PBXShellScriptBuildPhase;
			buildActionMask = 2147483647;
			files = (
			);
			inputPaths = (
			);
			name = "Copy Pods Resources";
			outputPaths = (
			);
			runOnlyForDeploymentPostprocessing = 0;
			shellPath = /bin/sh;
			shellScript = "\"${SRCROOT}/../Pods/Target Support Files/Pods-MeteorUnitTests/Pods-MeteorUnitTests-resources.sh\"\n";
			showEnvVarsInLog = 0;
		};
		BBB9D758892B5EA848B8874C /* Check Pods Manifest.lock */ = {
			isa = PBXShellScriptBuildPhase;
			buildActionMask = 2147483647;
			files = (
			);
			inputPaths = (
			);
			name = "Check Pods Manifest.lock";
			outputPaths = (
			);
			runOnlyForDeploymentPostprocessing = 0;
			shellPath = /bin/sh;
			shellScript = "diff \"${PODS_ROOT}/../Podfile.lock\" \"${PODS_ROOT}/Manifest.lock\" > /dev/null\nif [[ $? != 0 ]] ; then\n    cat << EOM\nerror: The sandbox is not in sync with the Podfile.lock. Run 'pod install' or update your CocoaPods installation.\nEOM\n    exit 1\nfi\n";
			showEnvVarsInLog = 0;
		};
		EB21F341EBF9511E4BEC8291 /* Embed Pods Frameworks */ = {
			isa = PBXShellScriptBuildPhase;
			buildActionMask = 2147483647;
			files = (
			);
			inputPaths = (
			);
			name = "Embed Pods Frameworks";
			outputPaths = (
			);
			runOnlyForDeploymentPostprocessing = 0;
			shellPath = /bin/sh;
			shellScript = "\"${SRCROOT}/../Pods/Target Support Files/Pods-MeteorUnitTests/Pods-MeteorUnitTests-frameworks.sh\"\n";
			showEnvVarsInLog = 0;
		};
		FF19536C4156021368611CCD /* Check Pods Manifest.lock */ = {
			isa = PBXShellScriptBuildPhase;
			buildActionMask = 2147483647;
			files = (
			);
			inputPaths = (
			);
			name = "Check Pods Manifest.lock";
			outputPaths = (
			);
			runOnlyForDeploymentPostprocessing = 0;
			shellPath = /bin/sh;
			shellScript = "diff \"${PODS_ROOT}/../Podfile.lock\" \"${PODS_ROOT}/Manifest.lock\" > /dev/null\nif [[ $? != 0 ]] ; then\n    cat << EOM\nerror: The sandbox is not in sync with the Podfile.lock. Run 'pod install' or update your CocoaPods installation.\nEOM\n    exit 1\nfi\n";
			showEnvVarsInLog = 0;
		};
/* End PBXShellScriptBuildPhase section */

/* Begin PBXSourcesBuildPhase section */
		9F38F33019447ABE00027BB5 /* Sources */ = {
			isa = PBXSourcesBuildPhase;
			buildActionMask = 2147483647;
			files = (
				9F38F34019447AE500027BB5 /* METDocumentIDGenerationTests.m in Sources */,
				9FF471141A457DEC00A8AAFD /* XCTAsyncTestCase.m in Sources */,
				9F98ADE8194615810024F542 /* METServerIntegrationTestCase.m in Sources */,
				9F98ADF21946188E0024F542 /* METCallingMutationMethodsTests.m in Sources */,
				9FF4711E1A457EE300A8AAFD /* XCTestCase+Meteor.m in Sources */,
				9F774CD91A2EC5E000D49296 /* METSubscriptionsTests.m in Sources */,
				9F08C79F1A2C85BB002961F3 /* METAccountsTests.m in Sources */,
				9FF471191A457E0C00A8AAFD /* XCTFailure.m in Sources */,
				9FE144C21945E7B7001D9EBD /* Model.xcdatamodeld in Sources */,
			);
			runOnlyForDeploymentPostprocessing = 0;
		};
		9FFC50A31944508E002EA8AF /* Sources */ = {
			isa = PBXSourcesBuildPhase;
			buildActionMask = 2147483647;
			files = (
				9FE4D70D1A493C6C00434C89 /* METDDPClientAccountsTests.m in Sources */,
				9FFC512F19445360002EA8AF /* METAleaRandomValueGeneratorTests.m in Sources */,
				9FFC513919445360002EA8AF /* METDDPMessageTests.m in Sources */,
				9FF471201A4583F500A8AAFD /* METDDPClientCallingMethods.m in Sources */,
				9F94F8A01A442B3D0010440E /* METDatabaseTests.m in Sources */,
				9FE4D6F01A4856F000434C89 /* METDDPClientReconnectingTests.m in Sources */,
				9FE144C11945E7B7001D9EBD /* Model.xcdatamodeld in Sources */,
				9F1764F81A41978F008EE74F /* METDatabaseChangesTests.m in Sources */,
				9F774CE11A304C3300D49296 /* METDDPClientManagingDataTests.m in Sources */,
				9FFC513819445360002EA8AF /* METDDPHeartbeatTests.m in Sources */,
				9F8F23CF1A48539700C5D420 /* METDDPClientTestCase.m in Sources */,
				9FFC514319445360002EA8AF /* METTimerTests.m in Sources */,
				9FB1E97B1A5165DE006E6AAA /* METDDPClientLatencyCompensationTests.m in Sources */,
				9FFC513A19445360002EA8AF /* METDynamicVariableTests.m in Sources */,
				9FFC514119445360002EA8AF /* METRandomStreamTests.m in Sources */,
				9FFC513B19445360002EA8AF /* METEJSONSerializationTests.m in Sources */,
				9F30533F19457769006F1E64 /* XCTAsyncTestCase.m in Sources */,
				9F8B61C1194471870046712F /* METDDPClientConnectingTests.m in Sources */,
				9FF4712E1A45E84600A8AAFD /* METIncrementalStoreTests.m in Sources */,
				9F12BACD19DD67CB008437DC /* XCTestCase+Meteor.m in Sources */,
				9F30533D19457769006F1E64 /* MockMETDDPConnection.m in Sources */,
				9FFC514019445360002EA8AF /* METMethodInvocationCoordinatorTests.m in Sources */,
				9FC12A681A43DB1A0002CFBD /* METCollectionTests.m in Sources */,
				9F160CF41A2DDFEF000B6ABC /* METMethodInvocationTests.m in Sources */,
				9F30534019457769006F1E64 /* XCTFailure.m in Sources */,
				9FC12A6A1A43DB8E0002CFBD /* METDocumentCacheTests.m in Sources */,
				9FFC514219445360002EA8AF /* METRetryStrategyTests.m in Sources */,
				9FE3AC2719DB03E9004DADA4 /* METDocumentChangeDetailsTests.m in Sources */,
				9FF471221A45884700A8AAFD /* METMethodInvocationContextTests.m in Sources */,
			);
			runOnlyForDeploymentPostprocessing = 0;
		};
/* End PBXSourcesBuildPhase section */

/* Begin XCBuildConfiguration section */
		9F38F33E19447ABF00027BB5 /* Debug */ = {
			isa = XCBuildConfiguration;
			baseConfigurationReference = 7A05779AEF7AB02686B73859 /* Pods-MeteorServerIntegrationTests.debug.xcconfig */;
			buildSettings = {
				CLANG_ENABLE_MODULES = YES;
				FRAMEWORK_SEARCH_PATHS = (
					"$(SDKROOT)/Developer/Library/Frameworks",
					"$(inherited)",
				);
				INFOPLIST_FILE = ServerIntegrationTests/Info.plist;
				LD_RUNPATH_SEARCH_PATHS = "$(inherited) @executable_path/Frameworks @loader_path/Frameworks";
				PRODUCT_NAME = "$(TARGET_NAME)";
				USER_HEADER_SEARCH_PATHS = "../Meteor/**";
			};
			name = Debug;
		};
		9F38F33F19447ABF00027BB5 /* Release */ = {
			isa = XCBuildConfiguration;
			baseConfigurationReference = 1E07D88B68D50CA2375B9B27 /* Pods-MeteorServerIntegrationTests.release.xcconfig */;
			buildSettings = {
				CLANG_ENABLE_MODULES = YES;
				FRAMEWORK_SEARCH_PATHS = (
					"$(SDKROOT)/Developer/Library/Frameworks",
					"$(inherited)",
				);
				INFOPLIST_FILE = ServerIntegrationTests/Info.plist;
				LD_RUNPATH_SEARCH_PATHS = "$(inherited) @executable_path/Frameworks @loader_path/Frameworks";
				PRODUCT_NAME = "$(TARGET_NAME)";
				USER_HEADER_SEARCH_PATHS = "../Meteor/**";
			};
			name = Release;
		};
		9FFC50AE1944508E002EA8AF /* Debug */ = {
			isa = XCBuildConfiguration;
			buildSettings = {
				ALWAYS_SEARCH_USER_PATHS = NO;
				CLANG_CXX_LANGUAGE_STANDARD = "gnu++0x";
				CLANG_CXX_LIBRARY = "libc++";
				CLANG_ENABLE_OBJC_ARC = YES;
				CLANG_WARN_BOOL_CONVERSION = YES;
				CLANG_WARN_CONSTANT_CONVERSION = YES;
				CLANG_WARN_DIRECT_OBJC_ISA_USAGE = YES_ERROR;
				CLANG_WARN_EMPTY_BODY = YES;
				CLANG_WARN_ENUM_CONVERSION = YES;
				CLANG_WARN_INT_CONVERSION = YES;
				CLANG_WARN_OBJC_ROOT_CLASS = YES_ERROR;
				CLANG_WARN_UNREACHABLE_CODE = YES;
				CLANG_WARN__DUPLICATE_METHOD_MATCH = YES;
				COPY_PHASE_STRIP = NO;
				ENABLE_STRICT_OBJC_MSGSEND = YES;
				GCC_C_LANGUAGE_STANDARD = gnu99;
				GCC_DYNAMIC_NO_PIC = NO;
				GCC_OPTIMIZATION_LEVEL = 0;
				GCC_PREPROCESSOR_DEFINITIONS = (
					"DEBUG=1",
					"$(inherited)",
				);
				GCC_SYMBOLS_PRIVATE_EXTERN = NO;
				GCC_WARN_64_TO_32_BIT_CONVERSION = YES;
				GCC_WARN_ABOUT_RETURN_TYPE = YES_ERROR;
				GCC_WARN_UNDECLARED_SELECTOR = YES;
				GCC_WARN_UNINITIALIZED_AUTOS = YES_AGGRESSIVE;
				GCC_WARN_UNUSED_FUNCTION = YES;
				GCC_WARN_UNUSED_VARIABLE = YES;
				HEADER_SEARCH_PATHS = "$(inherited)";
				IPHONEOS_DEPLOYMENT_TARGET = 7.0;
				METAL_ENABLE_DEBUG_INFO = YES;
				ONLY_ACTIVE_ARCH = YES;
				SDKROOT = iphoneos;
			};
			name = Debug;
		};
		9FFC50AF1944508E002EA8AF /* Release */ = {
			isa = XCBuildConfiguration;
			buildSettings = {
				ALWAYS_SEARCH_USER_PATHS = NO;
				CLANG_CXX_LANGUAGE_STANDARD = "gnu++0x";
				CLANG_CXX_LIBRARY = "libc++";
				CLANG_ENABLE_OBJC_ARC = YES;
				CLANG_WARN_BOOL_CONVERSION = YES;
				CLANG_WARN_CONSTANT_CONVERSION = YES;
				CLANG_WARN_DIRECT_OBJC_ISA_USAGE = YES_ERROR;
				CLANG_WARN_EMPTY_BODY = YES;
				CLANG_WARN_ENUM_CONVERSION = YES;
				CLANG_WARN_INT_CONVERSION = YES;
				CLANG_WARN_OBJC_ROOT_CLASS = YES_ERROR;
				CLANG_WARN_UNREACHABLE_CODE = YES;
				CLANG_WARN__DUPLICATE_METHOD_MATCH = YES;
				COPY_PHASE_STRIP = YES;
				ENABLE_NS_ASSERTIONS = NO;
				ENABLE_STRICT_OBJC_MSGSEND = YES;
				GCC_C_LANGUAGE_STANDARD = gnu99;
				GCC_WARN_64_TO_32_BIT_CONVERSION = YES;
				GCC_WARN_ABOUT_RETURN_TYPE = YES_ERROR;
				GCC_WARN_UNDECLARED_SELECTOR = YES;
				GCC_WARN_UNINITIALIZED_AUTOS = YES_AGGRESSIVE;
				GCC_WARN_UNUSED_FUNCTION = YES;
				GCC_WARN_UNUSED_VARIABLE = YES;
				HEADER_SEARCH_PATHS = "$(inherited)";
				IPHONEOS_DEPLOYMENT_TARGET = 7.0;
				METAL_ENABLE_DEBUG_INFO = NO;
				SDKROOT = iphoneos;
				VALIDATE_PRODUCT = YES;
			};
			name = Release;
		};
		9FFC50B41944508E002EA8AF /* Debug */ = {
			isa = XCBuildConfiguration;
			baseConfigurationReference = A0D12B3F761718385AC31075 /* Pods-MeteorUnitTests.debug.xcconfig */;
			buildSettings = {
				CLANG_ENABLE_MODULES = YES;
				FRAMEWORK_SEARCH_PATHS = (
					"$(SDKROOT)/Developer/Library/Frameworks",
					"$(inherited)",
				);
				HEADER_SEARCH_PATHS = (
					"$(inherited)",
					"/Applications/Xcode6-Beta.app/Contents/Developer/Toolchains/XcodeDefault.xctoolchain/usr/include",
					Vendor/PocketSocket,
					Vendor/OCMock/Source,
				);
				INFOPLIST_FILE = UnitTests/Info.plist;
				LD_RUNPATH_SEARCH_PATHS = "$(inherited) @executable_path/Frameworks @loader_path/Frameworks";
				PRODUCT_NAME = "$(TARGET_NAME)";
				USER_HEADER_SEARCH_PATHS = "../Meteor/**";
			};
			name = Debug;
		};
		9FFC50B51944508E002EA8AF /* Release */ = {
			isa = XCBuildConfiguration;
			baseConfigurationReference = 3AB5DAC32388F8722EEFE356 /* Pods-MeteorUnitTests.release.xcconfig */;
			buildSettings = {
				CLANG_ENABLE_MODULES = YES;
				FRAMEWORK_SEARCH_PATHS = (
					"$(SDKROOT)/Developer/Library/Frameworks",
					"$(inherited)",
				);
				HEADER_SEARCH_PATHS = (
					"$(inherited)",
					"/Applications/Xcode6-Beta.app/Contents/Developer/Toolchains/XcodeDefault.xctoolchain/usr/include",
					Vendor/PocketSocket,
					Vendor/OCMock/Source,
				);
				INFOPLIST_FILE = UnitTests/Info.plist;
				LD_RUNPATH_SEARCH_PATHS = "$(inherited) @executable_path/Frameworks @loader_path/Frameworks";
				PRODUCT_NAME = "$(TARGET_NAME)";
				USER_HEADER_SEARCH_PATHS = "../Meteor/**";
			};
			name = Release;
		};
/* End XCBuildConfiguration section */

/* Begin XCConfigurationList section */
		9F38F33D19447ABF00027BB5 /* Build configuration list for PBXNativeTarget "MeteorServerIntegrationTests" */ = {
			isa = XCConfigurationList;
			buildConfigurations = (
				9F38F33E19447ABF00027BB5 /* Debug */,
				9F38F33F19447ABF00027BB5 /* Release */,
			);
			defaultConfigurationIsVisible = 0;
			defaultConfigurationName = Release;
		};
		9FFC50971944508E002EA8AF /* Build configuration list for PBXProject "Meteor Tests" */ = {
			isa = XCConfigurationList;
			buildConfigurations = (
				9FFC50AE1944508E002EA8AF /* Debug */,
				9FFC50AF1944508E002EA8AF /* Release */,
			);
			defaultConfigurationIsVisible = 0;
			defaultConfigurationName = Release;
		};
		9FFC50B31944508E002EA8AF /* Build configuration list for PBXNativeTarget "MeteorUnitTests" */ = {
			isa = XCConfigurationList;
			buildConfigurations = (
				9FFC50B41944508E002EA8AF /* Debug */,
				9FFC50B51944508E002EA8AF /* Release */,
			);
			defaultConfigurationIsVisible = 0;
			defaultConfigurationName = Release;
		};
/* End XCConfigurationList section */

/* Begin XCVersionGroup section */
		9FE144BF1945E7B7001D9EBD /* Model.xcdatamodeld */ = {
			isa = XCVersionGroup;
			children = (
				9FE144C01945E7B7001D9EBD /* Model.xcdatamodel */,
			);
			currentVersion = 9FE144C01945E7B7001D9EBD /* Model.xcdatamodel */;
			path = Model.xcdatamodeld;
			sourceTree = "<group>";
			versionGroupType = wrapper.xcdatamodel;
		};
/* End XCVersionGroup section */
	};
	rootObject = 9FFC50941944508E002EA8AF /* Project object */;
}
