// !$*UTF8*$!
{
	archiveVersion = 1;
	classes = {
	};
	objectVersion = 46;
	objects = {

/* Begin PBXBuildFile section */
		9F37395E1BA47F5B00E1FE15 /* AppDelegate.swift in Sources */ = {isa = PBXBuildFile; fileRef = 9F37395D1BA47F5B00E1FE15 /* AppDelegate.swift */; };
		9F3739631BA47F5B00E1FE15 /* Main.storyboard in Resources */ = {isa = PBXBuildFile; fileRef = 9F3739611BA47F5B00E1FE15 /* Main.storyboard */; };
		9F3739661BA47F5B00E1FE15 /* Todos.xcdatamodeld in Sources */ = {isa = PBXBuildFile; fileRef = 9F3739641BA47F5B00E1FE15 /* Todos.xcdatamodeld */; };
		9F3739681BA47F5B00E1FE15 /* Assets.xcassets in Resources */ = {isa = PBXBuildFile; fileRef = 9F3739671BA47F5B00E1FE15 /* Assets.xcassets */; };
		9F37396B1BA47F5B00E1FE15 /* LaunchScreen.storyboard in Resources */ = {isa = PBXBuildFile; fileRef = 9F3739691BA47F5B00E1FE15 /* LaunchScreen.storyboard */; };
		9F37398D1BA4801900E1FE15 /* BorderedButton.swift in Sources */ = {isa = PBXBuildFile; fileRef = 9F37397B1BA4801900E1FE15 /* BorderedButton.swift */; settings = {ASSET_TAGS = (); }; };
		9F37398E1BA4801900E1FE15 /* ContentLoading.swift in Sources */ = {isa = PBXBuildFile; fileRef = 9F37397C1BA4801900E1FE15 /* ContentLoading.swift */; settings = {ASSET_TAGS = (); }; };
		9F37398F1BA4801900E1FE15 /* FetchedResultsDataSource.swift in Sources */ = {isa = PBXBuildFile; fileRef = 9F37397D1BA4801900E1FE15 /* FetchedResultsDataSource.swift */; settings = {ASSET_TAGS = (); }; };
		9F3739901BA4801900E1FE15 /* FetchedResultsTableViewController.swift in Sources */ = {isa = PBXBuildFile; fileRef = 9F37397E1BA4801900E1FE15 /* FetchedResultsTableViewController.swift */; settings = {ASSET_TAGS = (); }; };
		9F3739911BA4801900E1FE15 /* FetchedResultsTableViewDataSource.swift in Sources */ = {isa = PBXBuildFile; fileRef = 9F37397F1BA4801900E1FE15 /* FetchedResultsTableViewDataSource.swift */; settings = {ASSET_TAGS = (); }; };
		9F3739921BA4801900E1FE15 /* FoundationExtensions.swift in Sources */ = {isa = PBXBuildFile; fileRef = 9F3739801BA4801900E1FE15 /* FoundationExtensions.swift */; settings = {ASSET_TAGS = (); }; };
		9F3739931BA4801900E1FE15 /* FunctionalAdditions.swift in Sources */ = {isa = PBXBuildFile; fileRef = 9F3739811BA4801900E1FE15 /* FunctionalAdditions.swift */; settings = {ASSET_TAGS = (); }; };
		9F3739941BA4801900E1FE15 /* List.swift in Sources */ = {isa = PBXBuildFile; fileRef = 9F3739821BA4801900E1FE15 /* List.swift */; settings = {ASSET_TAGS = (); }; };
		9F3739951BA4801900E1FE15 /* ListsViewController.swift in Sources */ = {isa = PBXBuildFile; fileRef = 9F3739831BA4801900E1FE15 /* ListsViewController.swift */; settings = {ASSET_TAGS = (); }; };
		9F3739961BA4801900E1FE15 /* ManagedObjectObserver.swift in Sources */ = {isa = PBXBuildFile; fileRef = 9F3739841BA4801900E1FE15 /* ManagedObjectObserver.swift */; settings = {ASSET_TAGS = (); }; };
		9F3739971BA4801900E1FE15 /* MeteorExtensions.swift in Sources */ = {isa = PBXBuildFile; fileRef = 9F3739851BA4801900E1FE15 /* MeteorExtensions.swift */; settings = {ASSET_TAGS = (); }; };
		9F3739981BA4801900E1FE15 /* PlaceholderView.swift in Sources */ = {isa = PBXBuildFile; fileRef = 9F3739861BA4801900E1FE15 /* PlaceholderView.swift */; settings = {ASSET_TAGS = (); }; };
		9F3739991BA4801900E1FE15 /* SignInViewController.swift in Sources */ = {isa = PBXBuildFile; fileRef = 9F3739871BA4801900E1FE15 /* SignInViewController.swift */; settings = {ASSET_TAGS = (); }; };
		9F37399A1BA4801900E1FE15 /* SignUpViewController.swift in Sources */ = {isa = PBXBuildFile; fileRef = 9F3739881BA4801900E1FE15 /* SignUpViewController.swift */; settings = {ASSET_TAGS = (); }; };
		9F37399B1BA4801900E1FE15 /* SubscriptionLoader.swift in Sources */ = {isa = PBXBuildFile; fileRef = 9F3739891BA4801900E1FE15 /* SubscriptionLoader.swift */; settings = {ASSET_TAGS = (); }; };
		9F37399C1BA4801900E1FE15 /* Todo.swift in Sources */ = {isa = PBXBuildFile; fileRef = 9F37398A1BA4801900E1FE15 /* Todo.swift */; settings = {ASSET_TAGS = (); }; };
		9F37399D1BA4801900E1FE15 /* TodosViewController.swift in Sources */ = {isa = PBXBuildFile; fileRef = 9F37398B1BA4801900E1FE15 /* TodosViewController.swift */; settings = {ASSET_TAGS = (); }; };
		9F37399E1BA4801900E1FE15 /* User.swift in Sources */ = {isa = PBXBuildFile; fileRef = 9F37398C1BA4801900E1FE15 /* User.swift */; settings = {ASSET_TAGS = (); }; };
		9F3739A01BA4803800E1FE15 /* Meteor.framework in Frameworks */ = {isa = PBXBuildFile; fileRef = 9F37399F1BA4803800E1FE15 /* Meteor.framework */; };
		9F3739A11BA4803800E1FE15 /* Meteor.framework in Embed Frameworks */ = {isa = PBXBuildFile; fileRef = 9F37399F1BA4803800E1FE15 /* Meteor.framework */; settings = {ATTRIBUTES = (CodeSignOnCopy, RemoveHeadersOnCopy, ); }; };
/* End PBXBuildFile section */

/* Begin PBXCopyFilesBuildPhase section */
		9F3739A21BA4803800E1FE15 /* Embed Frameworks */ = {
			isa = PBXCopyFilesBuildPhase;
			buildActionMask = 2147483647;
			dstPath = "";
			dstSubfolderSpec = 10;
			files = (
				9F3739A11BA4803800E1FE15 /* Meteor.framework in Embed Frameworks */,
			);
			name = "Embed Frameworks";
			runOnlyForDeploymentPostprocessing = 0;
		};
/* End PBXCopyFilesBuildPhase section */

/* Begin PBXFileReference section */
		9F37395A1BA47F5B00E1FE15 /* Todos.app */ = {isa = PBXFileReference; explicitFileType = wrapper.application; includeInIndex = 0; path = Todos.app; sourceTree = BUILT_PRODUCTS_DIR; };
		9F37395D1BA47F5B00E1FE15 /* AppDelegate.swift */ = {isa = PBXFileReference; lastKnownFileType = sourcecode.swift; path = AppDelegate.swift; sourceTree = "<group>"; };
		9F3739621BA47F5B00E1FE15 /* Base */ = {isa = PBXFileReference; lastKnownFileType = file.storyboard; name = Base; path = Base.lproj/Main.storyboard; sourceTree = "<group>"; };
		9F3739651BA47F5B00E1FE15 /* Todos.xcdatamodel */ = {isa = PBXFileReference; lastKnownFileType = wrapper.xcdatamodel; path = Todos.xcdatamodel; sourceTree = "<group>"; };
		9F3739671BA47F5B00E1FE15 /* Assets.xcassets */ = {isa = PBXFileReference; lastKnownFileType = folder.assetcatalog; path = Assets.xcassets; sourceTree = "<group>"; };
		9F37396A1BA47F5B00E1FE15 /* Base */ = {isa = PBXFileReference; lastKnownFileType = file.storyboard; name = Base; path = Base.lproj/LaunchScreen.storyboard; sourceTree = "<group>"; };
		9F37396C1BA47F5B00E1FE15 /* Info.plist */ = {isa = PBXFileReference; lastKnownFileType = text.plist.xml; path = Info.plist; sourceTree = "<group>"; };
		9F37397B1BA4801900E1FE15 /* BorderedButton.swift */ = {isa = PBXFileReference; fileEncoding = 4; lastKnownFileType = sourcecode.swift; path = BorderedButton.swift; sourceTree = "<group>"; };
		9F37397C1BA4801900E1FE15 /* ContentLoading.swift */ = {isa = PBXFileReference; fileEncoding = 4; lastKnownFileType = sourcecode.swift; path = ContentLoading.swift; sourceTree = "<group>"; };
		9F37397D1BA4801900E1FE15 /* FetchedResultsDataSource.swift */ = {isa = PBXFileReference; fileEncoding = 4; lastKnownFileType = sourcecode.swift; path = FetchedResultsDataSource.swift; sourceTree = "<group>"; };
		9F37397E1BA4801900E1FE15 /* FetchedResultsTableViewController.swift */ = {isa = PBXFileReference; fileEncoding = 4; lastKnownFileType = sourcecode.swift; path = FetchedResultsTableViewController.swift; sourceTree = "<group>"; };
		9F37397F1BA4801900E1FE15 /* FetchedResultsTableViewDataSource.swift */ = {isa = PBXFileReference; fileEncoding = 4; lastKnownFileType = sourcecode.swift; path = FetchedResultsTableViewDataSource.swift; sourceTree = "<group>"; };
		9F3739801BA4801900E1FE15 /* FoundationExtensions.swift */ = {isa = PBXFileReference; fileEncoding = 4; lastKnownFileType = sourcecode.swift; path = FoundationExtensions.swift; sourceTree = "<group>"; };
		9F3739811BA4801900E1FE15 /* FunctionalAdditions.swift */ = {isa = PBXFileReference; fileEncoding = 4; lastKnownFileType = sourcecode.swift; path = FunctionalAdditions.swift; sourceTree = "<group>"; };
		9F3739821BA4801900E1FE15 /* List.swift */ = {isa = PBXFileReference; fileEncoding = 4; lastKnownFileType = sourcecode.swift; path = List.swift; sourceTree = "<group>"; };
		9F3739831BA4801900E1FE15 /* ListsViewController.swift */ = {isa = PBXFileReference; fileEncoding = 4; lastKnownFileType = sourcecode.swift; path = ListsViewController.swift; sourceTree = "<group>"; };
		9F3739841BA4801900E1FE15 /* ManagedObjectObserver.swift */ = {isa = PBXFileReference; fileEncoding = 4; lastKnownFileType = sourcecode.swift; path = ManagedObjectObserver.swift; sourceTree = "<group>"; };
		9F3739851BA4801900E1FE15 /* MeteorExtensions.swift */ = {isa = PBXFileReference; fileEncoding = 4; lastKnownFileType = sourcecode.swift; path = MeteorExtensions.swift; sourceTree = "<group>"; };
		9F3739861BA4801900E1FE15 /* PlaceholderView.swift */ = {isa = PBXFileReference; fileEncoding = 4; lastKnownFileType = sourcecode.swift; path = PlaceholderView.swift; sourceTree = "<group>"; };
		9F3739871BA4801900E1FE15 /* SignInViewController.swift */ = {isa = PBXFileReference; fileEncoding = 4; lastKnownFileType = sourcecode.swift; path = SignInViewController.swift; sourceTree = "<group>"; };
		9F3739881BA4801900E1FE15 /* SignUpViewController.swift */ = {isa = PBXFileReference; fileEncoding = 4; lastKnownFileType = sourcecode.swift; path = SignUpViewController.swift; sourceTree = "<group>"; };
		9F3739891BA4801900E1FE15 /* SubscriptionLoader.swift */ = {isa = PBXFileReference; fileEncoding = 4; lastKnownFileType = sourcecode.swift; path = SubscriptionLoader.swift; sourceTree = "<group>"; };
		9F37398A1BA4801900E1FE15 /* Todo.swift */ = {isa = PBXFileReference; fileEncoding = 4; lastKnownFileType = sourcecode.swift; path = Todo.swift; sourceTree = "<group>"; };
		9F37398B1BA4801900E1FE15 /* TodosViewController.swift */ = {isa = PBXFileReference; fileEncoding = 4; lastKnownFileType = sourcecode.swift; path = TodosViewController.swift; sourceTree = "<group>"; };
		9F37398C1BA4801900E1FE15 /* User.swift */ = {isa = PBXFileReference; fileEncoding = 4; lastKnownFileType = sourcecode.swift; path = User.swift; sourceTree = "<group>"; };
		9F37399F1BA4803800E1FE15 /* Meteor.framework */ = {isa = PBXFileReference; explicitFileType = wrapper.framework; path = Meteor.framework; sourceTree = BUILT_PRODUCTS_DIR; };
/* End PBXFileReference section */

/* Begin PBXFrameworksBuildPhase section */
		9F3739571BA47F5B00E1FE15 /* Frameworks */ = {
			isa = PBXFrameworksBuildPhase;
			buildActionMask = 2147483647;
			files = (
				9F3739A01BA4803800E1FE15 /* Meteor.framework in Frameworks */,
			);
			runOnlyForDeploymentPostprocessing = 0;
		};
/* End PBXFrameworksBuildPhase section */

/* Begin PBXGroup section */
		9F3739511BA47F5B00E1FE15 = {
			isa = PBXGroup;
			children = (
				9F37395C1BA47F5B00E1FE15 /* Todos */,
				9F3739A31BA4804200E1FE15 /* Frameworks */,
				9F37395B1BA47F5B00E1FE15 /* Products */,
			);
			sourceTree = "<group>";
		};
		9F37395B1BA47F5B00E1FE15 /* Products */ = {
			isa = PBXGroup;
			children = (
				9F37395A1BA47F5B00E1FE15 /* Todos.app */,
			);
			name = Products;
			sourceTree = "<group>";
		};
		9F37395C1BA47F5B00E1FE15 /* Todos */ = {
			isa = PBXGroup;
			children = (
				9F37396C1BA47F5B00E1FE15 /* Info.plist */,
				9F37395D1BA47F5B00E1FE15 /* AppDelegate.swift */,
				9F3739691BA47F5B00E1FE15 /* LaunchScreen.storyboard */,
				9F3739611BA47F5B00E1FE15 /* Main.storyboard */,
				9F3739671BA47F5B00E1FE15 /* Assets.xcassets */,
				9F3739A51BA52F8100E1FE15 /* Model */,
				9F3739A61BA52F9100E1FE15 /* View Controllers */,
				9F3739A71BA52FB700E1FE15 /* Views */,
				9F3739A41BA52F6900E1FE15 /* MeteorUI */,
			);
			path = Todos;
			sourceTree = "<group>";
		};
		9F3739A31BA4804200E1FE15 /* Frameworks */ = {
			isa = PBXGroup;
			children = (
				9F37399F1BA4803800E1FE15 /* Meteor.framework */,
			);
			name = Frameworks;
			sourceTree = "<group>";
		};
		9F3739A41BA52F6900E1FE15 /* MeteorUI */ = {
			isa = PBXGroup;
			children = (
				9F3739841BA4801900E1FE15 /* ManagedObjectObserver.swift */,
				9F3739851BA4801900E1FE15 /* MeteorExtensions.swift */,
				9F3739861BA4801900E1FE15 /* PlaceholderView.swift */,
				9F37397C1BA4801900E1FE15 /* ContentLoading.swift */,
				9F37397D1BA4801900E1FE15 /* FetchedResultsDataSource.swift */,
				9F37397E1BA4801900E1FE15 /* FetchedResultsTableViewController.swift */,
				9F37397F1BA4801900E1FE15 /* FetchedResultsTableViewDataSource.swift */,
				9F3739801BA4801900E1FE15 /* FoundationExtensions.swift */,
				9F3739811BA4801900E1FE15 /* FunctionalAdditions.swift */,
				9F3739891BA4801900E1FE15 /* SubscriptionLoader.swift */,
			);
			name = MeteorUI;
			sourceTree = "<group>";
		};
		9F3739A51BA52F8100E1FE15 /* Model */ = {
			isa = PBXGroup;
			children = (
				9F3739821BA4801900E1FE15 /* List.swift */,
				9F37398A1BA4801900E1FE15 /* Todo.swift */,
				9F37398C1BA4801900E1FE15 /* User.swift */,
				9F3739641BA47F5B00E1FE15 /* Todos.xcdatamodeld */,
			);
			name = Model;
			sourceTree = "<group>";
		};
		9F3739A61BA52F9100E1FE15 /* View Controllers */ = {
			isa = PBXGroup;
			children = (
				9F3739831BA4801900E1FE15 /* ListsViewController.swift */,
				9F37398B1BA4801900E1FE15 /* TodosViewController.swift */,
				9F3739871BA4801900E1FE15 /* SignInViewController.swift */,
				9F3739881BA4801900E1FE15 /* SignUpViewController.swift */,
			);
			name = "View Controllers";
			sourceTree = "<group>";
		};
		9F3739A71BA52FB700E1FE15 /* Views */ = {
			isa = PBXGroup;
			children = (
				9F37397B1BA4801900E1FE15 /* BorderedButton.swift */,
			);
			name = Views;
			sourceTree = "<group>";
		};
/* End PBXGroup section */

/* Begin PBXNativeTarget section */
		9F3739591BA47F5B00E1FE15 /* Todos */ = {
			isa = PBXNativeTarget;
			buildConfigurationList = 9F37396F1BA47F5B00E1FE15 /* Build configuration list for PBXNativeTarget "Todos" */;
			buildPhases = (
				9F3739561BA47F5B00E1FE15 /* Sources */,
				9F3739571BA47F5B00E1FE15 /* Frameworks */,
				9F3739581BA47F5B00E1FE15 /* Resources */,
				9F3739A21BA4803800E1FE15 /* Embed Frameworks */,
			);
			buildRules = (
			);
			dependencies = (
			);
			name = Todos;
			productName = Todos;
			productReference = 9F37395A1BA47F5B00E1FE15 /* Todos.app */;
			productType = "com.apple.product-type.application";
		};
/* End PBXNativeTarget section */

/* Begin PBXProject section */
		9F3739521BA47F5B00E1FE15 /* Project object */ = {
			isa = PBXProject;
			attributes = {
				LastSwiftMigration = 0700;
				LastSwiftUpdateCheck = 0700;
				LastUpgradeCheck = 0700;
				ORGANIZATIONNAME = Meteor;
				TargetAttributes = {
					9F3739591BA47F5B00E1FE15 = {
						CreatedOnToolsVersion = 7.0;
					};
				};
			};
			buildConfigurationList = 9F3739551BA47F5B00E1FE15 /* Build configuration list for PBXProject "Todos" */;
			compatibilityVersion = "Xcode 3.2";
			developmentRegion = English;
			hasScannedForEncodings = 0;
			knownRegions = (
				en,
				Base,
			);
			mainGroup = 9F3739511BA47F5B00E1FE15;
			productRefGroup = 9F37395B1BA47F5B00E1FE15 /* Products */;
			projectDirPath = "";
			projectRoot = "";
			targets = (
				9F3739591BA47F5B00E1FE15 /* Todos */,
			);
		};
/* End PBXProject section */

/* Begin PBXResourcesBuildPhase section */
		9F3739581BA47F5B00E1FE15 /* Resources */ = {
			isa = PBXResourcesBuildPhase;
			buildActionMask = 2147483647;
			files = (
				9F37396B1BA47F5B00E1FE15 /* LaunchScreen.storyboard in Resources */,
				9F3739681BA47F5B00E1FE15 /* Assets.xcassets in Resources */,
				9F3739631BA47F5B00E1FE15 /* Main.storyboard in Resources */,
			);
			runOnlyForDeploymentPostprocessing = 0;
		};
/* End PBXResourcesBuildPhase section */

/* Begin PBXSourcesBuildPhase section */
		9F3739561BA47F5B00E1FE15 /* Sources */ = {
			isa = PBXSourcesBuildPhase;
			buildActionMask = 2147483647;
			files = (
				9F37398E1BA4801900E1FE15 /* ContentLoading.swift in Sources */,
				9F3739661BA47F5B00E1FE15 /* Todos.xcdatamodeld in Sources */,
				9F3739971BA4801900E1FE15 /* MeteorExtensions.swift in Sources */,
				9F37399B1BA4801900E1FE15 /* SubscriptionLoader.swift in Sources */,
				9F3739961BA4801900E1FE15 /* ManagedObjectObserver.swift in Sources */,
				9F3739951BA4801900E1FE15 /* ListsViewController.swift in Sources */,
				9F37395E1BA47F5B00E1FE15 /* AppDelegate.swift in Sources */,
				9F3739941BA4801900E1FE15 /* List.swift in Sources */,
				9F37399E1BA4801900E1FE15 /* User.swift in Sources */,
				9F3739911BA4801900E1FE15 /* FetchedResultsTableViewDataSource.swift in Sources */,
				9F3739991BA4801900E1FE15 /* SignInViewController.swift in Sources */,
				9F37399D1BA4801900E1FE15 /* TodosViewController.swift in Sources */,
				9F3739921BA4801900E1FE15 /* FoundationExtensions.swift in Sources */,
				9F37399A1BA4801900E1FE15 /* SignUpViewController.swift in Sources */,
				9F3739931BA4801900E1FE15 /* FunctionalAdditions.swift in Sources */,
				9F37399C1BA4801900E1FE15 /* Todo.swift in Sources */,
				9F37398D1BA4801900E1FE15 /* BorderedButton.swift in Sources */,
				9F3739901BA4801900E1FE15 /* FetchedResultsTableViewController.swift in Sources */,
				9F3739981BA4801900E1FE15 /* PlaceholderView.swift in Sources */,
				9F37398F1BA4801900E1FE15 /* FetchedResultsDataSource.swift in Sources */,
			);
			runOnlyForDeploymentPostprocessing = 0;
		};
/* End PBXSourcesBuildPhase section */

/* Begin PBXVariantGroup section */
		9F3739611BA47F5B00E1FE15 /* Main.storyboard */ = {
			isa = PBXVariantGroup;
			children = (
				9F3739621BA47F5B00E1FE15 /* Base */,
			);
			name = Main.storyboard;
			sourceTree = "<group>";
		};
		9F3739691BA47F5B00E1FE15 /* LaunchScreen.storyboard */ = {
			isa = PBXVariantGroup;
			children = (
				9F37396A1BA47F5B00E1FE15 /* Base */,
			);
			name = LaunchScreen.storyboard;
			sourceTree = "<group>";
		};
/* End PBXVariantGroup section */

/* Begin XCBuildConfiguration section */
		9F37396D1BA47F5B00E1FE15 /* Debug */ = {
			isa = XCBuildConfiguration;
			buildSettings = {
				ALWAYS_SEARCH_USER_PATHS = NO;
				CLANG_CXX_LANGUAGE_STANDARD = "gnu++0x";
				CLANG_CXX_LIBRARY = "libc++";
				CLANG_ENABLE_MODULES = YES;
				CLANG_ENABLE_OBJC_ARC = YES;
				CLANG_WARN_BOOL_CONVERSION = YES;
				CLANG_WARN_CONSTANT_CONVERSION = YES;
				CLANG_WARN_DIRECT_OBJC_ISA_USAGE = YES_ERROR;
				CLANG_WARN_EMPTY_BODY = YES;
				CLANG_WARN_ENUM_CONVERSION = YES;
				CLANG_WARN_INT_CONVERSION = YES;
				CLANG_WARN_OBJC_ROOT_CLASS = YES_ERROR;
				CLANG_WARN_UNREACHABLE_CODE = YES;
				CLANG_WARN__DUPLICATE_METHOD_MATCH = YES;
				"CODE_SIGN_IDENTITY[sdk=iphoneos*]" = "iPhone Developer";
				COPY_PHASE_STRIP = NO;
				DEBUG_INFORMATION_FORMAT = dwarf;
				ENABLE_STRICT_OBJC_MSGSEND = YES;
				ENABLE_TESTABILITY = YES;
				GCC_C_LANGUAGE_STANDARD = gnu99;
				GCC_DYNAMIC_NO_PIC = NO;
				GCC_NO_COMMON_BLOCKS = YES;
				GCC_OPTIMIZATION_LEVEL = 0;
				GCC_PREPROCESSOR_DEFINITIONS = (
					"DEBUG=1",
					"$(inherited)",
				);
				GCC_WARN_64_TO_32_BIT_CONVERSION = YES;
				GCC_WARN_ABOUT_RETURN_TYPE = YES_ERROR;
				GCC_WARN_UNDECLARED_SELECTOR = YES;
				GCC_WARN_UNINITIALIZED_AUTOS = YES_AGGRESSIVE;
				GCC_WARN_UNUSED_FUNCTION = YES;
				GCC_WARN_UNUSED_VARIABLE = YES;
				IPHONEOS_DEPLOYMENT_TARGET = 9.0;
				MTL_ENABLE_DEBUG_INFO = YES;
				ONLY_ACTIVE_ARCH = YES;
				SDKROOT = iphoneos;
				SWIFT_OPTIMIZATION_LEVEL = "-Onone";
				TARGETED_DEVICE_FAMILY = "1,2";
			};
			name = Debug;
		};
		9F37396E1BA47F5B00E1FE15 /* Release */ = {
			isa = XCBuildConfiguration;
			buildSettings = {
				ALWAYS_SEARCH_USER_PATHS = NO;
				CLANG_CXX_LANGUAGE_STANDARD = "gnu++0x";
				CLANG_CXX_LIBRARY = "libc++";
				CLANG_ENABLE_MODULES = YES;
				CLANG_ENABLE_OBJC_ARC = YES;
				CLANG_WARN_BOOL_CONVERSION = YES;
				CLANG_WARN_CONSTANT_CONVERSION = YES;
				CLANG_WARN_DIRECT_OBJC_ISA_USAGE = YES_ERROR;
				CLANG_WARN_EMPTY_BODY = YES;
				CLANG_WARN_ENUM_CONVERSION = YES;
				CLANG_WARN_INT_CONVERSION = YES;
				CLANG_WARN_OBJC_ROOT_CLASS = YES_ERROR;
				CLANG_WARN_UNREACHABLE_CODE = YES;
				CLANG_WARN__DUPLICATE_METHOD_MATCH = YES;
				"CODE_SIGN_IDENTITY[sdk=iphoneos*]" = "iPhone Developer";
				COPY_PHASE_STRIP = NO;
				DEBUG_INFORMATION_FORMAT = "dwarf-with-dsym";
				ENABLE_NS_ASSERTIONS = NO;
				ENABLE_STRICT_OBJC_MSGSEND = YES;
				GCC_C_LANGUAGE_STANDARD = gnu99;
				GCC_NO_COMMON_BLOCKS = YES;
				GCC_WARN_64_TO_32_BIT_CONVERSION = YES;
				GCC_WARN_ABOUT_RETURN_TYPE = YES_ERROR;
				GCC_WARN_UNDECLARED_SELECTOR = YES;
				GCC_WARN_UNINITIALIZED_AUTOS = YES_AGGRESSIVE;
				GCC_WARN_UNUSED_FUNCTION = YES;
				GCC_WARN_UNUSED_VARIABLE = YES;
				IPHONEOS_DEPLOYMENT_TARGET = 9.0;
				MTL_ENABLE_DEBUG_INFO = NO;
				SDKROOT = iphoneos;
				TARGETED_DEVICE_FAMILY = "1,2";
				VALIDATE_PRODUCT = YES;
			};
			name = Release;
		};
		9F3739701BA47F5B00E1FE15 /* Debug */ = {
			isa = XCBuildConfiguration;
			buildSettings = {
				ASSETCATALOG_COMPILER_APPICON_NAME = AppIcon;
				INFOPLIST_FILE = Todos/Info.plist;
				IPHONEOS_DEPLOYMENT_TARGET = 8.0;
				LD_RUNPATH_SEARCH_PATHS = "$(inherited) @executable_path/Frameworks";
				PRODUCT_BUNDLE_IDENTIFIER = com.meteor.examples.Todos;
				PRODUCT_NAME = "$(TARGET_NAME)";
			};
			name = Debug;
		};
		9F3739711BA47F5B00E1FE15 /* Release */ = {
			isa = XCBuildConfiguration;
			buildSettings = {
				ASSETCATALOG_COMPILER_APPICON_NAME = AppIcon;
				INFOPLIST_FILE = Todos/Info.plist;
				IPHONEOS_DEPLOYMENT_TARGET = 8.0;
				LD_RUNPATH_SEARCH_PATHS = "$(inherited) @executable_path/Frameworks";
				PRODUCT_BUNDLE_IDENTIFIER = com.meteor.examples.Todos;
				PRODUCT_NAME = "$(TARGET_NAME)";
			};
			name = Release;
		};
/* End XCBuildConfiguration section */

/* Begin XCConfigurationList section */
		9F3739551BA47F5B00E1FE15 /* Build configuration list for PBXProject "Todos" */ = {
			isa = XCConfigurationList;
			buildConfigurations = (
				9F37396D1BA47F5B00E1FE15 /* Debug */,
				9F37396E1BA47F5B00E1FE15 /* Release */,
			);
			defaultConfigurationIsVisible = 0;
			defaultConfigurationName = Release;
		};
		9F37396F1BA47F5B00E1FE15 /* Build configuration list for PBXNativeTarget "Todos" */ = {
			isa = XCConfigurationList;
			buildConfigurations = (
				9F3739701BA47F5B00E1FE15 /* Debug */,
				9F3739711BA47F5B00E1FE15 /* Release */,
			);
			defaultConfigurationIsVisible = 0;
			defaultConfigurationName = Release;
		};
/* End XCConfigurationList section */

/* Begin XCVersionGroup section */
		9F3739641BA47F5B00E1FE15 /* Todos.xcdatamodeld */ = {
			isa = XCVersionGroup;
			children = (
				9F3739651BA47F5B00E1FE15 /* Todos.xcdatamodel */,
			);
			currentVersion = 9F3739651BA47F5B00E1FE15 /* Todos.xcdatamodel */;
			path = Todos.xcdatamodeld;
			sourceTree = "<group>";
			versionGroupType = wrapper.xcdatamodel;
		};
/* End XCVersionGroup section */
	};
	rootObject = 9F3739521BA47F5B00E1FE15 /* Project object */;
}
