// !$*UTF8*$!
{
	archiveVersion = 1;
	classes = {
	};
	objectVersion = 46;
	objects = {

/* Begin PBXBuildFile section */
		9F3739291BA4786900E1FE15 /* Meteor.framework in Frameworks */ = {isa = PBXBuildFile; fileRef = 9F3739281BA4786900E1FE15 /* Meteor.framework */; };
		9F37392A1BA4786900E1FE15 /* Meteor.framework in Embed Frameworks */ = {isa = PBXBuildFile; fileRef = 9F3739281BA4786900E1FE15 /* Meteor.framework */; settings = {ATTRIBUTES = (CodeSignOnCopy, RemoveHeadersOnCopy, ); }; };
		9F896B601BA4310A00C9BBA0 /* main.m in Sources */ = {isa = PBXBuildFile; fileRef = 9F896B5F1BA4310A00C9BBA0 /* main.m */; };
		9F896B631BA4310A00C9BBA0 /* AppDelegate.m in Sources */ = {isa = PBXBuildFile; fileRef = 9F896B621BA4310A00C9BBA0 /* AppDelegate.m */; };
		9F896B691BA4310A00C9BBA0 /* Main.storyboard in Resources */ = {isa = PBXBuildFile; fileRef = 9F896B671BA4310A00C9BBA0 /* Main.storyboard */; };
		9F896B6C1BA4310A00C9BBA0 /* Leaderboard.xcdatamodeld in Sources */ = {isa = PBXBuildFile; fileRef = 9F896B6A1BA4310A00C9BBA0 /* Leaderboard.xcdatamodeld */; };
		9F896B6E1BA4310A00C9BBA0 /* Assets.xcassets in Resources */ = {isa = PBXBuildFile; fileRef = 9F896B6D1BA4310A00C9BBA0 /* Assets.xcassets */; };
		9F896B711BA4310A00C9BBA0 /* LaunchScreen.storyboard in Resources */ = {isa = PBXBuildFile; fileRef = 9F896B6F1BA4310A00C9BBA0 /* LaunchScreen.storyboard */; };
		9F896B7C1BA4317600C9BBA0 /* PlayersTableViewController.m in Sources */ = {isa = PBXBuildFile; fileRef = 9F896B791BA4317600C9BBA0 /* PlayersTableViewController.m */; settings = {ASSET_TAGS = (); }; };
		9F896B7D1BA4317600C9BBA0 /* PlayerTableViewCell.m in Sources */ = {isa = PBXBuildFile; fileRef = 9F896B7B1BA4317600C9BBA0 /* PlayerTableViewCell.m */; settings = {ASSET_TAGS = (); }; };
/* End PBXBuildFile section */

/* Begin PBXCopyFilesBuildPhase section */
		9F896B851BA43F7F00C9BBA0 /* Embed Frameworks */ = {
			isa = PBXCopyFilesBuildPhase;
			buildActionMask = 2147483647;
			dstPath = "";
			dstSubfolderSpec = 10;
			files = (
				9F37392A1BA4786900E1FE15 /* Meteor.framework in Embed Frameworks */,
			);
			name = "Embed Frameworks";
			runOnlyForDeploymentPostprocessing = 0;
		};
/* End PBXCopyFilesBuildPhase section */

/* Begin PBXFileReference section */
		9F3739281BA4786900E1FE15 /* Meteor.framework */ = {isa = PBXFileReference; explicitFileType = wrapper.framework; path = Meteor.framework; sourceTree = BUILT_PRODUCTS_DIR; };
		9F896B5B1BA4310A00C9BBA0 /* Leaderboard.app */ = {isa = PBXFileReference; explicitFileType = wrapper.application; includeInIndex = 0; path = Leaderboard.app; sourceTree = BUILT_PRODUCTS_DIR; };
		9F896B5F1BA4310A00C9BBA0 /* main.m */ = {isa = PBXFileReference; lastKnownFileType = sourcecode.c.objc; path = main.m; sourceTree = "<group>"; };
		9F896B611BA4310A00C9BBA0 /* AppDelegate.h */ = {isa = PBXFileReference; lastKnownFileType = sourcecode.c.h; path = AppDelegate.h; sourceTree = "<group>"; };
		9F896B621BA4310A00C9BBA0 /* AppDelegate.m */ = {isa = PBXFileReference; lastKnownFileType = sourcecode.c.objc; path = AppDelegate.m; sourceTree = "<group>"; };
		9F896B681BA4310A00C9BBA0 /* Base */ = {isa = PBXFileReference; lastKnownFileType = file.storyboard; name = Base; path = Base.lproj/Main.storyboard; sourceTree = "<group>"; };
		9F896B6B1BA4310A00C9BBA0 /* Leaderboard.xcdatamodel */ = {isa = PBXFileReference; lastKnownFileType = wrapper.xcdatamodel; path = Leaderboard.xcdatamodel; sourceTree = "<group>"; };
		9F896B6D1BA4310A00C9BBA0 /* Assets.xcassets */ = {isa = PBXFileReference; lastKnownFileType = folder.assetcatalog; path = Assets.xcassets; sourceTree = "<group>"; };
		9F896B701BA4310A00C9BBA0 /* Base */ = {isa = PBXFileReference; lastKnownFileType = file.storyboard; name = Base; path = Base.lproj/LaunchScreen.storyboard; sourceTree = "<group>"; };
		9F896B721BA4310A00C9BBA0 /* Info.plist */ = {isa = PBXFileReference; lastKnownFileType = text.plist.xml; path = Info.plist; sourceTree = "<group>"; };
		9F896B781BA4317600C9BBA0 /* PlayersTableViewController.h */ = {isa = PBXFileReference; fileEncoding = 4; lastKnownFileType = sourcecode.c.h; path = PlayersTableViewController.h; sourceTree = "<group>"; };
		9F896B791BA4317600C9BBA0 /* PlayersTableViewController.m */ = {isa = PBXFileReference; fileEncoding = 4; lastKnownFileType = sourcecode.c.objc; path = PlayersTableViewController.m; sourceTree = "<group>"; };
		9F896B7A1BA4317600C9BBA0 /* PlayerTableViewCell.h */ = {isa = PBXFileReference; fileEncoding = 4; lastKnownFileType = sourcecode.c.h; path = PlayerTableViewCell.h; sourceTree = "<group>"; };
		9F896B7B1BA4317600C9BBA0 /* PlayerTableViewCell.m */ = {isa = PBXFileReference; fileEncoding = 4; lastKnownFileType = sourcecode.c.objc; path = PlayerTableViewCell.m; sourceTree = "<group>"; };
/* End PBXFileReference section */

/* Begin PBXFrameworksBuildPhase section */
		9F896B581BA4310A00C9BBA0 /* Frameworks */ = {
			isa = PBXFrameworksBuildPhase;
			buildActionMask = 2147483647;
			files = (
				9F3739291BA4786900E1FE15 /* Meteor.framework in Frameworks */,
			);
			runOnlyForDeploymentPostprocessing = 0;
		};
/* End PBXFrameworksBuildPhase section */

/* Begin PBXGroup section */
		9F896B521BA4310A00C9BBA0 = {
			isa = PBXGroup;
			children = (
				9F896B5D1BA4310A00C9BBA0 /* Leaderboard */,
				9F896B801BA431CD00C9BBA0 /* Frameworks */,
				9F896B5C1BA4310A00C9BBA0 /* Products */,
			);
			sourceTree = "<group>";
		};
		9F896B5C1BA4310A00C9BBA0 /* Products */ = {
			isa = PBXGroup;
			children = (
				9F896B5B1BA4310A00C9BBA0 /* Leaderboard.app */,
			);
			name = Products;
			sourceTree = "<group>";
		};
		9F896B5D1BA4310A00C9BBA0 /* Leaderboard */ = {
			isa = PBXGroup;
			children = (
				9F896B721BA4310A00C9BBA0 /* Info.plist */,
				9F896B611BA4310A00C9BBA0 /* AppDelegate.h */,
				9F896B621BA4310A00C9BBA0 /* AppDelegate.m */,
				9F896B6F1BA4310A00C9BBA0 /* LaunchScreen.storyboard */,
				9F896B671BA4310A00C9BBA0 /* Main.storyboard */,
				9F896B6D1BA4310A00C9BBA0 /* Assets.xcassets */,
				9F896B6A1BA4310A00C9BBA0 /* Leaderboard.xcdatamodeld */,
				9F896B781BA4317600C9BBA0 /* PlayersTableViewController.h */,
				9F896B791BA4317600C9BBA0 /* PlayersTableViewController.m */,
				9F896B7A1BA4317600C9BBA0 /* PlayerTableViewCell.h */,
				9F896B7B1BA4317600C9BBA0 /* PlayerTableViewCell.m */,
				9F896B5E1BA4310A00C9BBA0 /* Supporting Files */,
			);
			path = Leaderboard;
			sourceTree = "<group>";
		};
		9F896B5E1BA4310A00C9BBA0 /* Supporting Files */ = {
			isa = PBXGroup;
			children = (
				9F896B5F1BA4310A00C9BBA0 /* main.m */,
			);
			name = "Supporting Files";
			sourceTree = "<group>";
		};
		9F896B801BA431CD00C9BBA0 /* Frameworks */ = {
			isa = PBXGroup;
			children = (
				9F3739281BA4786900E1FE15 /* Meteor.framework */,
			);
			name = Frameworks;
			sourceTree = "<group>";
		};
/* End PBXGroup section */

/* Begin PBXNativeTarget section */
		9F896B5A1BA4310A00C9BBA0 /* Leaderboard */ = {
			isa = PBXNativeTarget;
			buildConfigurationList = 9F896B751BA4310A00C9BBA0 /* Build configuration list for PBXNativeTarget "Leaderboard" */;
			buildPhases = (
				9F896B571BA4310A00C9BBA0 /* Sources */,
				9F896B581BA4310A00C9BBA0 /* Frameworks */,
				9F896B591BA4310A00C9BBA0 /* Resources */,
				9F896B851BA43F7F00C9BBA0 /* Embed Frameworks */,
			);
			buildRules = (
			);
			dependencies = (
			);
			name = Leaderboard;
			productName = Leaderboard;
			productReference = 9F896B5B1BA4310A00C9BBA0 /* Leaderboard.app */;
			productType = "com.apple.product-type.application";
		};
/* End PBXNativeTarget section */

/* Begin PBXProject section */
		9F896B531BA4310A00C9BBA0 /* Project object */ = {
			isa = PBXProject;
			attributes = {
				LastUpgradeCheck = 0700;
				ORGANIZATIONNAME = Meteor;
				TargetAttributes = {
					9F896B5A1BA4310A00C9BBA0 = {
						CreatedOnToolsVersion = 7.0;
					};
				};
			};
			buildConfigurationList = 9F896B561BA4310A00C9BBA0 /* Build configuration list for PBXProject "Leaderboard" */;
			compatibilityVersion = "Xcode 3.2";
			developmentRegion = English;
			hasScannedForEncodings = 0;
			knownRegions = (
				en,
				Base,
			);
			mainGroup = 9F896B521BA4310A00C9BBA0;
			productRefGroup = 9F896B5C1BA4310A00C9BBA0 /* Products */;
			projectDirPath = "";
			projectRoot = "";
			targets = (
				9F896B5A1BA4310A00C9BBA0 /* Leaderboard */,
			);
		};
/* End PBXProject section */

/* Begin PBXResourcesBuildPhase section */
		9F896B591BA4310A00C9BBA0 /* Resources */ = {
			isa = PBXResourcesBuildPhase;
			buildActionMask = 2147483647;
			files = (
				9F896B711BA4310A00C9BBA0 /* LaunchScreen.storyboard in Resources */,
				9F896B6E1BA4310A00C9BBA0 /* Assets.xcassets in Resources */,
				9F896B691BA4310A00C9BBA0 /* Main.storyboard in Resources */,
			);
			runOnlyForDeploymentPostprocessing = 0;
		};
/* End PBXResourcesBuildPhase section */

/* Begin PBXSourcesBuildPhase section */
		9F896B571BA4310A00C9BBA0 /* Sources */ = {
			isa = PBXSourcesBuildPhase;
			buildActionMask = 2147483647;
			files = (
				9F896B6C1BA4310A00C9BBA0 /* Leaderboard.xcdatamodeld in Sources */,
				9F896B631BA4310A00C9BBA0 /* AppDelegate.m in Sources */,
				9F896B7C1BA4317600C9BBA0 /* PlayersTableViewController.m in Sources */,
				9F896B601BA4310A00C9BBA0 /* main.m in Sources */,
				9F896B7D1BA4317600C9BBA0 /* PlayerTableViewCell.m in Sources */,
			);
			runOnlyForDeploymentPostprocessing = 0;
		};
/* End PBXSourcesBuildPhase section */

/* Begin PBXVariantGroup section */
		9F896B671BA4310A00C9BBA0 /* Main.storyboard */ = {
			isa = PBXVariantGroup;
			children = (
				9F896B681BA4310A00C9BBA0 /* Base */,
			);
			name = Main.storyboard;
			sourceTree = "<group>";
		};
		9F896B6F1BA4310A00C9BBA0 /* LaunchScreen.storyboard */ = {
			isa = PBXVariantGroup;
			children = (
				9F896B701BA4310A00C9BBA0 /* Base */,
			);
			name = LaunchScreen.storyboard;
			sourceTree = "<group>";
		};
/* End PBXVariantGroup section */

/* Begin XCBuildConfiguration section */
		9F896B731BA4310A00C9BBA0 /* Debug */ = {
			isa = XCBuildConfiguration;
			buildSettings = {
				ALWAYS_SEARCH_USER_PATHS = NO;
				CLANG_CXX_LANGUAGE_STANDARD = "gnu++0x";
				CLANG_CXX_LIBRARY = "libc++";
				CLANG_ENABLE_MODULES = YES;
				CLANG_ENABLE_OBJC_ARC = YES;
				CLANG_WARN_BOOL_CONVERSION = YES;
				CLANG_WARN_CONSTANT_CONVERSION = YES;
				CLANG_WARN_DIRECT_OBJC_ISA_USAGE = YES_ERROR;
				CLANG_WARN_EMPTY_BODY = YES;
				CLANG_WARN_ENUM_CONVERSION = YES;
				CLANG_WARN_INT_CONVERSION = YES;
				CLANG_WARN_OBJC_ROOT_CLASS = YES_ERROR;
				CLANG_WARN_UNREACHABLE_CODE = YES;
				CLANG_WARN__DUPLICATE_METHOD_MATCH = YES;
				"CODE_SIGN_IDENTITY[sdk=iphoneos*]" = "iPhone Developer";
				COPY_PHASE_STRIP = NO;
				DEBUG_INFORMATION_FORMAT = dwarf;
				ENABLE_STRICT_OBJC_MSGSEND = YES;
				ENABLE_TESTABILITY = YES;
				GCC_C_LANGUAGE_STANDARD = gnu99;
				GCC_DYNAMIC_NO_PIC = NO;
				GCC_NO_COMMON_BLOCKS = YES;
				GCC_OPTIMIZATION_LEVEL = 0;
				GCC_PREPROCESSOR_DEFINITIONS = (
					"DEBUG=1",
					"$(inherited)",
				);
				GCC_WARN_64_TO_32_BIT_CONVERSION = YES;
				GCC_WARN_ABOUT_RETURN_TYPE = YES_ERROR;
				GCC_WARN_UNDECLARED_SELECTOR = YES;
				GCC_WARN_UNINITIALIZED_AUTOS = YES_AGGRESSIVE;
				GCC_WARN_UNUSED_FUNCTION = YES;
				GCC_WARN_UNUSED_VARIABLE = YES;
				IPHONEOS_DEPLOYMENT_TARGET = 9.0;
				MTL_ENABLE_DEBUG_INFO = YES;
				ONLY_ACTIVE_ARCH = YES;
				SDKROOT = iphoneos;
				TARGETED_DEVICE_FAMILY = "1,2";
			};
			name = Debug;
		};
		9F896B741BA4310A00C9BBA0 /* Release */ = {
			isa = XCBuildConfiguration;
			buildSettings = {
				ALWAYS_SEARCH_USER_PATHS = NO;
				CLANG_CXX_LANGUAGE_STANDARD = "gnu++0x";
				CLANG_CXX_LIBRARY = "libc++";
				CLANG_ENABLE_MODULES = YES;
				CLANG_ENABLE_OBJC_ARC = YES;
				CLANG_WARN_BOOL_CONVERSION = YES;
				CLANG_WARN_CONSTANT_CONVERSION = YES;
				CLANG_WARN_DIRECT_OBJC_ISA_USAGE = YES_ERROR;
				CLANG_WARN_EMPTY_BODY = YES;
				CLANG_WARN_ENUM_CONVERSION = YES;
				CLANG_WARN_INT_CONVERSION = YES;
				CLANG_WARN_OBJC_ROOT_CLASS = YES_ERROR;
				CLANG_WARN_UNREACHABLE_CODE = YES;
				CLANG_WARN__DUPLICATE_METHOD_MATCH = YES;
				"CODE_SIGN_IDENTITY[sdk=iphoneos*]" = "iPhone Developer";
				COPY_PHASE_STRIP = NO;
				DEBUG_INFORMATION_FORMAT = "dwarf-with-dsym";
				ENABLE_NS_ASSERTIONS = NO;
				ENABLE_STRICT_OBJC_MSGSEND = YES;
				GCC_C_LANGUAGE_STANDARD = gnu99;
				GCC_NO_COMMON_BLOCKS = YES;
				GCC_WARN_64_TO_32_BIT_CONVERSION = YES;
				GCC_WARN_ABOUT_RETURN_TYPE = YES_ERROR;
				GCC_WARN_UNDECLARED_SELECTOR = YES;
				GCC_WARN_UNINITIALIZED_AUTOS = YES_AGGRESSIVE;
				GCC_WARN_UNUSED_FUNCTION = YES;
				GCC_WARN_UNUSED_VARIABLE = YES;
				IPHONEOS_DEPLOYMENT_TARGET = 9.0;
				MTL_ENABLE_DEBUG_INFO = NO;
				SDKROOT = iphoneos;
				TARGETED_DEVICE_FAMILY = "1,2";
				VALIDATE_PRODUCT = YES;
			};
			name = Release;
		};
		9F896B761BA4310A00C9BBA0 /* Debug */ = {
			isa = XCBuildConfiguration;
			buildSettings = {
				ASSETCATALOG_COMPILER_APPICON_NAME = AppIcon;
				INFOPLIST_FILE = Leaderboard/Info.plist;
				IPHONEOS_DEPLOYMENT_TARGET = 8.0;
				LD_RUNPATH_SEARCH_PATHS = "$(inherited) @executable_path/Frameworks";
				PRODUCT_BUNDLE_IDENTIFIER = com.meteor.examples.Leaderboard;
				PRODUCT_NAME = "$(TARGET_NAME)";
			};
			name = Debug;
		};
		9F896B771BA4310A00C9BBA0 /* Release */ = {
			isa = XCBuildConfiguration;
			buildSettings = {
				ASSETCATALOG_COMPILER_APPICON_NAME = AppIcon;
				INFOPLIST_FILE = Leaderboard/Info.plist;
				IPHONEOS_DEPLOYMENT_TARGET = 8.0;
				LD_RUNPATH_SEARCH_PATHS = "$(inherited) @executable_path/Frameworks";
				PRODUCT_BUNDLE_IDENTIFIER = com.meteor.examples.Leaderboard;
				PRODUCT_NAME = "$(TARGET_NAME)";
			};
			name = Release;
		};
/* End XCBuildConfiguration section */

/* Begin XCConfigurationList section */
		9F896B561BA4310A00C9BBA0 /* Build configuration list for PBXProject "Leaderboard" */ = {
			isa = XCConfigurationList;
			buildConfigurations = (
				9F896B731BA4310A00C9BBA0 /* Debug */,
				9F896B741BA4310A00C9BBA0 /* Release */,
			);
			defaultConfigurationIsVisible = 0;
			defaultConfigurationName = Release;
		};
		9F896B751BA4310A00C9BBA0 /* Build configuration list for PBXNativeTarget "Leaderboard" */ = {
			isa = XCConfigurationList;
			buildConfigurations = (
				9F896B761BA4310A00C9BBA0 /* Debug */,
				9F896B771BA4310A00C9BBA0 /* Release */,
			);
			defaultConfigurationIsVisible = 0;
			defaultConfigurationName = Release;
		};
/* End XCConfigurationList section */

/* Begin XCVersionGroup section */
		9F896B6A1BA4310A00C9BBA0 /* Leaderboard.xcdatamodeld */ = {
			isa = XCVersionGroup;
			children = (
				9F896B6B1BA4310A00C9BBA0 /* Leaderboard.xcdatamodel */,
			);
			currentVersion = 9F896B6B1BA4310A00C9BBA0 /* Leaderboard.xcdatamodel */;
			path = Leaderboard.xcdatamodeld;
			sourceTree = "<group>";
			versionGroupType = wrapper.xcdatamodel;
		};
/* End XCVersionGroup section */
	};
	rootObject = 9F896B531BA4310A00C9BBA0 /* Project object */;
}
