// !$*UTF8*$!
{
	archiveVersion = 1;
	classes = {
	};
	objectVersion = 46;
	objects = {

/* Begin PBXBuildFile section */
		9F3B25771B2C8C2600F0E2FA /* Meteor.framework in Frameworks */ = {isa = PBXBuildFile; fileRef = 9F3B25761B2C8C2600F0E2FA /* Meteor.framework */; };
		9F3B25781B2C8C2600F0E2FA /* Meteor.framework in CopyFiles */ = {isa = PBXBuildFile; fileRef = 9F3B25761B2C8C2600F0E2FA /* Meteor.framework */; settings = {ATTRIBUTES = (CodeSignOnCopy, RemoveHeadersOnCopy, ); }; };
		9FFE6C661A51D4C9008C1B11 /* main.m in Sources */ = {isa = PBXBuildFile; fileRef = 9FFE6C651A51D4C9008C1B11 /* main.m */; };
		9FFE6C741A51D4C9008C1B11 /* Images.xcassets in Resources */ = {isa = PBXBuildFile; fileRef = 9FFE6C731A51D4C9008C1B11 /* Images.xcassets */; };
		9FFE6C771A51D4C9008C1B11 /* LaunchScreen.xib in Resources */ = {isa = PBXBuildFile; fileRef = 9FFE6C751A51D4C9008C1B11 /* LaunchScreen.xib */; };
		9FFE6C951A51D550008C1B11 /* Leaderboard.xcdatamodeld in Sources */ = {isa = PBXBuildFile; fileRef = 9FFE6C8C1A51D550008C1B11 /* Leaderboard.xcdatamodeld */; };
		9FFE6C961A51D550008C1B11 /* Main.storyboard in Resources */ = {isa = PBXBuildFile; fileRef = 9FFE6C8E1A51D550008C1B11 /* Main.storyboard */; };
		9FFE6C971A51D550008C1B11 /* AppDelegate.m in Sources */ = {isa = PBXBuildFile; fileRef = 9FFE6C901A51D550008C1B11 /* AppDelegate.m */; };
		9FFE6C981A51D550008C1B11 /* PlayersTableViewController.m in Sources */ = {isa = PBXBuildFile; fileRef = 9FFE6C921A51D550008C1B11 /* PlayersTableViewController.m */; };
		9FFE6C991A51D550008C1B11 /* PlayerTableViewCell.m in Sources */ = {isa = PBXBuildFile; fileRef = 9FFE6C941A51D550008C1B11 /* PlayerTableViewCell.m */; };
/* End PBXBuildFile section */

/* Begin PBXCopyFilesBuildPhase section */
		7CBF1A971B19030200967AEE /* CopyFiles */ = {
			isa = PBXCopyFilesBuildPhase;
			buildActionMask = 2147483647;
			dstPath = "";
			dstSubfolderSpec = 10;
			files = (
				9F3B25781B2C8C2600F0E2FA /* Meteor.framework in CopyFiles */,
			);
			runOnlyForDeploymentPostprocessing = 0;
		};
/* End PBXCopyFilesBuildPhase section */

/* Begin PBXFileReference section */
		9F3B25761B2C8C2600F0E2FA /* Meteor.framework */ = {isa = PBXFileReference; explicitFileType = wrapper.framework; name = Meteor.framework; path = "/Users/martijnwalraven/Library/Developer/Xcode/DerivedData/Meteor-camtfjeimyleqjfaxdzkjwdbqoyr/Build/Products/Debug-iphoneos/Meteor.framework"; sourceTree = "<absolute>"; };
		9FFE6C601A51D4C9008C1B11 /* Leaderboard.app */ = {isa = PBXFileReference; explicitFileType = wrapper.application; includeInIndex = 0; path = Leaderboard.app; sourceTree = BUILT_PRODUCTS_DIR; };
		9FFE6C641A51D4C9008C1B11 /* Info.plist */ = {isa = PBXFileReference; lastKnownFileType = text.plist.xml; path = Info.plist; sourceTree = "<group>"; };
		9FFE6C651A51D4C9008C1B11 /* main.m */ = {isa = PBXFileReference; lastKnownFileType = sourcecode.c.objc; path = main.m; sourceTree = "<group>"; };
		9FFE6C731A51D4C9008C1B11 /* Images.xcassets */ = {isa = PBXFileReference; lastKnownFileType = folder.assetcatalog; path = Images.xcassets; sourceTree = "<group>"; };
		9FFE6C761A51D4C9008C1B11 /* Base */ = {isa = PBXFileReference; lastKnownFileType = file.xib; name = Base; path = Base.lproj/LaunchScreen.xib; sourceTree = "<group>"; };
		9FFE6C8D1A51D550008C1B11 /* Leaderboard.xcdatamodel */ = {isa = PBXFileReference; lastKnownFileType = wrapper.xcdatamodel; path = Leaderboard.xcdatamodel; sourceTree = "<group>"; };
		9FFE6C8E1A51D550008C1B11 /* Main.storyboard */ = {isa = PBXFileReference; fileEncoding = 4; lastKnownFileType = file.storyboard; path = Main.storyboard; sourceTree = "<group>"; };
		9FFE6C8F1A51D550008C1B11 /* AppDelegate.h */ = {isa = PBXFileReference; fileEncoding = 4; lastKnownFileType = sourcecode.c.h; path = AppDelegate.h; sourceTree = "<group>"; };
		9FFE6C901A51D550008C1B11 /* AppDelegate.m */ = {isa = PBXFileReference; fileEncoding = 4; lastKnownFileType = sourcecode.c.objc; path = AppDelegate.m; sourceTree = "<group>"; };
		9FFE6C911A51D550008C1B11 /* PlayersTableViewController.h */ = {isa = PBXFileReference; fileEncoding = 4; lastKnownFileType = sourcecode.c.h; path = PlayersTableViewController.h; sourceTree = "<group>"; };
		9FFE6C921A51D550008C1B11 /* PlayersTableViewController.m */ = {isa = PBXFileReference; fileEncoding = 4; lastKnownFileType = sourcecode.c.objc; path = PlayersTableViewController.m; sourceTree = "<group>"; };
		9FFE6C931A51D550008C1B11 /* PlayerTableViewCell.h */ = {isa = PBXFileReference; fileEncoding = 4; lastKnownFileType = sourcecode.c.h; path = PlayerTableViewCell.h; sourceTree = "<group>"; };
		9FFE6C941A51D550008C1B11 /* PlayerTableViewCell.m */ = {isa = PBXFileReference; fileEncoding = 4; lastKnownFileType = sourcecode.c.objc; path = PlayerTableViewCell.m; sourceTree = "<group>"; };
/* End PBXFileReference section */

/* Begin PBXFrameworksBuildPhase section */
		9FFE6C5D1A51D4C9008C1B11 /* Frameworks */ = {
			isa = PBXFrameworksBuildPhase;
			buildActionMask = 2147483647;
			files = (
				9F3B25771B2C8C2600F0E2FA /* Meteor.framework in Frameworks */,
			);
			runOnlyForDeploymentPostprocessing = 0;
		};
/* End PBXFrameworksBuildPhase section */

/* Begin PBXGroup section */
		6D78A33710AC34B40BF6342A /* Frameworks */ = {
			isa = PBXGroup;
			children = (
				9F3B25761B2C8C2600F0E2FA /* Meteor.framework */,
			);
			name = Frameworks;
			sourceTree = "<group>";
		};
		9FFE6C571A51D4C9008C1B11 = {
			isa = PBXGroup;
			children = (
				9FFE6C621A51D4C9008C1B11 /* Leaderboard */,
				9FFE6C611A51D4C9008C1B11 /* Products */,
				6D78A33710AC34B40BF6342A /* Frameworks */,
			);
			sourceTree = "<group>";
		};
		9FFE6C611A51D4C9008C1B11 /* Products */ = {
			isa = PBXGroup;
			children = (
				9FFE6C601A51D4C9008C1B11 /* Leaderboard.app */,
			);
			name = Products;
			sourceTree = "<group>";
		};
		9FFE6C621A51D4C9008C1B11 /* Leaderboard */ = {
			isa = PBXGroup;
			children = (
				9FFE6C8F1A51D550008C1B11 /* AppDelegate.h */,
				9FFE6C901A51D550008C1B11 /* AppDelegate.m */,
				9FFE6C911A51D550008C1B11 /* PlayersTableViewController.h */,
				9FFE6C921A51D550008C1B11 /* PlayersTableViewController.m */,
				9FFE6C931A51D550008C1B11 /* PlayerTableViewCell.h */,
				9FFE6C941A51D550008C1B11 /* PlayerTableViewCell.m */,
				9FFE6C731A51D4C9008C1B11 /* Images.xcassets */,
				9FFE6C8E1A51D550008C1B11 /* Main.storyboard */,
				9FFE6C751A51D4C9008C1B11 /* LaunchScreen.xib */,
				9FFE6C8C1A51D550008C1B11 /* Leaderboard.xcdatamodeld */,
				9FFE6C631A51D4C9008C1B11 /* Supporting Files */,
			);
			path = Leaderboard;
			sourceTree = "<group>";
		};
		9FFE6C631A51D4C9008C1B11 /* Supporting Files */ = {
			isa = PBXGroup;
			children = (
				9FFE6C641A51D4C9008C1B11 /* Info.plist */,
				9FFE6C651A51D4C9008C1B11 /* main.m */,
			);
			name = "Supporting Files";
			sourceTree = "<group>";
		};
/* End PBXGroup section */

/* Begin PBXNativeTarget section */
		9FFE6C5F1A51D4C9008C1B11 /* Leaderboard */ = {
			isa = PBXNativeTarget;
			buildConfigurationList = 9FFE6C861A51D4C9008C1B11 /* Build configuration list for PBXNativeTarget "Leaderboard" */;
			buildPhases = (
				9FFE6C5C1A51D4C9008C1B11 /* Sources */,
				9FFE6C5D1A51D4C9008C1B11 /* Frameworks */,
				9FFE6C5E1A51D4C9008C1B11 /* Resources */,
				7CBF1A971B19030200967AEE /* CopyFiles */,
			);
			buildRules = (
			);
			dependencies = (
			);
			name = Leaderboard;
			productName = Leaderboard;
			productReference = 9FFE6C601A51D4C9008C1B11 /* Leaderboard.app */;
			productType = "com.apple.product-type.application";
		};
/* End PBXNativeTarget section */

/* Begin PBXProject section */
		9FFE6C581A51D4C9008C1B11 /* Project object */ = {
			isa = PBXProject;
			attributes = {
				LastUpgradeCheck = 0610;
				ORGANIZATIONNAME = "Martijn Walraven";
				TargetAttributes = {
					9FFE6C5F1A51D4C9008C1B11 = {
						CreatedOnToolsVersion = 6.1.1;
					};
				};
			};
			buildConfigurationList = 9FFE6C5B1A51D4C9008C1B11 /* Build configuration list for PBXProject "Leaderboard" */;
			compatibilityVersion = "Xcode 3.2";
			developmentRegion = English;
			hasScannedForEncodings = 0;
			knownRegions = (
				en,
				Base,
			);
			mainGroup = 9FFE6C571A51D4C9008C1B11;
			productRefGroup = 9FFE6C611A51D4C9008C1B11 /* Products */;
			projectDirPath = "";
			projectRoot = "";
			targets = (
				9FFE6C5F1A51D4C9008C1B11 /* Leaderboard */,
			);
		};
/* End PBXProject section */

/* Begin PBXResourcesBuildPhase section */
		9FFE6C5E1A51D4C9008C1B11 /* Resources */ = {
			isa = PBXResourcesBuildPhase;
			buildActionMask = 2147483647;
			files = (
				9FFE6C961A51D550008C1B11 /* Main.storyboard in Resources */,
				9FFE6C771A51D4C9008C1B11 /* LaunchScreen.xib in Resources */,
				9FFE6C741A51D4C9008C1B11 /* Images.xcassets in Resources */,
			);
			runOnlyForDeploymentPostprocessing = 0;
		};
/* End PBXResourcesBuildPhase section */

/* Begin PBXSourcesBuildPhase section */
		9FFE6C5C1A51D4C9008C1B11 /* Sources */ = {
			isa = PBXSourcesBuildPhase;
			buildActionMask = 2147483647;
			files = (
				9FFE6C661A51D4C9008C1B11 /* main.m in Sources */,
				9FFE6C951A51D550008C1B11 /* Leaderboard.xcdatamodeld in Sources */,
				9FFE6C981A51D550008C1B11 /* PlayersTableViewController.m in Sources */,
				9FFE6C971A51D550008C1B11 /* AppDelegate.m in Sources */,
				9FFE6C991A51D550008C1B11 /* PlayerTableViewCell.m in Sources */,
			);
			runOnlyForDeploymentPostprocessing = 0;
		};
/* End PBXSourcesBuildPhase section */

/* Begin PBXVariantGroup section */
		9FFE6C751A51D4C9008C1B11 /* LaunchScreen.xib */ = {
			isa = PBXVariantGroup;
			children = (
				9FFE6C761A51D4C9008C1B11 /* Base */,
			);
			name = LaunchScreen.xib;
			sourceTree = "<group>";
		};
/* End PBXVariantGroup section */

/* Begin XCBuildConfiguration section */
		9FFE6C841A51D4C9008C1B11 /* Debug */ = {
			isa = XCBuildConfiguration;
			buildSettings = {
				ALWAYS_SEARCH_USER_PATHS = NO;
				CLANG_CXX_LANGUAGE_STANDARD = "gnu++0x";
				CLANG_CXX_LIBRARY = "libc++";
				CLANG_ENABLE_MODULES = YES;
				CLANG_ENABLE_OBJC_ARC = YES;
				CLANG_WARN_BOOL_CONVERSION = YES;
				CLANG_WARN_CONSTANT_CONVERSION = YES;
				CLANG_WARN_DIRECT_OBJC_ISA_USAGE = YES_ERROR;
				CLANG_WARN_EMPTY_BODY = YES;
				CLANG_WARN_ENUM_CONVERSION = YES;
				CLANG_WARN_INT_CONVERSION = YES;
				CLANG_WARN_OBJC_ROOT_CLASS = YES_ERROR;
				CLANG_WARN_UNREACHABLE_CODE = YES;
				CLANG_WARN__DUPLICATE_METHOD_MATCH = YES;
				"CODE_SIGN_IDENTITY[sdk=iphoneos*]" = "iPhone Developer";
				COPY_PHASE_STRIP = NO;
				ENABLE_STRICT_OBJC_MSGSEND = YES;
				GCC_C_LANGUAGE_STANDARD = gnu99;
				GCC_DYNAMIC_NO_PIC = NO;
				GCC_OPTIMIZATION_LEVEL = 0;
				GCC_PREPROCESSOR_DEFINITIONS = (
					"DEBUG=1",
					"$(inherited)",
				);
				GCC_SYMBOLS_PRIVATE_EXTERN = NO;
				GCC_WARN_64_TO_32_BIT_CONVERSION = YES;
				GCC_WARN_ABOUT_RETURN_TYPE = YES_ERROR;
				GCC_WARN_UNDECLARED_SELECTOR = YES;
				GCC_WARN_UNINITIALIZED_AUTOS = YES_AGGRESSIVE;
				GCC_WARN_UNUSED_FUNCTION = YES;
				GCC_WARN_UNUSED_VARIABLE = YES;
				IPHONEOS_DEPLOYMENT_TARGET = 7.0;
				MTL_ENABLE_DEBUG_INFO = YES;
				ONLY_ACTIVE_ARCH = YES;
				SDKROOT = iphoneos;
				TARGETED_DEVICE_FAMILY = "1,2";
			};
			name = Debug;
		};
		9FFE6C851A51D4C9008C1B11 /* Release */ = {
			isa = XCBuildConfiguration;
			buildSettings = {
				ALWAYS_SEARCH_USER_PATHS = NO;
				CLANG_CXX_LANGUAGE_STANDARD = "gnu++0x";
				CLANG_CXX_LIBRARY = "libc++";
				CLANG_ENABLE_MODULES = YES;
				CLANG_ENABLE_OBJC_ARC = YES;
				CLANG_WARN_BOOL_CONVERSION = YES;
				CLANG_WARN_CONSTANT_CONVERSION = YES;
				CLANG_WARN_DIRECT_OBJC_ISA_USAGE = YES_ERROR;
				CLANG_WARN_EMPTY_BODY = YES;
				CLANG_WARN_ENUM_CONVERSION = YES;
				CLANG_WARN_INT_CONVERSION = YES;
				CLANG_WARN_OBJC_ROOT_CLASS = YES_ERROR;
				CLANG_WARN_UNREACHABLE_CODE = YES;
				CLANG_WARN__DUPLICATE_METHOD_MATCH = YES;
				"CODE_SIGN_IDENTITY[sdk=iphoneos*]" = "iPhone Developer";
				COPY_PHASE_STRIP = YES;
				ENABLE_NS_ASSERTIONS = NO;
				ENABLE_STRICT_OBJC_MSGSEND = YES;
				GCC_C_LANGUAGE_STANDARD = gnu99;
				GCC_WARN_64_TO_32_BIT_CONVERSION = YES;
				GCC_WARN_ABOUT_RETURN_TYPE = YES_ERROR;
				GCC_WARN_UNDECLARED_SELECTOR = YES;
				GCC_WARN_UNINITIALIZED_AUTOS = YES_AGGRESSIVE;
				GCC_WARN_UNUSED_FUNCTION = YES;
				GCC_WARN_UNUSED_VARIABLE = YES;
				IPHONEOS_DEPLOYMENT_TARGET = 7.0;
				MTL_ENABLE_DEBUG_INFO = NO;
				SDKROOT = iphoneos;
				TARGETED_DEVICE_FAMILY = "1,2";
				VALIDATE_PRODUCT = YES;
			};
			name = Release;
		};
		9FFE6C871A51D4C9008C1B11 /* Debug */ = {
			isa = XCBuildConfiguration;
			buildSettings = {
				ASSETCATALOG_COMPILER_APPICON_NAME = AppIcon;
				FRAMEWORK_SEARCH_PATHS = (
					"$(inherited)",
					"$(USER_LIBRARY_DIR)/Developer/Xcode/DerivedData/Meteor-camtfjeimyleqjfaxdzkjwdbqoyr/Build/Products/Debug-iphoneos",
				);
				INFOPLIST_FILE = Leaderboard/Info.plist;
				LD_RUNPATH_SEARCH_PATHS = "$(inherited) @executable_path/Frameworks";
				PRODUCT_NAME = "$(TARGET_NAME)";
			};
			name = Debug;
		};
		9FFE6C881A51D4C9008C1B11 /* Release */ = {
			isa = XCBuildConfiguration;
			buildSettings = {
				ASSETCATALOG_COMPILER_APPICON_NAME = AppIcon;
				FRAMEWORK_SEARCH_PATHS = (
					"$(inherited)",
					"$(USER_LIBRARY_DIR)/Developer/Xcode/DerivedData/Meteor-camtfjeimyleqjfaxdzkjwdbqoyr/Build/Products/Debug-iphoneos",
				);
				INFOPLIST_FILE = Leaderboard/Info.plist;
				LD_RUNPATH_SEARCH_PATHS = "$(inherited) @executable_path/Frameworks";
				PRODUCT_NAME = "$(TARGET_NAME)";
			};
			name = Release;
		};
/* End XCBuildConfiguration section */

/* Begin XCConfigurationList section */
		9FFE6C5B1A51D4C9008C1B11 /* Build configuration list for PBXProject "Leaderboard" */ = {
			isa = XCConfigurationList;
			buildConfigurations = (
				9FFE6C841A51D4C9008C1B11 /* Debug */,
				9FFE6C851A51D4C9008C1B11 /* Release */,
			);
			defaultConfigurationIsVisible = 0;
			defaultConfigurationName = Release;
		};
		9FFE6C861A51D4C9008C1B11 /* Build configuration list for PBXNativeTarget "Leaderboard" */ = {
			isa = XCConfigurationList;
			buildConfigurations = (
				9FFE6C871A51D4C9008C1B11 /* Debug */,
				9FFE6C881A51D4C9008C1B11 /* Release */,
			);
			defaultConfigurationIsVisible = 0;
			defaultConfigurationName = Release;
		};
/* End XCConfigurationList section */

/* Begin XCVersionGroup section */
		9FFE6C8C1A51D550008C1B11 /* Leaderboard.xcdatamodeld */ = {
			isa = XCVersionGroup;
			children = (
				9FFE6C8D1A51D550008C1B11 /* Leaderboard.xcdatamodel */,
			);
			currentVersion = 9FFE6C8D1A51D550008C1B11 /* Leaderboard.xcdatamodel */;
			path = Leaderboard.xcdatamodeld;
			sourceTree = "<group>";
			versionGroupType = wrapper.xcdatamodel;
		};
/* End XCVersionGroup section */
	};
	rootObject = 9FFE6C581A51D4C9008C1B11 /* Project object */;
}
